// !$*UTF8*$!
{
	archiveVersion = 1;
	classes = {
	};
	objectVersion = 46;
	objects = {

/* Begin PBXBuildFile section */
		A4C00AC2145E0F6C00B4357E /* UIKit.framework in Frameworks */ = {isa = PBXBuildFile; fileRef = A4C00AC1145E0F6C00B4357E /* UIKit.framework */; };
		A4C00AC4145E0F6C00B4357E /* Foundation.framework in Frameworks */ = {isa = PBXBuildFile; fileRef = A4C00AC3145E0F6C00B4357E /* Foundation.framework */; };
		A4C00AC6145E0F6C00B4357E /* CoreGraphics.framework in Frameworks */ = {isa = PBXBuildFile; fileRef = A4C00AC5145E0F6C00B4357E /* CoreGraphics.framework */; };
		A4C00ACC145E0F6C00B4357E /* InfoPlist.strings in Resources */ = {isa = PBXBuildFile; fileRef = A4C00ACA145E0F6C00B4357E /* InfoPlist.strings */; };
		A4C00ACE145E0F6C00B4357E /* main.m in Sources */ = {isa = PBXBuildFile; fileRef = A4C00ACD145E0F6C00B4357E /* main.m */; };
		A4C00AD2145E0F6C00B4357E /* AppDelegate.m in Sources */ = {isa = PBXBuildFile; fileRef = A4C00AD1145E0F6C00B4357E /* AppDelegate.m */; };
		A4C00AD5145E0F6C00B4357E /* ViewController.m in Sources */ = {isa = PBXBuildFile; fileRef = A4C00AD4145E0F6C00B4357E /* ViewController.m */; };
		A4C00AD8145E0F6C00B4357E /* ViewController.xib in Resources */ = {isa = PBXBuildFile; fileRef = A4C00AD6145E0F6C00B4357E /* ViewController.xib */; };
		A4C00ADF145E117300B4357E /* QuartzCore.framework in Frameworks */ = {isa = PBXBuildFile; fileRef = A4C00ADE145E117300B4357E /* QuartzCore.framework */; };
/* End PBXBuildFile section */

/* Begin PBXFileReference section */
		A4C00ABD145E0F6C00B4357E /* p420p430gestureRecognizerDelegate.app */ = {isa = PBXFileReference; explicitFileType = wrapper.application; includeInIndex = 0; path = p420p430gestureRecognizerDelegate.app; sourceTree = BUILT_PRODUCTS_DIR; };
		A4C00AC1145E0F6C00B4357E /* UIKit.framework */ = {isa = PBXFileReference; lastKnownFileType = wrapper.framework; name = UIKit.framework; path = System/Library/Frameworks/UIKit.framework; sourceTree = SDKROOT; };
		A4C00AC3145E0F6C00B4357E /* Foundation.framework */ = {isa = PBXFileReference; lastKnownFileType = wrapper.framework; name = Foundation.framework; path = System/Library/Frameworks/Foundation.framework; sourceTree = SDKROOT; };
		A4C00AC5145E0F6C00B4357E /* CoreGraphics.framework */ = {isa = PBXFileReference; lastKnownFileType = wrapper.framework; name = CoreGraphics.framework; path = System/Library/Frameworks/CoreGraphics.framework; sourceTree = SDKROOT; };
		A4C00AC9145E0F6C00B4357E /* p420p430gestureRecognizerDelegate-Info.plist */ = {isa = PBXFileReference; lastKnownFileType = text.plist.xml; path = "p420p430gestureRecognizerDelegate-Info.plist"; sourceTree = "<group>"; };
		A4C00ACB145E0F6C00B4357E /* en */ = {isa = PBXFileReference; lastKnownFileType = text.plist.strings; name = en; path = en.lproj/InfoPlist.strings; sourceTree = "<group>"; };
		A4C00ACD145E0F6C00B4357E /* main.m */ = {isa = PBXFileReference; lastKnownFileType = sourcecode.c.objc; path = main.m; sourceTree = "<group>"; };
		A4C00ACF145E0F6C00B4357E /* p420p430gestureRecognizerDelegate-Prefix.pch */ = {isa = PBXFileReference; lastKnownFileType = sourcecode.c.h; path = "p420p430gestureRecognizerDelegate-Prefix.pch"; sourceTree = "<group>"; };
		A4C00AD0145E0F6C00B4357E /* AppDelegate.h */ = {isa = PBXFileReference; lastKnownFileType = sourcecode.c.h; path = AppDelegate.h; sourceTree = "<group>"; };
		A4C00AD1145E0F6C00B4357E /* AppDelegate.m */ = {isa = PBXFileReference; lastKnownFileType = sourcecode.c.objc; path = AppDelegate.m; sourceTree = "<group>"; };
		A4C00AD3145E0F6C00B4357E /* ViewController.h */ = {isa = PBXFileReference; lastKnownFileType = sourcecode.c.h; path = ViewController.h; sourceTree = "<group>"; };
		A4C00AD4145E0F6C00B4357E /* ViewController.m */ = {isa = PBXFileReference; lastKnownFileType = sourcecode.c.objc; path = ViewController.m; sourceTree = "<group>"; };
		A4C00AD7145E0F6C00B4357E /* en */ = {isa = PBXFileReference; lastKnownFileType = file.xib; name = en; path = en.lproj/ViewController.xib; sourceTree = "<group>"; };
		A4C00ADE145E117300B4357E /* QuartzCore.framework */ = {isa = PBXFileReference; lastKnownFileType = wrapper.framework; name = QuartzCore.framework; path = System/Library/Frameworks/QuartzCore.framework; sourceTree = SDKROOT; };
/* End PBXFileReference section */

/* Begin PBXFrameworksBuildPhase section */
		A4C00ABA145E0F6C00B4357E /* Frameworks */ = {
			isa = PBXFrameworksBuildPhase;
			buildActionMask = 2147483647;
			files = (
				A4C00ADF145E117300B4357E /* QuartzCore.framework in Frameworks */,
				A4C00AC2145E0F6C00B4357E /* UIKit.framework in Frameworks */,
				A4C00AC4145E0F6C00B4357E /* Foundation.framework in Frameworks */,
				A4C00AC6145E0F6C00B4357E /* CoreGraphics.framework in Frameworks */,
			);
			runOnlyForDeploymentPostprocessing = 0;
		};
/* End PBXFrameworksBuildPhase section */

/* Begin PBXGroup section */
		A4C00AB2145E0F6C00B4357E = {
			isa = PBXGroup;
			children = (
				A4C00AC7145E0F6C00B4357E /* p420p430gestureRecognizerDelegate */,
				A4C00AC0145E0F6C00B4357E /* Frameworks */,
				A4C00ABE145E0F6C00B4357E /* Products */,
			);
			sourceTree = "<group>";
		};
		A4C00ABE145E0F6C00B4357E /* Products */ = {
			isa = PBXGroup;
			children = (
				A4C00ABD145E0F6C00B4357E /* p420p430gestureRecognizerDelegate.app */,
			);
			name = Products;
			sourceTree = "<group>";
		};
		A4C00AC0145E0F6C00B4357E /* Frameworks */ = {
			isa = PBXGroup;
			children = (
				A4C00ADE145E117300B4357E /* QuartzCore.framework */,
				A4C00AC1145E0F6C00B4357E /* UIKit.framework */,
				A4C00AC3145E0F6C00B4357E /* Foundation.framework */,
				A4C00AC5145E0F6C00B4357E /* CoreGraphics.framework */,
			);
			name = Frameworks;
			sourceTree = "<group>";
		};
		A4C00AC7145E0F6C00B4357E /* p420p430gestureRecognizerDelegate */ = {
			isa = PBXGroup;
			children = (
				A4C00AD0145E0F6C00B4357E /* AppDelegate.h */,
				A4C00AD1145E0F6C00B4357E /* AppDelegate.m */,
				A4C00AD3145E0F6C00B4357E /* ViewController.h */,
				A4C00AD4145E0F6C00B4357E /* ViewController.m */,
				A4C00AD6145E0F6C00B4357E /* ViewController.xib */,
				A4C00AC8145E0F6C00B4357E /* Supporting Files */,
			);
			path = p420p430gestureRecognizerDelegate;
			sourceTree = "<group>";
		};
		A4C00AC8145E0F6C00B4357E /* Supporting Files */ = {
			isa = PBXGroup;
			children = (
				A4C00AC9145E0F6C00B4357E /* p420p430gestureRecognizerDelegate-Info.plist */,
				A4C00ACA145E0F6C00B4357E /* InfoPlist.strings */,
				A4C00ACD145E0F6C00B4357E /* main.m */,
				A4C00ACF145E0F6C00B4357E /* p420p430gestureRecognizerDelegate-Prefix.pch */,
			);
			name = "Supporting Files";
			sourceTree = "<group>";
		};
/* End PBXGroup section */

/* Begin PBXNativeTarget section */
		A4C00ABC145E0F6C00B4357E /* p420p430gestureRecognizerDelegate */ = {
			isa = PBXNativeTarget;
			buildConfigurationList = A4C00ADB145E0F6C00B4357E /* Build configuration list for PBXNativeTarget "p420p430gestureRecognizerDelegate" */;
			buildPhases = (
				A4C00AB9145E0F6C00B4357E /* Sources */,
				A4C00ABA145E0F6C00B4357E /* Frameworks */,
				A4C00ABB145E0F6C00B4357E /* Resources */,
			);
			buildRules = (
			);
			dependencies = (
			);
			name = p420p430gestureRecognizerDelegate;
			productName = p420p430gestureRecognizerDelegate;
			productReference = A4C00ABD145E0F6C00B4357E /* p420p430gestureRecognizerDelegate.app */;
			productType = "com.apple.product-type.application";
		};
/* End PBXNativeTarget section */

/* Begin PBXProject section */
		A4C00AB4145E0F6C00B4357E /* Project object */ = {
			isa = PBXProject;
			attributes = {
				LastUpgradeCheck = 0420;
			};
			buildConfigurationList = A4C00AB7145E0F6C00B4357E /* Build configuration list for PBXProject "p420p430gestureRecognizerDelegate" */;
			compatibilityVersion = "Xcode 3.2";
			developmentRegion = English;
			hasScannedForEncodings = 0;
			knownRegions = (
				en,
			);
			mainGroup = A4C00AB2145E0F6C00B4357E;
			productRefGroup = A4C00ABE145E0F6C00B4357E /* Products */;
			projectDirPath = "";
			projectRoot = "";
			targets = (
				A4C00ABC145E0F6C00B4357E /* p420p430gestureRecognizerDelegate */,
			);
		};
/* End PBXProject section */

/* Begin PBXResourcesBuildPhase section */
		A4C00ABB145E0F6C00B4357E /* Resources */ = {
			isa = PBXResourcesBuildPhase;
			buildActionMask = 2147483647;
			files = (
				A4C00ACC145E0F6C00B4357E /* InfoPlist.strings in Resources */,
				A4C00AD8145E0F6C00B4357E /* ViewController.xib in Resources */,
			);
			runOnlyForDeploymentPostprocessing = 0;
		};
/* End PBXResourcesBuildPhase section */

/* Begin PBXSourcesBuildPhase section */
		A4C00AB9145E0F6C00B4357E /* Sources */ = {
			isa = PBXSourcesBuildPhase;
			buildActionMask = 2147483647;
			files = (
				A4C00ACE145E0F6C00B4357E /* main.m in Sources */,
				A4C00AD2145E0F6C00B4357E /* AppDelegate.m in Sources */,
				A4C00AD5145E0F6C00B4357E /* ViewController.m in Sources */,
			);
			runOnlyForDeploymentPostprocessing = 0;
		};
/* End PBXSourcesBuildPhase section */

/* Begin PBXVariantGroup section */
		A4C00ACA145E0F6C00B4357E /* InfoPlist.strings */ = {
			isa = PBXVariantGroup;
			children = (
				A4C00ACB145E0F6C00B4357E /* en */,
			);
			name = InfoPlist.strings;
			sourceTree = "<group>";
		};
		A4C00AD6145E0F6C00B4357E /* ViewController.xib */ = {
			isa = PBXVariantGroup;
			children = (
				A4C00AD7145E0F6C00B4357E /* en */,
			);
			name = ViewController.xib;
			sourceTree = "<group>";
		};
/* End PBXVariantGroup section */

/* Begin XCBuildConfiguration section */
		A4C00AD9145E0F6C00B4357E /* Debug */ = {
			isa = XCBuildConfiguration;
			buildSettings = {
				ALWAYS_SEARCH_USER_PATHS = NO;
				ARCHS = "$(ARCHS_STANDARD_32_BIT)";
				CLANG_ENABLE_OBJC_ARC = YES;
				"CODE_SIGN_IDENTITY[sdk=iphoneos*]" = "iPhone Developer";
				COPY_PHASE_STRIP = NO;
				GCC_C_LANGUAGE_STANDARD = gnu99;
				GCC_DYNAMIC_NO_PIC = NO;
				GCC_OPTIMIZATION_LEVEL = 0;
				GCC_PREPROCESSOR_DEFINITIONS = (
					"DEBUG=1",
					"$(inherited)",
				);
				GCC_SYMBOLS_PRIVATE_EXTERN = NO;
				GCC_VERSION = com.apple.compilers.llvm.clang.1_0;
				GCC_WARN_ABOUT_MISSING_PROTOTYPES = YES;
				GCC_WARN_ABOUT_RETURN_TYPE = YES;
				GCC_WARN_UNUSED_VARIABLE = YES;
				IPHONEOS_DEPLOYMENT_TARGET = 5.0;
				SDKROOT = iphoneos;
			};
			name = Debug;
		};
		A4C00ADA145E0F6C00B4357E /* Release */ = {
			isa = XCBuildConfiguration;
			buildSettings = {
				ALWAYS_SEARCH_USER_PATHS = NO;
				ARCHS = "$(ARCHS_STANDARD_32_BIT)";
				CLANG_ENABLE_OBJC_ARC = YES;
				"CODE_SIGN_IDENTITY[sdk=iphoneos*]" = "iPhone Developer";
				COPY_PHASE_STRIP = YES;
				GCC_C_LANGUAGE_STANDARD = gnu99;
				GCC_VERSION = com.apple.compilers.llvm.clang.1_0;
				GCC_WARN_ABOUT_MISSING_PROTOTYPES = YES;
				GCC_WARN_ABOUT_RETURN_TYPE = YES;
				GCC_WARN_UNUSED_VARIABLE = YES;
				IPHONEOS_DEPLOYMENT_TARGET = 5.0;
				OTHER_CFLAGS = "-DNS_BLOCK_ASSERTIONS=1";
				SDKROOT = iphoneos;
				VALIDATE_PRODUCT = YES;
			};
			name = Release;
		};
		A4C00ADC145E0F6C00B4357E /* Debug */ = {
			isa = XCBuildConfiguration;
			buildSettings = {
				GCC_PRECOMPILE_PREFIX_HEADER = YES;
				GCC_PREFIX_HEADER = "p420p430gestureRecognizerDelegate/p420p430gestureRecognizerDelegate-Prefix.pch";
				INFOPLIST_FILE = "p420p430gestureRecognizerDelegate/p420p430gestureRecognizerDelegate-Info.plist";
				IPHONEOS_DEPLOYMENT_TARGET = 6.0;
				PRODUCT_NAME = "$(TARGET_NAME)";
				WRAPPER_EXTENSION = app;
			};
			name = Debug;
		};
		A4C00ADD145E0F6C00B4357E /* Release */ = {
			isa = XCBuildConfiguration;
			buildSettings = {
				GCC_PRECOMPILE_PREFIX_HEADER = YES;
				GCC_PREFIX_HEADER = "p420p430gestureRecognizerDelegate/p420p430gestureRecognizerDelegate-Prefix.pch";
				INFOPLIST_FILE = "p420p430gestureRecognizerDelegate/p420p430gestureRecognizerDelegate-Info.plist";
				IPHONEOS_DEPLOYMENT_TARGET = 6.0;
				PRODUCT_NAME = "$(TARGET_NAME)";
				WRAPPER_EXTENSION = app;
			};
			name = Release;
		};
/* End XCBuildConfiguration section */

/* Begin XCConfigurationList section */
		A4C00AB7145E0F6C00B4357E /* Build configuration list for PBXProject "p420p430gestureRecognizerDelegate" */ = {
			isa = XCConfigurationList;
			buildConfigurations = (
				A4C00AD9145E0F6C00B4357E /* Debug */,
				A4C00ADA145E0F6C00B4357E /* Release */,
			);
			defaultConfigurationIsVisible = 0;
			defaultConfigurationName = Release;
		};
		A4C00ADB145E0F6C00B4357E /* Build configuration list for PBXNativeTarget "p420p430gestureRecognizerDelegate" */ = {
			isa = XCConfigurationList;
			buildConfigurations = (
				A4C00ADC145E0F6C00B4357E /* Debug */,
				A4C00ADD145E0F6C00B4357E /* Release */,
			);
			defaultConfigurationIsVisible = 0;
			defaultConfigurationName = Release;
		};
/* End XCConfigurationList section */
	};
	rootObject = A4C00AB4145E0F6C00B4357E /* Project object */;
}
