// !$*UTF8*$!
{
	archiveVersion = 1;
	classes = {
	};
	objectVersion = 46;
	objects = {

/* Begin PBXBuildFile section */
		320E8DB21B6459F700031E7A /* AppDelegate.swift in Sources */ = {isa = PBXBuildFile; fileRef = 320E8DB11B6459F700031E7A /* AppDelegate.swift */; };
		320E8DB41B6459F700031E7A /* ViewController.swift in Sources */ = {isa = PBXBuildFile; fileRef = 320E8DB31B6459F700031E7A /* ViewController.swift */; };
		320E8DB71B6459F700031E7A /* Main.storyboard in Resources */ = {isa = PBXBuildFile; fileRef = 320E8DB51B6459F700031E7A /* Main.storyboard */; };
		320E8DB91B6459F700031E7A /* Assets.xcassets in Resources */ = {isa = PBXBuildFile; fileRef = 320E8DB81B6459F700031E7A /* Assets.xcassets */; };
		320E8DBC1B6459F700031E7A /* LaunchScreen.storyboard in Resources */ = {isa = PBXBuildFile; fileRef = 320E8DBA1B6459F700031E7A /* LaunchScreen.storyboard */; };
		320E8DC41B645A5200031E7A /* finder.png in Resources */ = {isa = PBXBuildFile; fileRef = 320E8DC31B645A5200031E7A /* finder.png */; };
/* End PBXBuildFile section */

/* Begin PBXFileReference section */
		320E8DAE1B6459F700031E7A /* bk2ch02p052ImageReversal.app */ = {isa = PBXFileReference; explicitFileType = wrapper.application; includeInIndex = 0; path = bk2ch02p052ImageReversal.app; sourceTree = BUILT_PRODUCTS_DIR; };
		320E8DB11B6459F700031E7A /* AppDelegate.swift */ = {isa = PBXFileReference; lastKnownFileType = sourcecode.swift; path = AppDelegate.swift; sourceTree = "<group>"; };
		320E8DB31B6459F700031E7A /* ViewController.swift */ = {isa = PBXFileReference; lastKnownFileType = sourcecode.swift; path = ViewController.swift; sourceTree = "<group>"; };
		320E8DB61B6459F700031E7A /* Base */ = {isa = PBXFileReference; lastKnownFileType = file.storyboard; name = Base; path = Base.lproj/Main.storyboard; sourceTree = "<group>"; };
		320E8DB81B6459F700031E7A /* Assets.xcassets */ = {isa = PBXFileReference; lastKnownFileType = folder.assetcatalog; path = Assets.xcassets; sourceTree = "<group>"; };
		320E8DBB1B6459F700031E7A /* Base */ = {isa = PBXFileReference; lastKnownFileType = file.storyboard; name = Base; path = Base.lproj/LaunchScreen.storyboard; sourceTree = "<group>"; };
		320E8DBD1B6459F700031E7A /* Info.plist */ = {isa = PBXFileReference; lastKnownFileType = text.plist.xml; path = Info.plist; sourceTree = "<group>"; };
		320E8DC31B645A5200031E7A /* finder.png */ = {isa = PBXFileReference; lastKnownFileType = image.png; path = finder.png; sourceTree = "<group>"; };
/* End PBXFileReference section */

/* Begin PBXFrameworksBuildPhase section */
		320E8DAB1B6459F700031E7A /* Frameworks */ = {
			isa = PBXFrameworksBuildPhase;
			buildActionMask = 2147483647;
			files = (
			);
			runOnlyForDeploymentPostprocessing = 0;
		};
/* End PBXFrameworksBuildPhase section */

/* Begin PBXGroup section */
		320E8DA51B6459F700031E7A = {
			isa = PBXGroup;
			children = (
				320E8DB01B6459F700031E7A /* bk2ch02p052ImageReversal */,
				320E8DAF1B6459F700031E7A /* Products */,
			);
			sourceTree = "<group>";
		};
		320E8DAF1B6459F700031E7A /* Products */ = {
			isa = PBXGroup;
			children = (
				320E8DAE1B6459F700031E7A /* bk2ch02p052ImageReversal.app */,
			);
			name = Products;
			sourceTree = "<group>";
		};
		320E8DB01B6459F700031E7A /* bk2ch02p052ImageReversal */ = {
			isa = PBXGroup;
			children = (
				320E8DB11B6459F700031E7A /* AppDelegate.swift */,
				320E8DB31B6459F700031E7A /* ViewController.swift */,
				320E8DB51B6459F700031E7A /* Main.storyboard */,
				320E8DB81B6459F700031E7A /* Assets.xcassets */,
				320E8DBA1B6459F700031E7A /* LaunchScreen.storyboard */,
				320E8DC31B645A5200031E7A /* finder.png */,
				320E8DBD1B6459F700031E7A /* Info.plist */,
			);
			path = bk2ch02p052ImageReversal;
			sourceTree = "<group>";
		};
/* End PBXGroup section */

/* Begin PBXNativeTarget section */
		320E8DAD1B6459F700031E7A /* bk2ch02p052ImageReversal */ = {
			isa = PBXNativeTarget;
			buildConfigurationList = 320E8DC01B6459F700031E7A /* Build configuration list for PBXNativeTarget "bk2ch02p052ImageReversal" */;
			buildPhases = (
				320E8DAA1B6459F700031E7A /* Sources */,
				320E8DAB1B6459F700031E7A /* Frameworks */,
				320E8DAC1B6459F700031E7A /* Resources */,
			);
			buildRules = (
			);
			dependencies = (
			);
			name = bk2ch02p052ImageReversal;
			productName = bk2ch02p052ImageReversal;
			productReference = 320E8DAE1B6459F700031E7A /* bk2ch02p052ImageReversal.app */;
			productType = "com.apple.product-type.application";
		};
/* End PBXNativeTarget section */

/* Begin PBXProject section */
		320E8DA61B6459F700031E7A /* Project object */ = {
			isa = PBXProject;
			attributes = {
				LastUpgradeCheck = 0700;
				ORGANIZATIONNAME = "Matt Neuburg";
				TargetAttributes = {
					320E8DAD1B6459F700031E7A = {
						CreatedOnToolsVersion = 7.0;
					};
				};
			};
			buildConfigurationList = 320E8DA91B6459F700031E7A /* Build configuration list for PBXProject "bk2ch02p052ImageReversal" */;
			compatibilityVersion = "Xcode 3.2";
			developmentRegion = English;
			hasScannedForEncodings = 0;
			knownRegions = (
				en,
				Base,
			);
			mainGroup = 320E8DA51B6459F700031E7A;
			productRefGroup = 320E8DAF1B6459F700031E7A /* Products */;
			projectDirPath = "";
			projectRoot = "";
			targets = (
				320E8DAD1B6459F700031E7A /* bk2ch02p052ImageReversal */,
			);
		};
/* End PBXProject section */

/* Begin PBXResourcesBuildPhase section */
		320E8DAC1B6459F700031E7A /* Resources */ = {
			isa = PBXResourcesBuildPhase;
			buildActionMask = 2147483647;
			files = (
				320E8DBC1B6459F700031E7A /* LaunchScreen.storyboard in Resources */,
				320E8DC41B645A5200031E7A /* finder.png in Resources */,
				320E8DB91B6459F700031E7A /* Assets.xcassets in Resources */,
				320E8DB71B6459F700031E7A /* Main.storyboard in Resources */,
			);
			runOnlyForDeploymentPostprocessing = 0;
		};
/* End PBXResourcesBuildPhase section */

/* Begin PBXSourcesBuildPhase section */
		320E8DAA1B6459F700031E7A /* Sources */ = {
			isa = PBXSourcesBuildPhase;
			buildActionMask = 2147483647;
			files = (
				320E8DB41B6459F700031E7A /* ViewController.swift in Sources */,
				320E8DB21B6459F700031E7A /* AppDelegate.swift in Sources */,
			);
			runOnlyForDeploymentPostprocessing = 0;
		};
/* End PBXSourcesBuildPhase section */

/* Begin PBXVariantGroup section */
		320E8DB51B6459F700031E7A /* Main.storyboard */ = {
			isa = PBXVariantGroup;
			children = (
				320E8DB61B6459F700031E7A /* Base */,
			);
			name = Main.storyboard;
			sourceTree = "<group>";
		};
		320E8DBA1B6459F700031E7A /* LaunchScreen.storyboard */ = {
			isa = PBXVariantGroup;
			children = (
				320E8DBB1B6459F700031E7A /* Base */,
			);
			name = LaunchScreen.storyboard;
			sourceTree = "<group>";
		};
/* End PBXVariantGroup section */

/* Begin XCBuildConfiguration section */
		320E8DBE1B6459F700031E7A /* Debug */ = {
			isa = XCBuildConfiguration;
			buildSettings = {
				ALWAYS_SEARCH_USER_PATHS = NO;
				CLANG_CXX_LANGUAGE_STANDARD = "gnu++0x";
				CLANG_CXX_LIBRARY = "libc++";
				CLANG_ENABLE_MODULES = YES;
				CLANG_ENABLE_OBJC_ARC = YES;
				CLANG_WARN_BOOL_CONVERSION = YES;
				CLANG_WARN_CONSTANT_CONVERSION = YES;
				CLANG_WARN_DIRECT_OBJC_ISA_USAGE = YES_ERROR;
				CLANG_WARN_EMPTY_BODY = YES;
				CLANG_WARN_ENUM_CONVERSION = YES;
				CLANG_WARN_INT_CONVERSION = YES;
				CLANG_WARN_OBJC_ROOT_CLASS = YES_ERROR;
				CLANG_WARN_UNREACHABLE_CODE = YES;
				CLANG_WARN__DUPLICATE_METHOD_MATCH = YES;
				"CODE_SIGN_IDENTITY[sdk=iphoneos*]" = "iPhone Developer";
				COPY_PHASE_STRIP = NO;
				DEBUG_INFORMATION_FORMAT = dwarf;
				ENABLE_STRICT_OBJC_MSGSEND = YES;
				ENABLE_TESTABILITY = YES;
				GCC_C_LANGUAGE_STANDARD = gnu99;
				GCC_DYNAMIC_NO_PIC = NO;
				GCC_NO_COMMON_BLOCKS = YES;
				GCC_OPTIMIZATION_LEVEL = 0;
				GCC_PREPROCESSOR_DEFINITIONS = (
					"DEBUG=1",
					"$(inherited)",
				);
				GCC_WARN_64_TO_32_BIT_CONVERSION = YES;
				GCC_WARN_ABOUT_RETURN_TYPE = YES_ERROR;
				GCC_WARN_UNDECLARED_SELECTOR = YES;
				GCC_WARN_UNINITIALIZED_AUTOS = YES_AGGRESSIVE;
				GCC_WARN_UNUSED_FUNCTION = YES;
				GCC_WARN_UNUSED_VARIABLE = YES;
				IPHONEOS_DEPLOYMENT_TARGET = 9.0;
				MTL_ENABLE_DEBUG_INFO = YES;
				ONLY_ACTIVE_ARCH = YES;
				SDKROOT = iphoneos;
				SWIFT_OPTIMIZATION_LEVEL = "-Onone";
			};
			name = Debug;
		};
		320E8DBF1B6459F700031E7A /* Release */ = {
			isa = XCBuildConfiguration;
			buildSettings = {
				ALWAYS_SEARCH_USER_PATHS = NO;
				CLANG_CXX_LANGUAGE_STANDARD = "gnu++0x";
				CLANG_CXX_LIBRARY = "libc++";
				CLANG_ENABLE_MODULES = YES;
				CLANG_ENABLE_OBJC_ARC = YES;
				CLANG_WARN_BOOL_CONVERSION = YES;
				CLANG_WARN_CONSTANT_CONVERSION = YES;
				CLANG_WARN_DIRECT_OBJC_ISA_USAGE = YES_ERROR;
				CLANG_WARN_EMPTY_BODY = YES;
				CLANG_WARN_ENUM_CONVERSION = YES;
				CLANG_WARN_INT_CONVERSION = YES;
				CLANG_WARN_OBJC_ROOT_CLASS = YES_ERROR;
				CLANG_WARN_UNREACHABLE_CODE = YES;
				CLANG_WARN__DUPLICATE_METHOD_MATCH = YES;
				"CODE_SIGN_IDENTITY[sdk=iphoneos*]" = "iPhone Developer";
				COPY_PHASE_STRIP = NO;
				DEBUG_INFORMATION_FORMAT = "dwarf-with-dsym";
				ENABLE_NS_ASSERTIONS = NO;
				ENABLE_STRICT_OBJC_MSGSEND = YES;
				GCC_C_LANGUAGE_STANDARD = gnu99;
				GCC_NO_COMMON_BLOCKS = YES;
				GCC_WARN_64_TO_32_BIT_CONVERSION = YES;
				GCC_WARN_ABOUT_RETURN_TYPE = YES_ERROR;
				GCC_WARN_UNDECLARED_SELECTOR = YES;
				GCC_WARN_UNINITIALIZED_AUTOS = YES_AGGRESSIVE;
				GCC_WARN_UNUSED_FUNCTION = YES;
				GCC_WARN_UNUSED_VARIABLE = YES;
				IPHONEOS_DEPLOYMENT_TARGET = 9.0;
				MTL_ENABLE_DEBUG_INFO = NO;
				SDKROOT = iphoneos;
				VALIDATE_PRODUCT = YES;
			};
			name = Release;
		};
		320E8DC11B6459F700031E7A /* Debug */ = {
			isa = XCBuildConfiguration;
			buildSettings = {
				ASSETCATALOG_COMPILER_APPICON_NAME = AppIcon;
				INFOPLIST_FILE = bk2ch02p052ImageReversal/Info.plist;
				LD_RUNPATH_SEARCH_PATHS = "$(inherited) @executable_path/Frameworks";
				PRODUCT_BUNDLE_IDENTIFIER = com.neuburg.matt.bk2ch02p052ImageReversal;
				PRODUCT_NAME = "$(TARGET_NAME)";
			};
			name = Debug;
		};
		320E8DC21B6459F700031E7A /* Release */ = {
			isa = XCBuildConfiguration;
			buildSettings = {
				ASSETCATALOG_COMPILER_APPICON_NAME = AppIcon;
				INFOPLIST_FILE = bk2ch02p052ImageReversal/Info.plist;
				LD_RUNPATH_SEARCH_PATHS = "$(inherited) @executable_path/Frameworks";
				PRODUCT_BUNDLE_IDENTIFIER = com.neuburg.matt.bk2ch02p052ImageReversal;
				PRODUCT_NAME = "$(TARGET_NAME)";
			};
			name = Release;
		};
/* End XCBuildConfiguration section */

/* Begin XCConfigurationList section */
		320E8DA91B6459F700031E7A /* Build configuration list for PBXProject "bk2ch02p052ImageReversal" */ = {
			isa = XCConfigurationList;
			buildConfigurations = (
				320E8DBE1B6459F700031E7A /* Debug */,
				320E8DBF1B6459F700031E7A /* Release */,
			);
			defaultConfigurationIsVisible = 0;
			defaultConfigurationName = Release;
		};
		320E8DC01B6459F700031E7A /* Build configuration list for PBXNativeTarget "bk2ch02p052ImageReversal" */ = {
			isa = XCConfigurationList;
			buildConfigurations = (
				320E8DC11B6459F700031E7A /* Debug */,
				320E8DC21B6459F700031E7A /* Release */,
			);
			defaultConfigurationIsVisible = 0;
		};
/* End XCConfigurationList section */
	};
	rootObject = 320E8DA61B6459F700031E7A /* Project object */;
}
