// !$*UTF8*$!
{
	archiveVersion = 1;
	classes = {
	};
	objectVersion = 46;
	objects = {

/* Begin PBXBuildFile section */
		3257D9DA198F3091001312BA /* ViewController.swift in Sources */ = {isa = PBXBuildFile; fileRef = 3257D9D9198F3091001312BA /* ViewController.swift */; };
		329B0BAE1B90CB19002F4427 /* LaunchScreen.storyboard in Resources */ = {isa = PBXBuildFile; fileRef = 329B0BAD1B90CB19002F4427 /* LaunchScreen.storyboard */; settings = {ASSET_TAGS = (); }; };
		329B0BB01B90CB2B002F4427 /* AppDelegate.swift in Sources */ = {isa = PBXBuildFile; fileRef = 329B0BAF1B90CB2B002F4427 /* AppDelegate.swift */; settings = {ASSET_TAGS = (); }; };
		C9F2725C181D5CCC003FCBA0 /* Main.storyboard in Resources */ = {isa = PBXBuildFile; fileRef = C9F2725A181D5CCC003FCBA0 /* Main.storyboard */; };
		C9F27261181D5CCC003FCBA0 /* Assets.xcassets in Resources */ = {isa = PBXBuildFile; fileRef = C9F27260181D5CCC003FCBA0 /* Assets.xcassets */; };
		C9F2727E181D5E52003FCBA0 /* linen.png in Resources */ = {isa = PBXBuildFile; fileRef = C9F2727D181D5E52003FCBA0 /* linen.png */; };
		C9F27280181D5E61003FCBA0 /* manny.jpg in Resources */ = {isa = PBXBuildFile; fileRef = C9F2727F181D5E61003FCBA0 /* manny.jpg */; };
		C9F27282181D5E6A003FCBA0 /* sepia.jpg in Resources */ = {isa = PBXBuildFile; fileRef = C9F27281181D5E69003FCBA0 /* sepia.jpg */; };
		C9F27284181D5FA1003FCBA0 /* moe.jpg in Resources */ = {isa = PBXBuildFile; fileRef = C9F27283181D5FA1003FCBA0 /* moe.jpg */; };
/* End PBXBuildFile section */

/* Begin PBXFileReference section */
		3257D9D9198F3091001312BA /* ViewController.swift */ = {isa = PBXFileReference; fileEncoding = 4; lastKnownFileType = sourcecode.swift; path = ViewController.swift; sourceTree = "<group>"; };
		329B0BAD1B90CB19002F4427 /* LaunchScreen.storyboard */ = {isa = PBXFileReference; fileEncoding = 4; lastKnownFileType = file.storyboard; path = LaunchScreen.storyboard; sourceTree = "<group>"; };
		329B0BAF1B90CB2B002F4427 /* AppDelegate.swift */ = {isa = PBXFileReference; fileEncoding = 4; lastKnownFileType = sourcecode.swift; path = AppDelegate.swift; sourceTree = "<group>"; };
		C9F27245181D5CCC003FCBA0 /* ch25p846searchBarFromHell.app */ = {isa = PBXFileReference; explicitFileType = wrapper.application; includeInIndex = 0; path = ch25p846searchBarFromHell.app; sourceTree = BUILT_PRODUCTS_DIR; };
		C9F27250181D5CCC003FCBA0 /* ch25p846searchBarFromHell-Info.plist */ = {isa = PBXFileReference; lastKnownFileType = text.plist.xml; path = "ch25p846searchBarFromHell-Info.plist"; sourceTree = "<group>"; };
		C9F2725B181D5CCC003FCBA0 /* Base */ = {isa = PBXFileReference; lastKnownFileType = file.storyboard; name = Base; path = Base.lproj/Main.storyboard; sourceTree = "<group>"; };
		C9F27260181D5CCC003FCBA0 /* Assets.xcassets */ = {isa = PBXFileReference; lastKnownFileType = folder.assetcatalog; path = Assets.xcassets; sourceTree = "<group>"; };
		C9F2727D181D5E52003FCBA0 /* linen.png */ = {isa = PBXFileReference; lastKnownFileType = image.png; path = linen.png; sourceTree = "<group>"; };
		C9F2727F181D5E61003FCBA0 /* manny.jpg */ = {isa = PBXFileReference; lastKnownFileType = image.jpeg; path = manny.jpg; sourceTree = "<group>"; };
		C9F27281181D5E69003FCBA0 /* sepia.jpg */ = {isa = PBXFileReference; lastKnownFileType = image.jpeg; path = sepia.jpg; sourceTree = "<group>"; };
		C9F27283181D5FA1003FCBA0 /* moe.jpg */ = {isa = PBXFileReference; lastKnownFileType = image.jpeg; path = moe.jpg; sourceTree = "<group>"; };
/* End PBXFileReference section */

/* Begin PBXFrameworksBuildPhase section */
		C9F27242181D5CCC003FCBA0 /* Frameworks */ = {
			isa = PBXFrameworksBuildPhase;
			buildActionMask = 2147483647;
			files = (
			);
			runOnlyForDeploymentPostprocessing = 0;
		};
/* End PBXFrameworksBuildPhase section */

/* Begin PBXGroup section */
		C9F2723C181D5CCC003FCBA0 = {
			isa = PBXGroup;
			children = (
				C9F2724E181D5CCC003FCBA0 /* ch25p846searchBarFromHell */,
				C9F27246181D5CCC003FCBA0 /* Products */,
			);
			sourceTree = "<group>";
		};
		C9F27246181D5CCC003FCBA0 /* Products */ = {
			isa = PBXGroup;
			children = (
				C9F27245181D5CCC003FCBA0 /* ch25p846searchBarFromHell.app */,
			);
			name = Products;
			sourceTree = "<group>";
		};
		C9F2724E181D5CCC003FCBA0 /* ch25p846searchBarFromHell */ = {
			isa = PBXGroup;
			children = (
				C9F2725A181D5CCC003FCBA0 /* Main.storyboard */,
				329B0BAF1B90CB2B002F4427 /* AppDelegate.swift */,
				3257D9D9198F3091001312BA /* ViewController.swift */,
				C9F2727D181D5E52003FCBA0 /* linen.png */,
				C9F2727F181D5E61003FCBA0 /* manny.jpg */,
				C9F27283181D5FA1003FCBA0 /* moe.jpg */,
				C9F27281181D5E69003FCBA0 /* sepia.jpg */,
				C9F27260181D5CCC003FCBA0 /* Assets.xcassets */,
				329B0BAD1B90CB19002F4427 /* LaunchScreen.storyboard */,
				C9F27250181D5CCC003FCBA0 /* ch25p846searchBarFromHell-Info.plist */,
			);
			path = ch25p846searchBarFromHell;
			sourceTree = "<group>";
		};
/* End PBXGroup section */

/* Begin PBXNativeTarget section */
		C9F27244181D5CCC003FCBA0 /* ch25p846searchBarFromHell */ = {
			isa = PBXNativeTarget;
			buildConfigurationList = C9F27277181D5CCC003FCBA0 /* Build configuration list for PBXNativeTarget "ch25p846searchBarFromHell" */;
			buildPhases = (
				C9F27241181D5CCC003FCBA0 /* Sources */,
				C9F27242181D5CCC003FCBA0 /* Frameworks */,
				C9F27243181D5CCC003FCBA0 /* Resources */,
			);
			buildRules = (
			);
			dependencies = (
			);
			name = ch25p846searchBarFromHell;
			productName = ch25p846searchBarFromHell;
			productReference = C9F27245181D5CCC003FCBA0 /* ch25p846searchBarFromHell.app */;
			productType = "com.apple.product-type.application";
		};
/* End PBXNativeTarget section */

/* Begin PBXProject section */
		C9F2723D181D5CCC003FCBA0 /* Project object */ = {
			isa = PBXProject;
			attributes = {
				LastSwiftUpdateCheck = 0700;
				LastUpgradeCheck = 0500;
				ORGANIZATIONNAME = "Matt Neuburg";
			};
			buildConfigurationList = C9F27240181D5CCC003FCBA0 /* Build configuration list for PBXProject "ch25p846searchBarFromHell" */;
			compatibilityVersion = "Xcode 3.2";
			developmentRegion = English;
			hasScannedForEncodings = 0;
			knownRegions = (
				en,
				Base,
			);
			mainGroup = C9F2723C181D5CCC003FCBA0;
			productRefGroup = C9F27246181D5CCC003FCBA0 /* Products */;
			projectDirPath = "";
			projectRoot = "";
			targets = (
				C9F27244181D5CCC003FCBA0 /* ch25p846searchBarFromHell */,
			);
		};
/* End PBXProject section */

/* Begin PBXResourcesBuildPhase section */
		C9F27243181D5CCC003FCBA0 /* Resources */ = {
			isa = PBXResourcesBuildPhase;
			buildActionMask = 2147483647;
			files = (
				C9F27261181D5CCC003FCBA0 /* Assets.xcassets in Resources */,
				C9F27284181D5FA1003FCBA0 /* moe.jpg in Resources */,
				C9F27280181D5E61003FCBA0 /* manny.jpg in Resources */,
				C9F2727E181D5E52003FCBA0 /* linen.png in Resources */,
				329B0BAE1B90CB19002F4427 /* LaunchScreen.storyboard in Resources */,
				C9F27282181D5E6A003FCBA0 /* sepia.jpg in Resources */,
				C9F2725C181D5CCC003FCBA0 /* Main.storyboard in Resources */,
			);
			runOnlyForDeploymentPostprocessing = 0;
		};
/* End PBXResourcesBuildPhase section */

/* Begin PBXSourcesBuildPhase section */
		C9F27241181D5CCC003FCBA0 /* Sources */ = {
			isa = PBXSourcesBuildPhase;
			buildActionMask = 2147483647;
			files = (
				329B0BB01B90CB2B002F4427 /* AppDelegate.swift in Sources */,
				3257D9DA198F3091001312BA /* ViewController.swift in Sources */,
			);
			runOnlyForDeploymentPostprocessing = 0;
		};
/* End PBXSourcesBuildPhase section */

/* Begin PBXVariantGroup section */
		C9F2725A181D5CCC003FCBA0 /* Main.storyboard */ = {
			isa = PBXVariantGroup;
			children = (
				C9F2725B181D5CCC003FCBA0 /* Base */,
			);
			name = Main.storyboard;
			sourceTree = "<group>";
		};
/* End PBXVariantGroup section */

/* Begin XCBuildConfiguration section */
		C9F27275181D5CCC003FCBA0 /* Debug */ = {
			isa = XCBuildConfiguration;
			buildSettings = {
				ALWAYS_SEARCH_USER_PATHS = NO;
				ARCHS = "$(ARCHS_STANDARD_INCLUDING_64_BIT)";
				CLANG_CXX_LANGUAGE_STANDARD = "gnu++0x";
				CLANG_CXX_LIBRARY = "libc++";
				CLANG_ENABLE_MODULES = YES;
				CLANG_ENABLE_OBJC_ARC = YES;
				CLANG_WARN_BOOL_CONVERSION = YES;
				CLANG_WARN_CONSTANT_CONVERSION = YES;
				CLANG_WARN_DIRECT_OBJC_ISA_USAGE = YES_ERROR;
				CLANG_WARN_EMPTY_BODY = YES;
				CLANG_WARN_ENUM_CONVERSION = YES;
				CLANG_WARN_INT_CONVERSION = YES;
				CLANG_WARN_OBJC_ROOT_CLASS = YES_ERROR;
				CLANG_WARN__DUPLICATE_METHOD_MATCH = YES;
				"CODE_SIGN_IDENTITY[sdk=iphoneos*]" = "iPhone Developer";
				COPY_PHASE_STRIP = NO;
				GCC_C_LANGUAGE_STANDARD = gnu99;
				GCC_DYNAMIC_NO_PIC = NO;
				GCC_OPTIMIZATION_LEVEL = 0;
				GCC_PREPROCESSOR_DEFINITIONS = (
					"DEBUG=1",
					"$(inherited)",
				);
				GCC_SYMBOLS_PRIVATE_EXTERN = NO;
				GCC_WARN_64_TO_32_BIT_CONVERSION = YES;
				GCC_WARN_ABOUT_RETURN_TYPE = YES_ERROR;
				GCC_WARN_UNDECLARED_SELECTOR = YES;
				GCC_WARN_UNINITIALIZED_AUTOS = YES;
				GCC_WARN_UNUSED_FUNCTION = YES;
				GCC_WARN_UNUSED_VARIABLE = YES;
				IPHONEOS_DEPLOYMENT_TARGET = 9.0;
				ONLY_ACTIVE_ARCH = YES;
				SDKROOT = iphoneos;
			};
			name = Debug;
		};
		C9F27276181D5CCC003FCBA0 /* Release */ = {
			isa = XCBuildConfiguration;
			buildSettings = {
				ALWAYS_SEARCH_USER_PATHS = NO;
				ARCHS = "$(ARCHS_STANDARD_INCLUDING_64_BIT)";
				CLANG_CXX_LANGUAGE_STANDARD = "gnu++0x";
				CLANG_CXX_LIBRARY = "libc++";
				CLANG_ENABLE_MODULES = YES;
				CLANG_ENABLE_OBJC_ARC = YES;
				CLANG_WARN_BOOL_CONVERSION = YES;
				CLANG_WARN_CONSTANT_CONVERSION = YES;
				CLANG_WARN_DIRECT_OBJC_ISA_USAGE = YES_ERROR;
				CLANG_WARN_EMPTY_BODY = YES;
				CLANG_WARN_ENUM_CONVERSION = YES;
				CLANG_WARN_INT_CONVERSION = YES;
				CLANG_WARN_OBJC_ROOT_CLASS = YES_ERROR;
				CLANG_WARN__DUPLICATE_METHOD_MATCH = YES;
				"CODE_SIGN_IDENTITY[sdk=iphoneos*]" = "iPhone Developer";
				COPY_PHASE_STRIP = YES;
				ENABLE_NS_ASSERTIONS = NO;
				GCC_C_LANGUAGE_STANDARD = gnu99;
				GCC_WARN_64_TO_32_BIT_CONVERSION = YES;
				GCC_WARN_ABOUT_RETURN_TYPE = YES_ERROR;
				GCC_WARN_UNDECLARED_SELECTOR = YES;
				GCC_WARN_UNINITIALIZED_AUTOS = YES;
				GCC_WARN_UNUSED_FUNCTION = YES;
				GCC_WARN_UNUSED_VARIABLE = YES;
				IPHONEOS_DEPLOYMENT_TARGET = 9.0;
				SDKROOT = iphoneos;
				VALIDATE_PRODUCT = YES;
			};
			name = Release;
		};
		C9F27278181D5CCC003FCBA0 /* Debug */ = {
			isa = XCBuildConfiguration;
			buildSettings = {
				ARCHS = "$(ARCHS_STANDARD)";
				ASSETCATALOG_COMPILER_APPICON_NAME = AppIcon;
				CLANG_ENABLE_MODULES = YES;
				GCC_PRECOMPILE_PREFIX_HEADER = YES;
				GCC_PREFIX_HEADER = "ch25p846searchBarFromHell/ch25p846searchBarFromHell-Prefix.pch";
				INFOPLIST_FILE = "ch25p846searchBarFromHell/ch25p846searchBarFromHell-Info.plist";
				LD_RUNPATH_SEARCH_PATHS = "$(inherited) @executable_path/Frameworks";
				ONLY_ACTIVE_ARCH = NO;
				PRODUCT_NAME = "$(TARGET_NAME)";
				SWIFT_OPTIMIZATION_LEVEL = "-Onone";
				WRAPPER_EXTENSION = app;
			};
			name = Debug;
		};
		C9F27279181D5CCC003FCBA0 /* Release */ = {
			isa = XCBuildConfiguration;
			buildSettings = {
				ARCHS = "$(ARCHS_STANDARD)";
				ASSETCATALOG_COMPILER_APPICON_NAME = AppIcon;
				CLANG_ENABLE_MODULES = YES;
				GCC_PRECOMPILE_PREFIX_HEADER = YES;
				GCC_PREFIX_HEADER = "ch25p846searchBarFromHell/ch25p846searchBarFromHell-Prefix.pch";
				INFOPLIST_FILE = "ch25p846searchBarFromHell/ch25p846searchBarFromHell-Info.plist";
				LD_RUNPATH_SEARCH_PATHS = "$(inherited) @executable_path/Frameworks";
				ONLY_ACTIVE_ARCH = NO;
				PRODUCT_NAME = "$(TARGET_NAME)";
				WRAPPER_EXTENSION = app;
			};
			name = Release;
		};
/* End XCBuildConfiguration section */

/* Begin XCConfigurationList section */
		C9F27240181D5CCC003FCBA0 /* Build configuration list for PBXProject "ch25p846searchBarFromHell" */ = {
			isa = XCConfigurationList;
			buildConfigurations = (
				C9F27275181D5CCC003FCBA0 /* Debug */,
				C9F27276181D5CCC003FCBA0 /* Release */,
			);
			defaultConfigurationIsVisible = 0;
			defaultConfigurationName = Release;
		};
		C9F27277181D5CCC003FCBA0 /* Build configuration list for PBXNativeTarget "ch25p846searchBarFromHell" */ = {
			isa = XCConfigurationList;
			buildConfigurations = (
				C9F27278181D5CCC003FCBA0 /* Debug */,
				C9F27279181D5CCC003FCBA0 /* Release */,
			);
			defaultConfigurationIsVisible = 0;
			defaultConfigurationName = Release;
		};
/* End XCConfigurationList section */
	};
	rootObject = C9F2723D181D5CCC003FCBA0 /* Project object */;
}
