// !$*UTF8*$!
{
	archiveVersion = 1;
	classes = {
	};
	objectVersion = 46;
	objects = {

/* Begin PBXBuildFile section */
		C9570D63179B7FBE00BCBD38 /* index.txt in Resources */ = {isa = PBXBuildFile; fileRef = C9570D62179B7FBE00BCBD38 /* index.txt */; };
		C98E2E88179B3C2700F43E4C /* Foundation.framework in Frameworks */ = {isa = PBXBuildFile; fileRef = C98E2E87179B3C2700F43E4C /* Foundation.framework */; };
		C98E2E8A179B3C2700F43E4C /* CoreGraphics.framework in Frameworks */ = {isa = PBXBuildFile; fileRef = C98E2E89179B3C2700F43E4C /* CoreGraphics.framework */; };
		C98E2E8C179B3C2700F43E4C /* UIKit.framework in Frameworks */ = {isa = PBXBuildFile; fileRef = C98E2E8B179B3C2700F43E4C /* UIKit.framework */; };
		C98E2E92179B3C2700F43E4C /* InfoPlist.strings in Resources */ = {isa = PBXBuildFile; fileRef = C98E2E90179B3C2700F43E4C /* InfoPlist.strings */; };
		C98E2E94179B3C2700F43E4C /* main.m in Sources */ = {isa = PBXBuildFile; fileRef = C98E2E93179B3C2700F43E4C /* main.m */; };
		C98E2E98179B3C2700F43E4C /* AppDelegate.m in Sources */ = {isa = PBXBuildFile; fileRef = C98E2E97179B3C2700F43E4C /* AppDelegate.m */; };
		C98E2E9A179B3C2700F43E4C /* Images.xcassets in Resources */ = {isa = PBXBuildFile; fileRef = C98E2E99179B3C2700F43E4C /* Images.xcassets */; };
/* End PBXBuildFile section */

/* Begin PBXFileReference section */
		C9570D62179B7FBE00BCBD38 /* index.txt */ = {isa = PBXFileReference; fileEncoding = 4; lastKnownFileType = text; path = index.txt; sourceTree = "<group>"; };
		C98E2E84179B3C2700F43E4C /* ch10p263foundationClasses.app */ = {isa = PBXFileReference; explicitFileType = wrapper.application; includeInIndex = 0; path = ch10p263foundationClasses.app; sourceTree = BUILT_PRODUCTS_DIR; };
		C98E2E87179B3C2700F43E4C /* Foundation.framework */ = {isa = PBXFileReference; lastKnownFileType = wrapper.framework; name = Foundation.framework; path = System/Library/Frameworks/Foundation.framework; sourceTree = SDKROOT; };
		C98E2E89179B3C2700F43E4C /* CoreGraphics.framework */ = {isa = PBXFileReference; lastKnownFileType = wrapper.framework; name = CoreGraphics.framework; path = System/Library/Frameworks/CoreGraphics.framework; sourceTree = SDKROOT; };
		C98E2E8B179B3C2700F43E4C /* UIKit.framework */ = {isa = PBXFileReference; lastKnownFileType = wrapper.framework; name = UIKit.framework; path = System/Library/Frameworks/UIKit.framework; sourceTree = SDKROOT; };
		C98E2E8F179B3C2700F43E4C /* ch10p263foundationClasses-Info.plist */ = {isa = PBXFileReference; lastKnownFileType = text.plist.xml; path = "ch10p263foundationClasses-Info.plist"; sourceTree = "<group>"; };
		C98E2E91179B3C2700F43E4C /* en */ = {isa = PBXFileReference; lastKnownFileType = text.plist.strings; name = en; path = en.lproj/InfoPlist.strings; sourceTree = "<group>"; };
		C98E2E93179B3C2700F43E4C /* main.m */ = {isa = PBXFileReference; lastKnownFileType = sourcecode.c.objc; path = main.m; sourceTree = "<group>"; };
		C98E2E95179B3C2700F43E4C /* ch10p263foundationClasses-Prefix.pch */ = {isa = PBXFileReference; lastKnownFileType = sourcecode.c.h; path = "ch10p263foundationClasses-Prefix.pch"; sourceTree = "<group>"; };
		C98E2E96179B3C2700F43E4C /* AppDelegate.h */ = {isa = PBXFileReference; lastKnownFileType = sourcecode.c.h; path = AppDelegate.h; sourceTree = "<group>"; };
		C98E2E97179B3C2700F43E4C /* AppDelegate.m */ = {isa = PBXFileReference; lastKnownFileType = sourcecode.c.objc; path = AppDelegate.m; sourceTree = "<group>"; };
		C98E2E99179B3C2700F43E4C /* Images.xcassets */ = {isa = PBXFileReference; lastKnownFileType = folder.assetcatalog; path = Images.xcassets; sourceTree = "<group>"; };
		C98E2EA0179B3C2700F43E4C /* XCTest.framework */ = {isa = PBXFileReference; lastKnownFileType = wrapper.framework; name = XCTest.framework; path = Library/Frameworks/XCTest.framework; sourceTree = DEVELOPER_DIR; };
/* End PBXFileReference section */

/* Begin PBXFrameworksBuildPhase section */
		C98E2E81179B3C2700F43E4C /* Frameworks */ = {
			isa = PBXFrameworksBuildPhase;
			buildActionMask = 2147483647;
			files = (
				C98E2E8A179B3C2700F43E4C /* CoreGraphics.framework in Frameworks */,
				C98E2E8C179B3C2700F43E4C /* UIKit.framework in Frameworks */,
				C98E2E88179B3C2700F43E4C /* Foundation.framework in Frameworks */,
			);
			runOnlyForDeploymentPostprocessing = 0;
		};
/* End PBXFrameworksBuildPhase section */

/* Begin PBXGroup section */
		C98E2E7B179B3C2700F43E4C = {
			isa = PBXGroup;
			children = (
				C98E2E8D179B3C2700F43E4C /* ch10p263foundationClasses */,
				C98E2E86179B3C2700F43E4C /* Frameworks */,
				C98E2E85179B3C2700F43E4C /* Products */,
			);
			sourceTree = "<group>";
		};
		C98E2E85179B3C2700F43E4C /* Products */ = {
			isa = PBXGroup;
			children = (
				C98E2E84179B3C2700F43E4C /* ch10p263foundationClasses.app */,
			);
			name = Products;
			sourceTree = "<group>";
		};
		C98E2E86179B3C2700F43E4C /* Frameworks */ = {
			isa = PBXGroup;
			children = (
				C98E2E87179B3C2700F43E4C /* Foundation.framework */,
				C98E2E89179B3C2700F43E4C /* CoreGraphics.framework */,
				C98E2E8B179B3C2700F43E4C /* UIKit.framework */,
				C98E2EA0179B3C2700F43E4C /* XCTest.framework */,
			);
			name = Frameworks;
			sourceTree = "<group>";
		};
		C98E2E8D179B3C2700F43E4C /* ch10p263foundationClasses */ = {
			isa = PBXGroup;
			children = (
				C98E2E96179B3C2700F43E4C /* AppDelegate.h */,
				C98E2E97179B3C2700F43E4C /* AppDelegate.m */,
				C9570D62179B7FBE00BCBD38 /* index.txt */,
				C98E2E99179B3C2700F43E4C /* Images.xcassets */,
				C98E2E8E179B3C2700F43E4C /* Supporting Files */,
			);
			path = ch10p263foundationClasses;
			sourceTree = "<group>";
		};
		C98E2E8E179B3C2700F43E4C /* Supporting Files */ = {
			isa = PBXGroup;
			children = (
				C98E2E8F179B3C2700F43E4C /* ch10p263foundationClasses-Info.plist */,
				C98E2E90179B3C2700F43E4C /* InfoPlist.strings */,
				C98E2E93179B3C2700F43E4C /* main.m */,
				C98E2E95179B3C2700F43E4C /* ch10p263foundationClasses-Prefix.pch */,
			);
			name = "Supporting Files";
			sourceTree = "<group>";
		};
/* End PBXGroup section */

/* Begin PBXNativeTarget section */
		C98E2E83179B3C2700F43E4C /* ch10p263foundationClasses */ = {
			isa = PBXNativeTarget;
			buildConfigurationList = C98E2EB0179B3C2700F43E4C /* Build configuration list for PBXNativeTarget "ch10p263foundationClasses" */;
			buildPhases = (
				C98E2E80179B3C2700F43E4C /* Sources */,
				C98E2E81179B3C2700F43E4C /* Frameworks */,
				C98E2E82179B3C2700F43E4C /* Resources */,
			);
			buildRules = (
			);
			dependencies = (
			);
			name = ch10p263foundationClasses;
			productName = ch10p263foundationClasses;
			productReference = C98E2E84179B3C2700F43E4C /* ch10p263foundationClasses.app */;
			productType = "com.apple.product-type.application";
		};
/* End PBXNativeTarget section */

/* Begin PBXProject section */
		C98E2E7C179B3C2700F43E4C /* Project object */ = {
			isa = PBXProject;
			attributes = {
				LastUpgradeCheck = 0500;
				ORGANIZATIONNAME = "Matt Neuburg";
			};
			buildConfigurationList = C98E2E7F179B3C2700F43E4C /* Build configuration list for PBXProject "ch10p263foundationClasses" */;
			compatibilityVersion = "Xcode 3.2";
			developmentRegion = English;
			hasScannedForEncodings = 0;
			knownRegions = (
				en,
			);
			mainGroup = C98E2E7B179B3C2700F43E4C;
			productRefGroup = C98E2E85179B3C2700F43E4C /* Products */;
			projectDirPath = "";
			projectRoot = "";
			targets = (
				C98E2E83179B3C2700F43E4C /* ch10p263foundationClasses */,
			);
		};
/* End PBXProject section */

/* Begin PBXResourcesBuildPhase section */
		C98E2E82179B3C2700F43E4C /* Resources */ = {
			isa = PBXResourcesBuildPhase;
			buildActionMask = 2147483647;
			files = (
				C98E2E92179B3C2700F43E4C /* InfoPlist.strings in Resources */,
				C98E2E9A179B3C2700F43E4C /* Images.xcassets in Resources */,
				C9570D63179B7FBE00BCBD38 /* index.txt in Resources */,
			);
			runOnlyForDeploymentPostprocessing = 0;
		};
/* End PBXResourcesBuildPhase section */

/* Begin PBXSourcesBuildPhase section */
		C98E2E80179B3C2700F43E4C /* Sources */ = {
			isa = PBXSourcesBuildPhase;
			buildActionMask = 2147483647;
			files = (
				C98E2E98179B3C2700F43E4C /* AppDelegate.m in Sources */,
				C98E2E94179B3C2700F43E4C /* main.m in Sources */,
			);
			runOnlyForDeploymentPostprocessing = 0;
		};
/* End PBXSourcesBuildPhase section */

/* Begin PBXVariantGroup section */
		C98E2E90179B3C2700F43E4C /* InfoPlist.strings */ = {
			isa = PBXVariantGroup;
			children = (
				C98E2E91179B3C2700F43E4C /* en */,
			);
			name = InfoPlist.strings;
			sourceTree = "<group>";
		};
/* End PBXVariantGroup section */

/* Begin XCBuildConfiguration section */
		C98E2EAE179B3C2700F43E4C /* Debug */ = {
			isa = XCBuildConfiguration;
			buildSettings = {
				ALWAYS_SEARCH_USER_PATHS = NO;
				CLANG_CXX_LANGUAGE_STANDARD = "gnu++0x";
				CLANG_CXX_LIBRARY = "libc++";
				CLANG_ENABLE_MODULES = YES;
				CLANG_ENABLE_OBJC_ARC = YES;
				CLANG_WARN_BOOL_CONVERSION = YES;
				CLANG_WARN_CONSTANT_CONVERSION = YES;
				CLANG_WARN_DIRECT_OBJC_ISA_USAGE = YES_ERROR;
				CLANG_WARN_EMPTY_BODY = YES;
				CLANG_WARN_ENUM_CONVERSION = YES;
				CLANG_WARN_INT_CONVERSION = YES;
				CLANG_WARN_OBJC_ROOT_CLASS = YES_ERROR;
				CLANG_WARN__DUPLICATE_METHOD_MATCH = YES;
				"CODE_SIGN_IDENTITY[sdk=iphoneos*]" = "iPhone Developer";
				COPY_PHASE_STRIP = NO;
				GCC_C_LANGUAGE_STANDARD = gnu99;
				GCC_DYNAMIC_NO_PIC = NO;
				GCC_OPTIMIZATION_LEVEL = 0;
				GCC_PREPROCESSOR_DEFINITIONS = (
					"DEBUG=1",
					"$(inherited)",
				);
				GCC_SYMBOLS_PRIVATE_EXTERN = NO;
				GCC_WARN_ABOUT_RETURN_TYPE = YES_ERROR;
				GCC_WARN_UNDECLARED_SELECTOR = YES;
				GCC_WARN_UNINITIALIZED_AUTOS = YES;
				GCC_WARN_UNUSED_FUNCTION = YES;
				GCC_WARN_UNUSED_VARIABLE = YES;
				IPHONEOS_DEPLOYMENT_TARGET = 7.0;
				ONLY_ACTIVE_ARCH = YES;
				SDKROOT = iphoneos;
			};
			name = Debug;
		};
		C98E2EAF179B3C2700F43E4C /* Release */ = {
			isa = XCBuildConfiguration;
			buildSettings = {
				ALWAYS_SEARCH_USER_PATHS = NO;
				CLANG_CXX_LANGUAGE_STANDARD = "gnu++0x";
				CLANG_CXX_LIBRARY = "libc++";
				CLANG_ENABLE_MODULES = YES;
				CLANG_ENABLE_OBJC_ARC = YES;
				CLANG_WARN_BOOL_CONVERSION = YES;
				CLANG_WARN_CONSTANT_CONVERSION = YES;
				CLANG_WARN_DIRECT_OBJC_ISA_USAGE = YES_ERROR;
				CLANG_WARN_EMPTY_BODY = YES;
				CLANG_WARN_ENUM_CONVERSION = YES;
				CLANG_WARN_INT_CONVERSION = YES;
				CLANG_WARN_OBJC_ROOT_CLASS = YES_ERROR;
				CLANG_WARN__DUPLICATE_METHOD_MATCH = YES;
				"CODE_SIGN_IDENTITY[sdk=iphoneos*]" = "iPhone Developer";
				COPY_PHASE_STRIP = YES;
				ENABLE_NS_ASSERTIONS = NO;
				GCC_C_LANGUAGE_STANDARD = gnu99;
				GCC_WARN_ABOUT_RETURN_TYPE = YES_ERROR;
				GCC_WARN_UNDECLARED_SELECTOR = YES;
				GCC_WARN_UNINITIALIZED_AUTOS = YES;
				GCC_WARN_UNUSED_FUNCTION = YES;
				GCC_WARN_UNUSED_VARIABLE = YES;
				IPHONEOS_DEPLOYMENT_TARGET = 7.0;
				SDKROOT = iphoneos;
				VALIDATE_PRODUCT = YES;
			};
			name = Release;
		};
		C98E2EB1179B3C2700F43E4C /* Debug */ = {
			isa = XCBuildConfiguration;
			buildSettings = {
				ASSETCATALOG_COMPILER_APPICON_NAME = AppIcon;
				ASSETCATALOG_COMPILER_LAUNCHIMAGE_NAME = LaunchImage;
				GCC_PRECOMPILE_PREFIX_HEADER = YES;
				GCC_PREFIX_HEADER = "ch10p263foundationClasses/ch10p263foundationClasses-Prefix.pch";
				INFOPLIST_FILE = "ch10p263foundationClasses/ch10p263foundationClasses-Info.plist";
				PRODUCT_NAME = "$(TARGET_NAME)";
				WRAPPER_EXTENSION = app;
			};
			name = Debug;
		};
		C98E2EB2179B3C2700F43E4C /* Release */ = {
			isa = XCBuildConfiguration;
			buildSettings = {
				ASSETCATALOG_COMPILER_APPICON_NAME = AppIcon;
				ASSETCATALOG_COMPILER_LAUNCHIMAGE_NAME = LaunchImage;
				GCC_PRECOMPILE_PREFIX_HEADER = YES;
				GCC_PREFIX_HEADER = "ch10p263foundationClasses/ch10p263foundationClasses-Prefix.pch";
				INFOPLIST_FILE = "ch10p263foundationClasses/ch10p263foundationClasses-Info.plist";
				PRODUCT_NAME = "$(TARGET_NAME)";
				WRAPPER_EXTENSION = app;
			};
			name = Release;
		};
/* End XCBuildConfiguration section */

/* Begin XCConfigurationList section */
		C98E2E7F179B3C2700F43E4C /* Build configuration list for PBXProject "ch10p263foundationClasses" */ = {
			isa = XCConfigurationList;
			buildConfigurations = (
				C98E2EAE179B3C2700F43E4C /* Debug */,
				C98E2EAF179B3C2700F43E4C /* Release */,
			);
			defaultConfigurationIsVisible = 0;
			defaultConfigurationName = Release;
		};
		C98E2EB0179B3C2700F43E4C /* Build configuration list for PBXNativeTarget "ch10p263foundationClasses" */ = {
			isa = XCConfigurationList;
			buildConfigurations = (
				C98E2EB1179B3C2700F43E4C /* Debug */,
				C98E2EB2179B3C2700F43E4C /* Release */,
			);
			defaultConfigurationIsVisible = 0;
			defaultConfigurationName = Release;
		};
/* End XCConfigurationList section */
	};
	rootObject = C98E2E7C179B3C2700F43E4C /* Project object */;
}
