// !$*UTF8*$!
{
	archiveVersion = 1;
	classes = {
	};
	objectVersion = 46;
	objects = {

/* Begin PBXBuildFile section */
		C937D36B17D4FE6400D5F188 /* Foundation.framework in Frameworks */ = {isa = PBXBuildFile; fileRef = C937D36A17D4FE6400D5F188 /* Foundation.framework */; };
		C937D36D17D4FE6400D5F188 /* CoreGraphics.framework in Frameworks */ = {isa = PBXBuildFile; fileRef = C937D36C17D4FE6400D5F188 /* CoreGraphics.framework */; };
		C937D36F17D4FE6400D5F188 /* UIKit.framework in Frameworks */ = {isa = PBXBuildFile; fileRef = C937D36E17D4FE6400D5F188 /* UIKit.framework */; };
		C937D37517D4FE6400D5F188 /* InfoPlist.strings in Resources */ = {isa = PBXBuildFile; fileRef = C937D37317D4FE6400D5F188 /* InfoPlist.strings */; };
		C937D37717D4FE6400D5F188 /* main.m in Sources */ = {isa = PBXBuildFile; fileRef = C937D37617D4FE6400D5F188 /* main.m */; };
		C937D37B17D4FE6400D5F188 /* AppDelegate.m in Sources */ = {isa = PBXBuildFile; fileRef = C937D37A17D4FE6400D5F188 /* AppDelegate.m */; };
		C937D38317D4FE6400D5F188 /* Images.xcassets in Resources */ = {isa = PBXBuildFile; fileRef = C937D38217D4FE6400D5F188 /* Images.xcassets */; };
		C937D3A517D4FEB200D5F188 /* RootViewController.m in Sources */ = {isa = PBXBuildFile; fileRef = C937D3A017D4FEB200D5F188 /* RootViewController.m */; };
		C937D3A617D4FEB200D5F188 /* SecondViewController.m in Sources */ = {isa = PBXBuildFile; fileRef = C937D3A217D4FEB200D5F188 /* SecondViewController.m */; };
		C937D3A717D4FEB200D5F188 /* PresentedViewController.m in Sources */ = {isa = PBXBuildFile; fileRef = C937D3A417D4FEB200D5F188 /* PresentedViewController.m */; };
/* End PBXBuildFile section */

/* Begin PBXFileReference section */
		C937D36717D4FE6400D5F188 /* ch19p652SimplestRestorationExample2.app */ = {isa = PBXFileReference; explicitFileType = wrapper.application; includeInIndex = 0; path = ch19p652SimplestRestorationExample2.app; sourceTree = BUILT_PRODUCTS_DIR; };
		C937D36A17D4FE6400D5F188 /* Foundation.framework */ = {isa = PBXFileReference; lastKnownFileType = wrapper.framework; name = Foundation.framework; path = System/Library/Frameworks/Foundation.framework; sourceTree = SDKROOT; };
		C937D36C17D4FE6400D5F188 /* CoreGraphics.framework */ = {isa = PBXFileReference; lastKnownFileType = wrapper.framework; name = CoreGraphics.framework; path = System/Library/Frameworks/CoreGraphics.framework; sourceTree = SDKROOT; };
		C937D36E17D4FE6400D5F188 /* UIKit.framework */ = {isa = PBXFileReference; lastKnownFileType = wrapper.framework; name = UIKit.framework; path = System/Library/Frameworks/UIKit.framework; sourceTree = SDKROOT; };
		C937D37217D4FE6400D5F188 /* ch19p652SimplestRestorationExample2-Info.plist */ = {isa = PBXFileReference; lastKnownFileType = text.plist.xml; path = "ch19p652SimplestRestorationExample2-Info.plist"; sourceTree = "<group>"; };
		C937D37417D4FE6400D5F188 /* en */ = {isa = PBXFileReference; lastKnownFileType = text.plist.strings; name = en; path = en.lproj/InfoPlist.strings; sourceTree = "<group>"; };
		C937D37617D4FE6400D5F188 /* main.m */ = {isa = PBXFileReference; lastKnownFileType = sourcecode.c.objc; path = main.m; sourceTree = "<group>"; };
		C937D37817D4FE6400D5F188 /* ch19p652SimplestRestorationExample2-Prefix.pch */ = {isa = PBXFileReference; lastKnownFileType = sourcecode.c.h; path = "ch19p652SimplestRestorationExample2-Prefix.pch"; sourceTree = "<group>"; };
		C937D37917D4FE6400D5F188 /* AppDelegate.h */ = {isa = PBXFileReference; lastKnownFileType = sourcecode.c.h; path = AppDelegate.h; sourceTree = "<group>"; };
		C937D37A17D4FE6400D5F188 /* AppDelegate.m */ = {isa = PBXFileReference; lastKnownFileType = sourcecode.c.objc; path = AppDelegate.m; sourceTree = "<group>"; };
		C937D38217D4FE6400D5F188 /* Images.xcassets */ = {isa = PBXFileReference; lastKnownFileType = folder.assetcatalog; path = Images.xcassets; sourceTree = "<group>"; };
		C937D38917D4FE6400D5F188 /* XCTest.framework */ = {isa = PBXFileReference; lastKnownFileType = wrapper.framework; name = XCTest.framework; path = Library/Frameworks/XCTest.framework; sourceTree = DEVELOPER_DIR; };
		C937D39F17D4FEB200D5F188 /* RootViewController.h */ = {isa = PBXFileReference; fileEncoding = 4; lastKnownFileType = sourcecode.c.h; path = RootViewController.h; sourceTree = "<group>"; };
		C937D3A017D4FEB200D5F188 /* RootViewController.m */ = {isa = PBXFileReference; fileEncoding = 4; lastKnownFileType = sourcecode.c.objc; path = RootViewController.m; sourceTree = "<group>"; };
		C937D3A117D4FEB200D5F188 /* SecondViewController.h */ = {isa = PBXFileReference; fileEncoding = 4; lastKnownFileType = sourcecode.c.h; path = SecondViewController.h; sourceTree = "<group>"; };
		C937D3A217D4FEB200D5F188 /* SecondViewController.m */ = {isa = PBXFileReference; fileEncoding = 4; lastKnownFileType = sourcecode.c.objc; path = SecondViewController.m; sourceTree = "<group>"; };
		C937D3A317D4FEB200D5F188 /* PresentedViewController.h */ = {isa = PBXFileReference; fileEncoding = 4; lastKnownFileType = sourcecode.c.h; path = PresentedViewController.h; sourceTree = "<group>"; };
		C937D3A417D4FEB200D5F188 /* PresentedViewController.m */ = {isa = PBXFileReference; fileEncoding = 4; lastKnownFileType = sourcecode.c.objc; path = PresentedViewController.m; sourceTree = "<group>"; };
/* End PBXFileReference section */

/* Begin PBXFrameworksBuildPhase section */
		C937D36417D4FE6400D5F188 /* Frameworks */ = {
			isa = PBXFrameworksBuildPhase;
			buildActionMask = 2147483647;
			files = (
				C937D36D17D4FE6400D5F188 /* CoreGraphics.framework in Frameworks */,
				C937D36F17D4FE6400D5F188 /* UIKit.framework in Frameworks */,
				C937D36B17D4FE6400D5F188 /* Foundation.framework in Frameworks */,
			);
			runOnlyForDeploymentPostprocessing = 0;
		};
/* End PBXFrameworksBuildPhase section */

/* Begin PBXGroup section */
		C937D35E17D4FE6400D5F188 = {
			isa = PBXGroup;
			children = (
				C937D37017D4FE6400D5F188 /* ch19p652SimplestRestorationExample2 */,
				C937D36917D4FE6400D5F188 /* Frameworks */,
				C937D36817D4FE6400D5F188 /* Products */,
			);
			sourceTree = "<group>";
		};
		C937D36817D4FE6400D5F188 /* Products */ = {
			isa = PBXGroup;
			children = (
				C937D36717D4FE6400D5F188 /* ch19p652SimplestRestorationExample2.app */,
			);
			name = Products;
			sourceTree = "<group>";
		};
		C937D36917D4FE6400D5F188 /* Frameworks */ = {
			isa = PBXGroup;
			children = (
				C937D36A17D4FE6400D5F188 /* Foundation.framework */,
				C937D36C17D4FE6400D5F188 /* CoreGraphics.framework */,
				C937D36E17D4FE6400D5F188 /* UIKit.framework */,
				C937D38917D4FE6400D5F188 /* XCTest.framework */,
			);
			name = Frameworks;
			sourceTree = "<group>";
		};
		C937D37017D4FE6400D5F188 /* ch19p652SimplestRestorationExample2 */ = {
			isa = PBXGroup;
			children = (
				C937D37917D4FE6400D5F188 /* AppDelegate.h */,
				C937D37A17D4FE6400D5F188 /* AppDelegate.m */,
				C937D39F17D4FEB200D5F188 /* RootViewController.h */,
				C937D3A017D4FEB200D5F188 /* RootViewController.m */,
				C937D3A117D4FEB200D5F188 /* SecondViewController.h */,
				C937D3A217D4FEB200D5F188 /* SecondViewController.m */,
				C937D3A317D4FEB200D5F188 /* PresentedViewController.h */,
				C937D3A417D4FEB200D5F188 /* PresentedViewController.m */,
				C937D38217D4FE6400D5F188 /* Images.xcassets */,
				C937D37117D4FE6400D5F188 /* Supporting Files */,
			);
			path = ch19p652SimplestRestorationExample2;
			sourceTree = "<group>";
		};
		C937D37117D4FE6400D5F188 /* Supporting Files */ = {
			isa = PBXGroup;
			children = (
				C937D37217D4FE6400D5F188 /* ch19p652SimplestRestorationExample2-Info.plist */,
				C937D37317D4FE6400D5F188 /* InfoPlist.strings */,
				C937D37617D4FE6400D5F188 /* main.m */,
				C937D37817D4FE6400D5F188 /* ch19p652SimplestRestorationExample2-Prefix.pch */,
			);
			name = "Supporting Files";
			sourceTree = "<group>";
		};
/* End PBXGroup section */

/* Begin PBXNativeTarget section */
		C937D36617D4FE6400D5F188 /* ch19p652SimplestRestorationExample2 */ = {
			isa = PBXNativeTarget;
			buildConfigurationList = C937D39917D4FE6400D5F188 /* Build configuration list for PBXNativeTarget "ch19p652SimplestRestorationExample2" */;
			buildPhases = (
				C937D36317D4FE6400D5F188 /* Sources */,
				C937D36417D4FE6400D5F188 /* Frameworks */,
				C937D36517D4FE6400D5F188 /* Resources */,
			);
			buildRules = (
			);
			dependencies = (
			);
			name = ch19p652SimplestRestorationExample2;
			productName = ch19p652SimplestRestorationExample2;
			productReference = C937D36717D4FE6400D5F188 /* ch19p652SimplestRestorationExample2.app */;
			productType = "com.apple.product-type.application";
		};
/* End PBXNativeTarget section */

/* Begin PBXProject section */
		C937D35F17D4FE6400D5F188 /* Project object */ = {
			isa = PBXProject;
			attributes = {
				LastUpgradeCheck = 0500;
				ORGANIZATIONNAME = "Matt Neuburg";
			};
			buildConfigurationList = C937D36217D4FE6400D5F188 /* Build configuration list for PBXProject "ch19p652SimplestRestorationExample2" */;
			compatibilityVersion = "Xcode 3.2";
			developmentRegion = English;
			hasScannedForEncodings = 0;
			knownRegions = (
				en,
				Base,
			);
			mainGroup = C937D35E17D4FE6400D5F188;
			productRefGroup = C937D36817D4FE6400D5F188 /* Products */;
			projectDirPath = "";
			projectRoot = "";
			targets = (
				C937D36617D4FE6400D5F188 /* ch19p652SimplestRestorationExample2 */,
			);
		};
/* End PBXProject section */

/* Begin PBXResourcesBuildPhase section */
		C937D36517D4FE6400D5F188 /* Resources */ = {
			isa = PBXResourcesBuildPhase;
			buildActionMask = 2147483647;
			files = (
				C937D38317D4FE6400D5F188 /* Images.xcassets in Resources */,
				C937D37517D4FE6400D5F188 /* InfoPlist.strings in Resources */,
			);
			runOnlyForDeploymentPostprocessing = 0;
		};
/* End PBXResourcesBuildPhase section */

/* Begin PBXSourcesBuildPhase section */
		C937D36317D4FE6400D5F188 /* Sources */ = {
			isa = PBXSourcesBuildPhase;
			buildActionMask = 2147483647;
			files = (
				C937D3A617D4FEB200D5F188 /* SecondViewController.m in Sources */,
				C937D3A717D4FEB200D5F188 /* PresentedViewController.m in Sources */,
				C937D37B17D4FE6400D5F188 /* AppDelegate.m in Sources */,
				C937D37717D4FE6400D5F188 /* main.m in Sources */,
				C937D3A517D4FEB200D5F188 /* RootViewController.m in Sources */,
			);
			runOnlyForDeploymentPostprocessing = 0;
		};
/* End PBXSourcesBuildPhase section */

/* Begin PBXVariantGroup section */
		C937D37317D4FE6400D5F188 /* InfoPlist.strings */ = {
			isa = PBXVariantGroup;
			children = (
				C937D37417D4FE6400D5F188 /* en */,
			);
			name = InfoPlist.strings;
			sourceTree = "<group>";
		};
/* End PBXVariantGroup section */

/* Begin XCBuildConfiguration section */
		C937D39717D4FE6400D5F188 /* Debug */ = {
			isa = XCBuildConfiguration;
			buildSettings = {
				ALWAYS_SEARCH_USER_PATHS = NO;
				CLANG_CXX_LANGUAGE_STANDARD = "gnu++0x";
				CLANG_CXX_LIBRARY = "libc++";
				CLANG_ENABLE_MODULES = YES;
				CLANG_ENABLE_OBJC_ARC = YES;
				CLANG_WARN_BOOL_CONVERSION = YES;
				CLANG_WARN_CONSTANT_CONVERSION = YES;
				CLANG_WARN_DIRECT_OBJC_ISA_USAGE = YES_ERROR;
				CLANG_WARN_EMPTY_BODY = YES;
				CLANG_WARN_ENUM_CONVERSION = YES;
				CLANG_WARN_INT_CONVERSION = YES;
				CLANG_WARN_OBJC_ROOT_CLASS = YES_ERROR;
				CLANG_WARN__DUPLICATE_METHOD_MATCH = YES;
				"CODE_SIGN_IDENTITY[sdk=iphoneos*]" = "iPhone Developer";
				COPY_PHASE_STRIP = NO;
				GCC_C_LANGUAGE_STANDARD = gnu99;
				GCC_DYNAMIC_NO_PIC = NO;
				GCC_OPTIMIZATION_LEVEL = 0;
				GCC_PREPROCESSOR_DEFINITIONS = (
					"DEBUG=1",
					"$(inherited)",
				);
				GCC_SYMBOLS_PRIVATE_EXTERN = NO;
				GCC_WARN_ABOUT_RETURN_TYPE = YES_ERROR;
				GCC_WARN_UNDECLARED_SELECTOR = YES;
				GCC_WARN_UNINITIALIZED_AUTOS = YES;
				GCC_WARN_UNUSED_FUNCTION = YES;
				GCC_WARN_UNUSED_VARIABLE = YES;
				IPHONEOS_DEPLOYMENT_TARGET = 7.0;
				ONLY_ACTIVE_ARCH = YES;
				SDKROOT = iphoneos;
			};
			name = Debug;
		};
		C937D39817D4FE6400D5F188 /* Release */ = {
			isa = XCBuildConfiguration;
			buildSettings = {
				ALWAYS_SEARCH_USER_PATHS = NO;
				CLANG_CXX_LANGUAGE_STANDARD = "gnu++0x";
				CLANG_CXX_LIBRARY = "libc++";
				CLANG_ENABLE_MODULES = YES;
				CLANG_ENABLE_OBJC_ARC = YES;
				CLANG_WARN_BOOL_CONVERSION = YES;
				CLANG_WARN_CONSTANT_CONVERSION = YES;
				CLANG_WARN_DIRECT_OBJC_ISA_USAGE = YES_ERROR;
				CLANG_WARN_EMPTY_BODY = YES;
				CLANG_WARN_ENUM_CONVERSION = YES;
				CLANG_WARN_INT_CONVERSION = YES;
				CLANG_WARN_OBJC_ROOT_CLASS = YES_ERROR;
				CLANG_WARN__DUPLICATE_METHOD_MATCH = YES;
				"CODE_SIGN_IDENTITY[sdk=iphoneos*]" = "iPhone Developer";
				COPY_PHASE_STRIP = YES;
				ENABLE_NS_ASSERTIONS = NO;
				GCC_C_LANGUAGE_STANDARD = gnu99;
				GCC_WARN_ABOUT_RETURN_TYPE = YES_ERROR;
				GCC_WARN_UNDECLARED_SELECTOR = YES;
				GCC_WARN_UNINITIALIZED_AUTOS = YES;
				GCC_WARN_UNUSED_FUNCTION = YES;
				GCC_WARN_UNUSED_VARIABLE = YES;
				IPHONEOS_DEPLOYMENT_TARGET = 7.0;
				SDKROOT = iphoneos;
				VALIDATE_PRODUCT = YES;
			};
			name = Release;
		};
		C937D39A17D4FE6400D5F188 /* Debug */ = {
			isa = XCBuildConfiguration;
			buildSettings = {
				ASSETCATALOG_COMPILER_APPICON_NAME = AppIcon;
				ASSETCATALOG_COMPILER_LAUNCHIMAGE_NAME = LaunchImage;
				GCC_PRECOMPILE_PREFIX_HEADER = YES;
				GCC_PREFIX_HEADER = "ch19p652SimplestRestorationExample2/ch19p652SimplestRestorationExample2-Prefix.pch";
				INFOPLIST_FILE = "ch19p652SimplestRestorationExample2/ch19p652SimplestRestorationExample2-Info.plist";
				PRODUCT_NAME = "$(TARGET_NAME)";
				WRAPPER_EXTENSION = app;
			};
			name = Debug;
		};
		C937D39B17D4FE6400D5F188 /* Release */ = {
			isa = XCBuildConfiguration;
			buildSettings = {
				ASSETCATALOG_COMPILER_APPICON_NAME = AppIcon;
				ASSETCATALOG_COMPILER_LAUNCHIMAGE_NAME = LaunchImage;
				GCC_PRECOMPILE_PREFIX_HEADER = YES;
				GCC_PREFIX_HEADER = "ch19p652SimplestRestorationExample2/ch19p652SimplestRestorationExample2-Prefix.pch";
				INFOPLIST_FILE = "ch19p652SimplestRestorationExample2/ch19p652SimplestRestorationExample2-Info.plist";
				PRODUCT_NAME = "$(TARGET_NAME)";
				WRAPPER_EXTENSION = app;
			};
			name = Release;
		};
/* End XCBuildConfiguration section */

/* Begin XCConfigurationList section */
		C937D36217D4FE6400D5F188 /* Build configuration list for PBXProject "ch19p652SimplestRestorationExample2" */ = {
			isa = XCConfigurationList;
			buildConfigurations = (
				C937D39717D4FE6400D5F188 /* Debug */,
				C937D39817D4FE6400D5F188 /* Release */,
			);
			defaultConfigurationIsVisible = 0;
			defaultConfigurationName = Release;
		};
		C937D39917D4FE6400D5F188 /* Build configuration list for PBXNativeTarget "ch19p652SimplestRestorationExample2" */ = {
			isa = XCConfigurationList;
			buildConfigurations = (
				C937D39A17D4FE6400D5F188 /* Debug */,
				C937D39B17D4FE6400D5F188 /* Release */,
			);
			defaultConfigurationIsVisible = 0;
		};
/* End XCConfigurationList section */
	};
	rootObject = C937D35F17D4FE6400D5F188 /* Project object */;
}
