// !$*UTF8*$!
{
	archiveVersion = 1;
	classes = {
	};
	objectVersion = 46;
	objects = {

/* Begin PBXBuildFile section */
		A4195FC113CDF6EB00529223 /* UIKit.framework in Frameworks */ = {isa = PBXBuildFile; fileRef = A4195FC013CDF6EB00529223 /* UIKit.framework */; };
		A4195FC313CDF6EB00529223 /* Foundation.framework in Frameworks */ = {isa = PBXBuildFile; fileRef = A4195FC213CDF6EB00529223 /* Foundation.framework */; };
		A4195FC513CDF6EB00529223 /* CoreGraphics.framework in Frameworks */ = {isa = PBXBuildFile; fileRef = A4195FC413CDF6EB00529223 /* CoreGraphics.framework */; };
		A4195FCB13CDF6EB00529223 /* InfoPlist.strings in Resources */ = {isa = PBXBuildFile; fileRef = A4195FC913CDF6EB00529223 /* InfoPlist.strings */; };
		A4195FCE13CDF6EB00529223 /* main.m in Sources */ = {isa = PBXBuildFile; fileRef = A4195FCD13CDF6EB00529223 /* main.m */; };
		A4195FD113CDF6EB00529223 /* ImageIOAppDelegate.m in Sources */ = {isa = PBXBuildFile; fileRef = A4195FD013CDF6EB00529223 /* ImageIOAppDelegate.m */; };
		A4195FD413CDF6EB00529223 /* MainWindow.xib in Resources */ = {isa = PBXBuildFile; fileRef = A4195FD213CDF6EB00529223 /* MainWindow.xib */; };
		A4195FD713CDF6EB00529223 /* RootViewController.m in Sources */ = {isa = PBXBuildFile; fileRef = A4195FD613CDF6EB00529223 /* RootViewController.m */; };
		A4195FDA13CDF6EB00529223 /* RootView.xib in Resources */ = {isa = PBXBuildFile; fileRef = A4195FD813CDF6EB00529223 /* RootView.xib */; };
		A4195FEA13CDF7B700529223 /* colson.jpg in Resources */ = {isa = PBXBuildFile; fileRef = A4195FE913CDF7B700529223 /* colson.jpg */; };
		A4195FEC13CDF83400529223 /* ImageIO.framework in Frameworks */ = {isa = PBXBuildFile; fileRef = A4195FEB13CDF83400529223 /* ImageIO.framework */; };
/* End PBXBuildFile section */

/* Begin PBXFileReference section */
		A4195FBC13CDF6EB00529223 /* p747imageIO.app */ = {isa = PBXFileReference; explicitFileType = wrapper.application; includeInIndex = 0; path = p747imageIO.app; sourceTree = BUILT_PRODUCTS_DIR; };
		A4195FC013CDF6EB00529223 /* UIKit.framework */ = {isa = PBXFileReference; lastKnownFileType = wrapper.framework; name = UIKit.framework; path = System/Library/Frameworks/UIKit.framework; sourceTree = SDKROOT; };
		A4195FC213CDF6EB00529223 /* Foundation.framework */ = {isa = PBXFileReference; lastKnownFileType = wrapper.framework; name = Foundation.framework; path = System/Library/Frameworks/Foundation.framework; sourceTree = SDKROOT; };
		A4195FC413CDF6EB00529223 /* CoreGraphics.framework */ = {isa = PBXFileReference; lastKnownFileType = wrapper.framework; name = CoreGraphics.framework; path = System/Library/Frameworks/CoreGraphics.framework; sourceTree = SDKROOT; };
		A4195FC813CDF6EB00529223 /* p747imageIO-Info.plist */ = {isa = PBXFileReference; lastKnownFileType = text.plist.xml; path = "p747imageIO-Info.plist"; sourceTree = "<group>"; };
		A4195FCA13CDF6EB00529223 /* en */ = {isa = PBXFileReference; lastKnownFileType = text.plist.strings; name = en; path = en.lproj/InfoPlist.strings; sourceTree = "<group>"; };
		A4195FCC13CDF6EB00529223 /* p747imageIO-Prefix.pch */ = {isa = PBXFileReference; lastKnownFileType = sourcecode.c.h; path = "p747imageIO-Prefix.pch"; sourceTree = "<group>"; };
		A4195FCD13CDF6EB00529223 /* main.m */ = {isa = PBXFileReference; lastKnownFileType = sourcecode.c.objc; path = main.m; sourceTree = "<group>"; };
		A4195FCF13CDF6EB00529223 /* ImageIOAppDelegate.h */ = {isa = PBXFileReference; lastKnownFileType = sourcecode.c.h; path = ImageIOAppDelegate.h; sourceTree = "<group>"; };
		A4195FD013CDF6EB00529223 /* ImageIOAppDelegate.m */ = {isa = PBXFileReference; lastKnownFileType = sourcecode.c.objc; path = ImageIOAppDelegate.m; sourceTree = "<group>"; };
		A4195FD313CDF6EB00529223 /* en */ = {isa = PBXFileReference; lastKnownFileType = file.xib; name = en; path = en.lproj/MainWindow.xib; sourceTree = "<group>"; };
		A4195FD513CDF6EB00529223 /* RootViewController.h */ = {isa = PBXFileReference; lastKnownFileType = sourcecode.c.h; path = RootViewController.h; sourceTree = "<group>"; };
		A4195FD613CDF6EB00529223 /* RootViewController.m */ = {isa = PBXFileReference; lastKnownFileType = sourcecode.c.objc; path = RootViewController.m; sourceTree = "<group>"; };
		A4195FD913CDF6EB00529223 /* en */ = {isa = PBXFileReference; lastKnownFileType = file.xib; name = en; path = en.lproj/RootView.xib; sourceTree = "<group>"; };
		A4195FE913CDF7B700529223 /* colson.jpg */ = {isa = PBXFileReference; lastKnownFileType = image.jpeg; path = colson.jpg; sourceTree = "<group>"; };
		A4195FEB13CDF83400529223 /* ImageIO.framework */ = {isa = PBXFileReference; lastKnownFileType = wrapper.framework; name = ImageIO.framework; path = System/Library/Frameworks/ImageIO.framework; sourceTree = SDKROOT; };
/* End PBXFileReference section */

/* Begin PBXFrameworksBuildPhase section */
		A4195FB913CDF6EB00529223 /* Frameworks */ = {
			isa = PBXFrameworksBuildPhase;
			buildActionMask = 2147483647;
			files = (
				A4195FEC13CDF83400529223 /* ImageIO.framework in Frameworks */,
				A4195FC113CDF6EB00529223 /* UIKit.framework in Frameworks */,
				A4195FC313CDF6EB00529223 /* Foundation.framework in Frameworks */,
				A4195FC513CDF6EB00529223 /* CoreGraphics.framework in Frameworks */,
			);
			runOnlyForDeploymentPostprocessing = 0;
		};
/* End PBXFrameworksBuildPhase section */

/* Begin PBXGroup section */
		A4195FB113CDF6EA00529223 = {
			isa = PBXGroup;
			children = (
				A4195FC613CDF6EB00529223 /* p747imageIO */,
				A4195FBF13CDF6EB00529223 /* Frameworks */,
				A4195FBD13CDF6EB00529223 /* Products */,
			);
			sourceTree = "<group>";
		};
		A4195FBD13CDF6EB00529223 /* Products */ = {
			isa = PBXGroup;
			children = (
				A4195FBC13CDF6EB00529223 /* p747imageIO.app */,
			);
			name = Products;
			sourceTree = "<group>";
		};
		A4195FBF13CDF6EB00529223 /* Frameworks */ = {
			isa = PBXGroup;
			children = (
				A4195FEB13CDF83400529223 /* ImageIO.framework */,
				A4195FC013CDF6EB00529223 /* UIKit.framework */,
				A4195FC213CDF6EB00529223 /* Foundation.framework */,
				A4195FC413CDF6EB00529223 /* CoreGraphics.framework */,
			);
			name = Frameworks;
			sourceTree = "<group>";
		};
		A4195FC613CDF6EB00529223 /* p747imageIO */ = {
			isa = PBXGroup;
			children = (
				A4195FCF13CDF6EB00529223 /* ImageIOAppDelegate.h */,
				A4195FD013CDF6EB00529223 /* ImageIOAppDelegate.m */,
				A4195FD213CDF6EB00529223 /* MainWindow.xib */,
				A4195FD513CDF6EB00529223 /* RootViewController.h */,
				A4195FD613CDF6EB00529223 /* RootViewController.m */,
				A4195FD813CDF6EB00529223 /* RootView.xib */,
				A4195FC713CDF6EB00529223 /* Supporting Files */,
			);
			path = p747imageIO;
			sourceTree = "<group>";
		};
		A4195FC713CDF6EB00529223 /* Supporting Files */ = {
			isa = PBXGroup;
			children = (
				A4195FE913CDF7B700529223 /* colson.jpg */,
				A4195FC813CDF6EB00529223 /* p747imageIO-Info.plist */,
				A4195FC913CDF6EB00529223 /* InfoPlist.strings */,
				A4195FCC13CDF6EB00529223 /* p747imageIO-Prefix.pch */,
				A4195FCD13CDF6EB00529223 /* main.m */,
			);
			name = "Supporting Files";
			sourceTree = "<group>";
		};
/* End PBXGroup section */

/* Begin PBXNativeTarget section */
		A4195FBB13CDF6EB00529223 /* p747imageIO */ = {
			isa = PBXNativeTarget;
			buildConfigurationList = A4195FDD13CDF6EB00529223 /* Build configuration list for PBXNativeTarget "p747imageIO" */;
			buildPhases = (
				A4195FB813CDF6EB00529223 /* Sources */,
				A4195FB913CDF6EB00529223 /* Frameworks */,
				A4195FBA13CDF6EB00529223 /* Resources */,
			);
			buildRules = (
			);
			dependencies = (
			);
			name = p747imageIO;
			productName = p747imageIO;
			productReference = A4195FBC13CDF6EB00529223 /* p747imageIO.app */;
			productType = "com.apple.product-type.application";
		};
/* End PBXNativeTarget section */

/* Begin PBXProject section */
		A4195FB313CDF6EA00529223 /* Project object */ = {
			isa = PBXProject;
			buildConfigurationList = A4195FB613CDF6EA00529223 /* Build configuration list for PBXProject "p747imageIO" */;
			compatibilityVersion = "Xcode 3.2";
			developmentRegion = English;
			hasScannedForEncodings = 0;
			knownRegions = (
				en,
			);
			mainGroup = A4195FB113CDF6EA00529223;
			productRefGroup = A4195FBD13CDF6EB00529223 /* Products */;
			projectDirPath = "";
			projectRoot = "";
			targets = (
				A4195FBB13CDF6EB00529223 /* p747imageIO */,
			);
		};
/* End PBXProject section */

/* Begin PBXResourcesBuildPhase section */
		A4195FBA13CDF6EB00529223 /* Resources */ = {
			isa = PBXResourcesBuildPhase;
			buildActionMask = 2147483647;
			files = (
				A4195FCB13CDF6EB00529223 /* InfoPlist.strings in Resources */,
				A4195FD413CDF6EB00529223 /* MainWindow.xib in Resources */,
				A4195FDA13CDF6EB00529223 /* RootView.xib in Resources */,
				A4195FEA13CDF7B700529223 /* colson.jpg in Resources */,
			);
			runOnlyForDeploymentPostprocessing = 0;
		};
/* End PBXResourcesBuildPhase section */

/* Begin PBXSourcesBuildPhase section */
		A4195FB813CDF6EB00529223 /* Sources */ = {
			isa = PBXSourcesBuildPhase;
			buildActionMask = 2147483647;
			files = (
				A4195FCE13CDF6EB00529223 /* main.m in Sources */,
				A4195FD113CDF6EB00529223 /* ImageIOAppDelegate.m in Sources */,
				A4195FD713CDF6EB00529223 /* RootViewController.m in Sources */,
			);
			runOnlyForDeploymentPostprocessing = 0;
		};
/* End PBXSourcesBuildPhase section */

/* Begin PBXVariantGroup section */
		A4195FC913CDF6EB00529223 /* InfoPlist.strings */ = {
			isa = PBXVariantGroup;
			children = (
				A4195FCA13CDF6EB00529223 /* en */,
			);
			name = InfoPlist.strings;
			sourceTree = "<group>";
		};
		A4195FD213CDF6EB00529223 /* MainWindow.xib */ = {
			isa = PBXVariantGroup;
			children = (
				A4195FD313CDF6EB00529223 /* en */,
			);
			name = MainWindow.xib;
			sourceTree = "<group>";
		};
		A4195FD813CDF6EB00529223 /* RootView.xib */ = {
			isa = PBXVariantGroup;
			children = (
				A4195FD913CDF6EB00529223 /* en */,
			);
			name = RootView.xib;
			sourceTree = "<group>";
		};
/* End PBXVariantGroup section */

/* Begin XCBuildConfiguration section */
		A4195FDB13CDF6EB00529223 /* Debug */ = {
			isa = XCBuildConfiguration;
			buildSettings = {
				ARCHS = "$(ARCHS_STANDARD_32_BIT)";
				"CODE_SIGN_IDENTITY[sdk=iphoneos*]" = "iPhone Developer";
				GCC_C_LANGUAGE_STANDARD = gnu99;
				GCC_OPTIMIZATION_LEVEL = 0;
				GCC_PREPROCESSOR_DEFINITIONS = DEBUG;
				GCC_SYMBOLS_PRIVATE_EXTERN = NO;
				GCC_VERSION = com.apple.compilers.llvmgcc42;
				GCC_WARN_ABOUT_RETURN_TYPE = YES;
				GCC_WARN_UNUSED_VARIABLE = YES;
				IPHONEOS_DEPLOYMENT_TARGET = 4.3;
				SDKROOT = iphoneos;
			};
			name = Debug;
		};
		A4195FDC13CDF6EB00529223 /* Release */ = {
			isa = XCBuildConfiguration;
			buildSettings = {
				ARCHS = "$(ARCHS_STANDARD_32_BIT)";
				"CODE_SIGN_IDENTITY[sdk=iphoneos*]" = "iPhone Developer";
				GCC_C_LANGUAGE_STANDARD = gnu99;
				GCC_VERSION = com.apple.compilers.llvmgcc42;
				GCC_WARN_ABOUT_RETURN_TYPE = YES;
				GCC_WARN_UNUSED_VARIABLE = YES;
				IPHONEOS_DEPLOYMENT_TARGET = 4.3;
				OTHER_CFLAGS = "-DNS_BLOCK_ASSERTIONS=1";
				SDKROOT = iphoneos;
			};
			name = Release;
		};
		A4195FDE13CDF6EB00529223 /* Debug */ = {
			isa = XCBuildConfiguration;
			buildSettings = {
				ALWAYS_SEARCH_USER_PATHS = NO;
				COPY_PHASE_STRIP = NO;
				GCC_DYNAMIC_NO_PIC = NO;
				GCC_PRECOMPILE_PREFIX_HEADER = YES;
				GCC_PREFIX_HEADER = "p747imageIO/p747imageIO-Prefix.pch";
				INFOPLIST_FILE = "p747imageIO/p747imageIO-Info.plist";
				PRODUCT_NAME = "$(TARGET_NAME)";
				WRAPPER_EXTENSION = app;
			};
			name = Debug;
		};
		A4195FDF13CDF6EB00529223 /* Release */ = {
			isa = XCBuildConfiguration;
			buildSettings = {
				ALWAYS_SEARCH_USER_PATHS = NO;
				COPY_PHASE_STRIP = YES;
				GCC_PRECOMPILE_PREFIX_HEADER = YES;
				GCC_PREFIX_HEADER = "p747imageIO/p747imageIO-Prefix.pch";
				INFOPLIST_FILE = "p747imageIO/p747imageIO-Info.plist";
				PRODUCT_NAME = "$(TARGET_NAME)";
				VALIDATE_PRODUCT = YES;
				WRAPPER_EXTENSION = app;
			};
			name = Release;
		};
/* End XCBuildConfiguration section */

/* Begin XCConfigurationList section */
		A4195FB613CDF6EA00529223 /* Build configuration list for PBXProject "p747imageIO" */ = {
			isa = XCConfigurationList;
			buildConfigurations = (
				A4195FDB13CDF6EB00529223 /* Debug */,
				A4195FDC13CDF6EB00529223 /* Release */,
			);
			defaultConfigurationIsVisible = 0;
			defaultConfigurationName = Release;
		};
		A4195FDD13CDF6EB00529223 /* Build configuration list for PBXNativeTarget "p747imageIO" */ = {
			isa = XCConfigurationList;
			buildConfigurations = (
				A4195FDE13CDF6EB00529223 /* Debug */,
				A4195FDF13CDF6EB00529223 /* Release */,
			);
			defaultConfigurationIsVisible = 0;
			defaultConfigurationName = Release;
		};
/* End XCConfigurationList section */
	};
	rootObject = A4195FB313CDF6EA00529223 /* Project object */;
}
