// !$*UTF8*$!
{
	archiveVersion = 1;
	classes = {
	};
	objectVersion = 46;
	objects = {

/* Begin PBXBuildFile section */
		328632801EB77E3F00ED06AD /* AppDelegate.swift in Sources */ = {isa = PBXBuildFile; fileRef = 3286327F1EB77E3F00ED06AD /* AppDelegate.swift */; };
		328632821EB77E3F00ED06AD /* ViewController.swift in Sources */ = {isa = PBXBuildFile; fileRef = 328632811EB77E3F00ED06AD /* ViewController.swift */; };
		328632851EB77E3F00ED06AD /* Main.storyboard in Resources */ = {isa = PBXBuildFile; fileRef = 328632831EB77E3F00ED06AD /* Main.storyboard */; };
		328632871EB77E3F00ED06AD /* Assets.xcassets in Resources */ = {isa = PBXBuildFile; fileRef = 328632861EB77E3F00ED06AD /* Assets.xcassets */; };
		3286328A1EB77E3F00ED06AD /* LaunchScreen.storyboard in Resources */ = {isa = PBXBuildFile; fileRef = 328632881EB77E3F00ED06AD /* LaunchScreen.storyboard */; };
/* End PBXBuildFile section */

/* Begin PBXFileReference section */
		3286327C1EB77E3F00ED06AD /* Cropper.app */ = {isa = PBXFileReference; explicitFileType = wrapper.application; includeInIndex = 0; path = Cropper.app; sourceTree = BUILT_PRODUCTS_DIR; };
		3286327F1EB77E3F00ED06AD /* AppDelegate.swift */ = {isa = PBXFileReference; lastKnownFileType = sourcecode.swift; path = AppDelegate.swift; sourceTree = "<group>"; };
		328632811EB77E3F00ED06AD /* ViewController.swift */ = {isa = PBXFileReference; lastKnownFileType = sourcecode.swift; path = ViewController.swift; sourceTree = "<group>"; };
		328632841EB77E3F00ED06AD /* Base */ = {isa = PBXFileReference; lastKnownFileType = file.storyboard; name = Base; path = Base.lproj/Main.storyboard; sourceTree = "<group>"; };
		328632861EB77E3F00ED06AD /* Assets.xcassets */ = {isa = PBXFileReference; lastKnownFileType = folder.assetcatalog; path = Assets.xcassets; sourceTree = "<group>"; };
		328632891EB77E3F00ED06AD /* Base */ = {isa = PBXFileReference; lastKnownFileType = file.storyboard; name = Base; path = Base.lproj/LaunchScreen.storyboard; sourceTree = "<group>"; };
		3286328B1EB77E3F00ED06AD /* Info.plist */ = {isa = PBXFileReference; lastKnownFileType = text.plist.xml; path = Info.plist; sourceTree = "<group>"; };
/* End PBXFileReference section */

/* Begin PBXFrameworksBuildPhase section */
		328632791EB77E3F00ED06AD /* Frameworks */ = {
			isa = PBXFrameworksBuildPhase;
			buildActionMask = 2147483647;
			files = (
			);
			runOnlyForDeploymentPostprocessing = 0;
		};
/* End PBXFrameworksBuildPhase section */

/* Begin PBXGroup section */
		328632731EB77E3F00ED06AD = {
			isa = PBXGroup;
			children = (
				3286327E1EB77E3F00ED06AD /* Cropper */,
				3286327D1EB77E3F00ED06AD /* Products */,
			);
			sourceTree = "<group>";
		};
		3286327D1EB77E3F00ED06AD /* Products */ = {
			isa = PBXGroup;
			children = (
				3286327C1EB77E3F00ED06AD /* Cropper.app */,
			);
			name = Products;
			sourceTree = "<group>";
		};
		3286327E1EB77E3F00ED06AD /* Cropper */ = {
			isa = PBXGroup;
			children = (
				3286327F1EB77E3F00ED06AD /* AppDelegate.swift */,
				328632811EB77E3F00ED06AD /* ViewController.swift */,
				328632831EB77E3F00ED06AD /* Main.storyboard */,
				328632861EB77E3F00ED06AD /* Assets.xcassets */,
				328632881EB77E3F00ED06AD /* LaunchScreen.storyboard */,
				3286328B1EB77E3F00ED06AD /* Info.plist */,
			);
			path = Cropper;
			sourceTree = "<group>";
		};
/* End PBXGroup section */

/* Begin PBXNativeTarget section */
		3286327B1EB77E3F00ED06AD /* Cropper */ = {
			isa = PBXNativeTarget;
			buildConfigurationList = 3286328E1EB77E3F00ED06AD /* Build configuration list for PBXNativeTarget "Cropper" */;
			buildPhases = (
				328632781EB77E3F00ED06AD /* Sources */,
				328632791EB77E3F00ED06AD /* Frameworks */,
				3286327A1EB77E3F00ED06AD /* Resources */,
			);
			buildRules = (
			);
			dependencies = (
			);
			name = Cropper;
			productName = Cropper;
			productReference = 3286327C1EB77E3F00ED06AD /* Cropper.app */;
			productType = "com.apple.product-type.application";
		};
/* End PBXNativeTarget section */

/* Begin PBXProject section */
		328632741EB77E3F00ED06AD /* Project object */ = {
			isa = PBXProject;
			attributes = {
				LastSwiftUpdateCheck = 0820;
				LastUpgradeCheck = 0820;
				ORGANIZATIONNAME = "Matt Neuburg";
				TargetAttributes = {
					3286327B1EB77E3F00ED06AD = {
						CreatedOnToolsVersion = 8.2.1;
						DevelopmentTeam = W3LHX5RGV2;
						LastSwiftMigration = 1000;
						ProvisioningStyle = Automatic;
					};
				};
			};
			buildConfigurationList = 328632771EB77E3F00ED06AD /* Build configuration list for PBXProject "Cropper" */;
			compatibilityVersion = "Xcode 3.2";
			developmentRegion = English;
			hasScannedForEncodings = 0;
			knownRegions = (
				en,
				Base,
			);
			mainGroup = 328632731EB77E3F00ED06AD;
			productRefGroup = 3286327D1EB77E3F00ED06AD /* Products */;
			projectDirPath = "";
			projectRoot = "";
			targets = (
				3286327B1EB77E3F00ED06AD /* Cropper */,
			);
		};
/* End PBXProject section */

/* Begin PBXResourcesBuildPhase section */
		3286327A1EB77E3F00ED06AD /* Resources */ = {
			isa = PBXResourcesBuildPhase;
			buildActionMask = 2147483647;
			files = (
				3286328A1EB77E3F00ED06AD /* LaunchScreen.storyboard in Resources */,
				328632871EB77E3F00ED06AD /* Assets.xcassets in Resources */,
				328632851EB77E3F00ED06AD /* Main.storyboard in Resources */,
			);
			runOnlyForDeploymentPostprocessing = 0;
		};
/* End PBXResourcesBuildPhase section */

/* Begin PBXSourcesBuildPhase section */
		328632781EB77E3F00ED06AD /* Sources */ = {
			isa = PBXSourcesBuildPhase;
			buildActionMask = 2147483647;
			files = (
				328632821EB77E3F00ED06AD /* ViewController.swift in Sources */,
				328632801EB77E3F00ED06AD /* AppDelegate.swift in Sources */,
			);
			runOnlyForDeploymentPostprocessing = 0;
		};
/* End PBXSourcesBuildPhase section */

/* Begin PBXVariantGroup section */
		328632831EB77E3F00ED06AD /* Main.storyboard */ = {
			isa = PBXVariantGroup;
			children = (
				328632841EB77E3F00ED06AD /* Base */,
			);
			name = Main.storyboard;
			sourceTree = "<group>";
		};
		328632881EB77E3F00ED06AD /* LaunchScreen.storyboard */ = {
			isa = PBXVariantGroup;
			children = (
				328632891EB77E3F00ED06AD /* Base */,
			);
			name = LaunchScreen.storyboard;
			sourceTree = "<group>";
		};
/* End PBXVariantGroup section */

/* Begin XCBuildConfiguration section */
		3286328C1EB77E3F00ED06AD /* Debug */ = {
			isa = XCBuildConfiguration;
			buildSettings = {
				ALWAYS_SEARCH_USER_PATHS = NO;
				CLANG_ANALYZER_NONNULL = YES;
				CLANG_CXX_LANGUAGE_STANDARD = "gnu++0x";
				CLANG_CXX_LIBRARY = "libc++";
				CLANG_ENABLE_MODULES = YES;
				CLANG_ENABLE_OBJC_ARC = YES;
				CLANG_WARN_BOOL_CONVERSION = YES;
				CLANG_WARN_CONSTANT_CONVERSION = YES;
				CLANG_WARN_DIRECT_OBJC_ISA_USAGE = YES_ERROR;
				CLANG_WARN_DOCUMENTATION_COMMENTS = YES;
				CLANG_WARN_EMPTY_BODY = YES;
				CLANG_WARN_ENUM_CONVERSION = YES;
				CLANG_WARN_INFINITE_RECURSION = YES;
				CLANG_WARN_INT_CONVERSION = YES;
				CLANG_WARN_OBJC_ROOT_CLASS = YES_ERROR;
				CLANG_WARN_SUSPICIOUS_MOVE = YES;
				CLANG_WARN_UNREACHABLE_CODE = YES;
				CLANG_WARN__DUPLICATE_METHOD_MATCH = YES;
				"CODE_SIGN_IDENTITY[sdk=iphoneos*]" = "iPhone Developer";
				COPY_PHASE_STRIP = NO;
				DEBUG_INFORMATION_FORMAT = dwarf;
				ENABLE_STRICT_OBJC_MSGSEND = YES;
				ENABLE_TESTABILITY = YES;
				GCC_C_LANGUAGE_STANDARD = gnu99;
				GCC_DYNAMIC_NO_PIC = NO;
				GCC_NO_COMMON_BLOCKS = YES;
				GCC_OPTIMIZATION_LEVEL = 0;
				GCC_PREPROCESSOR_DEFINITIONS = (
					"DEBUG=1",
					"$(inherited)",
				);
				GCC_WARN_64_TO_32_BIT_CONVERSION = YES;
				GCC_WARN_ABOUT_RETURN_TYPE = YES_ERROR;
				GCC_WARN_UNDECLARED_SELECTOR = YES;
				GCC_WARN_UNINITIALIZED_AUTOS = YES_AGGRESSIVE;
				GCC_WARN_UNUSED_FUNCTION = YES;
				GCC_WARN_UNUSED_VARIABLE = YES;
				IPHONEOS_DEPLOYMENT_TARGET = 10.2;
				MTL_ENABLE_DEBUG_INFO = YES;
				ONLY_ACTIVE_ARCH = YES;
				SDKROOT = iphoneos;
				SWIFT_ACTIVE_COMPILATION_CONDITIONS = DEBUG;
				SWIFT_OPTIMIZATION_LEVEL = "-Onone";
			};
			name = Debug;
		};
		3286328D1EB77E3F00ED06AD /* Release */ = {
			isa = XCBuildConfiguration;
			buildSettings = {
				ALWAYS_SEARCH_USER_PATHS = NO;
				CLANG_ANALYZER_NONNULL = YES;
				CLANG_CXX_LANGUAGE_STANDARD = "gnu++0x";
				CLANG_CXX_LIBRARY = "libc++";
				CLANG_ENABLE_MODULES = YES;
				CLANG_ENABLE_OBJC_ARC = YES;
				CLANG_WARN_BOOL_CONVERSION = YES;
				CLANG_WARN_CONSTANT_CONVERSION = YES;
				CLANG_WARN_DIRECT_OBJC_ISA_USAGE = YES_ERROR;
				CLANG_WARN_DOCUMENTATION_COMMENTS = YES;
				CLANG_WARN_EMPTY_BODY = YES;
				CLANG_WARN_ENUM_CONVERSION = YES;
				CLANG_WARN_INFINITE_RECURSION = YES;
				CLANG_WARN_INT_CONVERSION = YES;
				CLANG_WARN_OBJC_ROOT_CLASS = YES_ERROR;
				CLANG_WARN_SUSPICIOUS_MOVE = YES;
				CLANG_WARN_UNREACHABLE_CODE = YES;
				CLANG_WARN__DUPLICATE_METHOD_MATCH = YES;
				"CODE_SIGN_IDENTITY[sdk=iphoneos*]" = "iPhone Developer";
				COPY_PHASE_STRIP = NO;
				DEBUG_INFORMATION_FORMAT = "dwarf-with-dsym";
				ENABLE_NS_ASSERTIONS = NO;
				ENABLE_STRICT_OBJC_MSGSEND = YES;
				GCC_C_LANGUAGE_STANDARD = gnu99;
				GCC_NO_COMMON_BLOCKS = YES;
				GCC_WARN_64_TO_32_BIT_CONVERSION = YES;
				GCC_WARN_ABOUT_RETURN_TYPE = YES_ERROR;
				GCC_WARN_UNDECLARED_SELECTOR = YES;
				GCC_WARN_UNINITIALIZED_AUTOS = YES_AGGRESSIVE;
				GCC_WARN_UNUSED_FUNCTION = YES;
				GCC_WARN_UNUSED_VARIABLE = YES;
				IPHONEOS_DEPLOYMENT_TARGET = 10.2;
				MTL_ENABLE_DEBUG_INFO = NO;
				SDKROOT = iphoneos;
				SWIFT_OPTIMIZATION_LEVEL = "-Owholemodule";
				VALIDATE_PRODUCT = YES;
			};
			name = Release;
		};
		3286328F1EB77E3F00ED06AD /* Debug */ = {
			isa = XCBuildConfiguration;
			buildSettings = {
				ASSETCATALOG_COMPILER_APPICON_NAME = AppIcon;
				DEVELOPMENT_TEAM = W3LHX5RGV2;
				INFOPLIST_FILE = Cropper/Info.plist;
				LD_RUNPATH_SEARCH_PATHS = "$(inherited) @executable_path/Frameworks";
				PRODUCT_BUNDLE_IDENTIFIER = com.neuburg.matt.Cropper;
				PRODUCT_NAME = "$(TARGET_NAME)";
				SWIFT_VERSION = 4.2;
			};
			name = Debug;
		};
		328632901EB77E3F00ED06AD /* Release */ = {
			isa = XCBuildConfiguration;
			buildSettings = {
				ASSETCATALOG_COMPILER_APPICON_NAME = AppIcon;
				DEVELOPMENT_TEAM = W3LHX5RGV2;
				INFOPLIST_FILE = Cropper/Info.plist;
				LD_RUNPATH_SEARCH_PATHS = "$(inherited) @executable_path/Frameworks";
				PRODUCT_BUNDLE_IDENTIFIER = com.neuburg.matt.Cropper;
				PRODUCT_NAME = "$(TARGET_NAME)";
				SWIFT_VERSION = 4.2;
			};
			name = Release;
		};
/* End XCBuildConfiguration section */

/* Begin XCConfigurationList section */
		328632771EB77E3F00ED06AD /* Build configuration list for PBXProject "Cropper" */ = {
			isa = XCConfigurationList;
			buildConfigurations = (
				3286328C1EB77E3F00ED06AD /* Debug */,
				3286328D1EB77E3F00ED06AD /* Release */,
			);
			defaultConfigurationIsVisible = 0;
			defaultConfigurationName = Release;
		};
		3286328E1EB77E3F00ED06AD /* Build configuration list for PBXNativeTarget "Cropper" */ = {
			isa = XCConfigurationList;
			buildConfigurations = (
				3286328F1EB77E3F00ED06AD /* Debug */,
				328632901EB77E3F00ED06AD /* Release */,
			);
			defaultConfigurationIsVisible = 0;
			defaultConfigurationName = Release;
		};
/* End XCConfigurationList section */
	};
	rootObject = 328632741EB77E3F00ED06AD /* Project object */;
}
