// !$*UTF8*$!
{
	archiveVersion = 1;
	classes = {
	};
	objectVersion = 46;
	objects = {

/* Begin PBXBuildFile section */
		324518081B862CE900C57133 /* LaunchScreen.storyboard in Resources */ = {isa = PBXBuildFile; fileRef = 324518071B862CE900C57133 /* LaunchScreen.storyboard */; };
		3245180A1B862D0000C57133 /* AppDelegate.swift in Sources */ = {isa = PBXBuildFile; fileRef = 324518091B862D0000C57133 /* AppDelegate.swift */; };
		32CFD80B198030F000382648 /* RootViewController.swift in Sources */ = {isa = PBXBuildFile; fileRef = 32CFD80A198030F000382648 /* RootViewController.swift */; };
		C94680A017E8BF2800967556 /* Main.storyboard in Resources */ = {isa = PBXBuildFile; fileRef = C946809E17E8BF2800967556 /* Main.storyboard */; };
		C94680A517E8BF2800967556 /* Assets.xcassets in Resources */ = {isa = PBXBuildFile; fileRef = C94680A417E8BF2800967556 /* Assets.xcassets */; };
/* End PBXBuildFile section */

/* Begin PBXFileReference section */
		324518071B862CE900C57133 /* LaunchScreen.storyboard */ = {isa = PBXFileReference; fileEncoding = 4; lastKnownFileType = file.storyboard; path = LaunchScreen.storyboard; sourceTree = "<group>"; };
		324518091B862D0000C57133 /* AppDelegate.swift */ = {isa = PBXFileReference; fileEncoding = 4; lastKnownFileType = sourcecode.swift; path = AppDelegate.swift; sourceTree = "<group>"; };
		32CFD80A198030F000382648 /* RootViewController.swift */ = {isa = PBXFileReference; fileEncoding = 4; lastKnownFileType = sourcecode.swift; path = RootViewController.swift; sourceTree = "<group>"; };
		C946808917E8BF2800967556 /* ch21p727pickACell.app */ = {isa = PBXFileReference; explicitFileType = wrapper.application; includeInIndex = 0; path = ch21p727pickACell.app; sourceTree = BUILT_PRODUCTS_DIR; };
		C946809417E8BF2800967556 /* ch21p727pickACell-Info.plist */ = {isa = PBXFileReference; lastKnownFileType = text.plist.xml; path = "ch21p727pickACell-Info.plist"; sourceTree = "<group>"; };
		C946809F17E8BF2800967556 /* Base */ = {isa = PBXFileReference; lastKnownFileType = file.storyboard; name = Base; path = Base.lproj/Main.storyboard; sourceTree = "<group>"; };
		C94680A417E8BF2800967556 /* Assets.xcassets */ = {isa = PBXFileReference; lastKnownFileType = folder.assetcatalog; path = Assets.xcassets; sourceTree = "<group>"; };
/* End PBXFileReference section */

/* Begin PBXFrameworksBuildPhase section */
		C946808617E8BF2800967556 /* Frameworks */ = {
			isa = PBXFrameworksBuildPhase;
			buildActionMask = 2147483647;
			files = (
			);
			runOnlyForDeploymentPostprocessing = 0;
		};
/* End PBXFrameworksBuildPhase section */

/* Begin PBXGroup section */
		C946808017E8BF2800967556 = {
			isa = PBXGroup;
			children = (
				C946809217E8BF2800967556 /* ch21p727pickACell */,
				C946808A17E8BF2800967556 /* Products */,
			);
			sourceTree = "<group>";
		};
		C946808A17E8BF2800967556 /* Products */ = {
			isa = PBXGroup;
			children = (
				C946808917E8BF2800967556 /* ch21p727pickACell.app */,
			);
			name = Products;
			sourceTree = "<group>";
		};
		C946809217E8BF2800967556 /* ch21p727pickACell */ = {
			isa = PBXGroup;
			children = (
				32CFD80A198030F000382648 /* RootViewController.swift */,
				324518091B862D0000C57133 /* AppDelegate.swift */,
				C946809E17E8BF2800967556 /* Main.storyboard */,
				324518071B862CE900C57133 /* LaunchScreen.storyboard */,
				C94680A417E8BF2800967556 /* Assets.xcassets */,
				C946809417E8BF2800967556 /* ch21p727pickACell-Info.plist */,
			);
			path = ch21p727pickACell;
			sourceTree = "<group>";
		};
/* End PBXGroup section */

/* Begin PBXNativeTarget section */
		C946808817E8BF2800967556 /* ch21p727pickACell */ = {
			isa = PBXNativeTarget;
			buildConfigurationList = C94680BB17E8BF2900967556 /* Build configuration list for PBXNativeTarget "ch21p727pickACell" */;
			buildPhases = (
				C946808517E8BF2800967556 /* Sources */,
				C946808617E8BF2800967556 /* Frameworks */,
				C946808717E8BF2800967556 /* Resources */,
			);
			buildRules = (
			);
			dependencies = (
			);
			name = ch21p727pickACell;
			productName = ch21p727pickACell;
			productReference = C946808917E8BF2800967556 /* ch21p727pickACell.app */;
			productType = "com.apple.product-type.application";
		};
/* End PBXNativeTarget section */

/* Begin PBXProject section */
		C946808117E8BF2800967556 /* Project object */ = {
			isa = PBXProject;
			attributes = {
				LastSwiftUpdateCheck = 0700;
				LastUpgradeCheck = 0500;
				ORGANIZATIONNAME = "Matt Neuburg";
			};
			buildConfigurationList = C946808417E8BF2800967556 /* Build configuration list for PBXProject "ch21p727pickACell" */;
			compatibilityVersion = "Xcode 3.2";
			developmentRegion = English;
			hasScannedForEncodings = 0;
			knownRegions = (
				en,
				Base,
			);
			mainGroup = C946808017E8BF2800967556;
			productRefGroup = C946808A17E8BF2800967556 /* Products */;
			projectDirPath = "";
			projectRoot = "";
			targets = (
				C946808817E8BF2800967556 /* ch21p727pickACell */,
			);
		};
/* End PBXProject section */

/* Begin PBXResourcesBuildPhase section */
		C946808717E8BF2800967556 /* Resources */ = {
			isa = PBXResourcesBuildPhase;
			buildActionMask = 2147483647;
			files = (
				324518081B862CE900C57133 /* LaunchScreen.storyboard in Resources */,
				C94680A517E8BF2800967556 /* Assets.xcassets in Resources */,
				C94680A017E8BF2800967556 /* Main.storyboard in Resources */,
			);
			runOnlyForDeploymentPostprocessing = 0;
		};
/* End PBXResourcesBuildPhase section */

/* Begin PBXSourcesBuildPhase section */
		C946808517E8BF2800967556 /* Sources */ = {
			isa = PBXSourcesBuildPhase;
			buildActionMask = 2147483647;
			files = (
				3245180A1B862D0000C57133 /* AppDelegate.swift in Sources */,
				32CFD80B198030F000382648 /* RootViewController.swift in Sources */,
			);
			runOnlyForDeploymentPostprocessing = 0;
		};
/* End PBXSourcesBuildPhase section */

/* Begin PBXVariantGroup section */
		C946809E17E8BF2800967556 /* Main.storyboard */ = {
			isa = PBXVariantGroup;
			children = (
				C946809F17E8BF2800967556 /* Base */,
			);
			name = Main.storyboard;
			sourceTree = "<group>";
		};
/* End PBXVariantGroup section */

/* Begin XCBuildConfiguration section */
		C94680B917E8BF2900967556 /* Debug */ = {
			isa = XCBuildConfiguration;
			buildSettings = {
				ALWAYS_SEARCH_USER_PATHS = NO;
				ARCHS = "$(ARCHS_STANDARD_INCLUDING_64_BIT)";
				CLANG_CXX_LANGUAGE_STANDARD = "gnu++0x";
				CLANG_CXX_LIBRARY = "libc++";
				CLANG_ENABLE_MODULES = YES;
				CLANG_ENABLE_OBJC_ARC = YES;
				CLANG_WARN_BOOL_CONVERSION = YES;
				CLANG_WARN_CONSTANT_CONVERSION = YES;
				CLANG_WARN_DIRECT_OBJC_ISA_USAGE = YES_ERROR;
				CLANG_WARN_EMPTY_BODY = YES;
				CLANG_WARN_ENUM_CONVERSION = YES;
				CLANG_WARN_INT_CONVERSION = YES;
				CLANG_WARN_OBJC_ROOT_CLASS = YES_ERROR;
				CLANG_WARN__DUPLICATE_METHOD_MATCH = YES;
				"CODE_SIGN_IDENTITY[sdk=iphoneos*]" = "iPhone Developer";
				COPY_PHASE_STRIP = NO;
				GCC_C_LANGUAGE_STANDARD = gnu99;
				GCC_DYNAMIC_NO_PIC = NO;
				GCC_OPTIMIZATION_LEVEL = 0;
				GCC_PREPROCESSOR_DEFINITIONS = (
					"DEBUG=1",
					"$(inherited)",
				);
				GCC_SYMBOLS_PRIVATE_EXTERN = NO;
				GCC_WARN_64_TO_32_BIT_CONVERSION = YES;
				GCC_WARN_ABOUT_RETURN_TYPE = YES_ERROR;
				GCC_WARN_UNDECLARED_SELECTOR = YES;
				GCC_WARN_UNINITIALIZED_AUTOS = YES;
				GCC_WARN_UNUSED_FUNCTION = YES;
				GCC_WARN_UNUSED_VARIABLE = YES;
				IPHONEOS_DEPLOYMENT_TARGET = 9.0;
				ONLY_ACTIVE_ARCH = YES;
				SDKROOT = iphoneos;
			};
			name = Debug;
		};
		C94680BA17E8BF2900967556 /* Release */ = {
			isa = XCBuildConfiguration;
			buildSettings = {
				ALWAYS_SEARCH_USER_PATHS = NO;
				ARCHS = "$(ARCHS_STANDARD_INCLUDING_64_BIT)";
				CLANG_CXX_LANGUAGE_STANDARD = "gnu++0x";
				CLANG_CXX_LIBRARY = "libc++";
				CLANG_ENABLE_MODULES = YES;
				CLANG_ENABLE_OBJC_ARC = YES;
				CLANG_WARN_BOOL_CONVERSION = YES;
				CLANG_WARN_CONSTANT_CONVERSION = YES;
				CLANG_WARN_DIRECT_OBJC_ISA_USAGE = YES_ERROR;
				CLANG_WARN_EMPTY_BODY = YES;
				CLANG_WARN_ENUM_CONVERSION = YES;
				CLANG_WARN_INT_CONVERSION = YES;
				CLANG_WARN_OBJC_ROOT_CLASS = YES_ERROR;
				CLANG_WARN__DUPLICATE_METHOD_MATCH = YES;
				"CODE_SIGN_IDENTITY[sdk=iphoneos*]" = "iPhone Developer";
				COPY_PHASE_STRIP = YES;
				ENABLE_NS_ASSERTIONS = NO;
				GCC_C_LANGUAGE_STANDARD = gnu99;
				GCC_WARN_64_TO_32_BIT_CONVERSION = YES;
				GCC_WARN_ABOUT_RETURN_TYPE = YES_ERROR;
				GCC_WARN_UNDECLARED_SELECTOR = YES;
				GCC_WARN_UNINITIALIZED_AUTOS = YES;
				GCC_WARN_UNUSED_FUNCTION = YES;
				GCC_WARN_UNUSED_VARIABLE = YES;
				IPHONEOS_DEPLOYMENT_TARGET = 9.0;
				SDKROOT = iphoneos;
				VALIDATE_PRODUCT = YES;
			};
			name = Release;
		};
		C94680BC17E8BF2900967556 /* Debug */ = {
			isa = XCBuildConfiguration;
			buildSettings = {
				ARCHS = "$(ARCHS_STANDARD)";
				ASSETCATALOG_COMPILER_APPICON_NAME = AppIcon;
				CLANG_ENABLE_MODULES = YES;
				GCC_PRECOMPILE_PREFIX_HEADER = YES;
				GCC_PREFIX_HEADER = "ch21p727pickACell/ch21p727pickACell-Prefix.pch";
				INFOPLIST_FILE = "ch21p727pickACell/ch21p727pickACell-Info.plist";
				LD_RUNPATH_SEARCH_PATHS = "$(inherited) @executable_path/Frameworks";
				ONLY_ACTIVE_ARCH = NO;
				PRODUCT_NAME = "$(TARGET_NAME)";
				SWIFT_OPTIMIZATION_LEVEL = "-Onone";
				WRAPPER_EXTENSION = app;
			};
			name = Debug;
		};
		C94680BD17E8BF2900967556 /* Release */ = {
			isa = XCBuildConfiguration;
			buildSettings = {
				ARCHS = "$(ARCHS_STANDARD)";
				ASSETCATALOG_COMPILER_APPICON_NAME = AppIcon;
				CLANG_ENABLE_MODULES = YES;
				GCC_PRECOMPILE_PREFIX_HEADER = YES;
				GCC_PREFIX_HEADER = "ch21p727pickACell/ch21p727pickACell-Prefix.pch";
				INFOPLIST_FILE = "ch21p727pickACell/ch21p727pickACell-Info.plist";
				LD_RUNPATH_SEARCH_PATHS = "$(inherited) @executable_path/Frameworks";
				ONLY_ACTIVE_ARCH = NO;
				PRODUCT_NAME = "$(TARGET_NAME)";
				WRAPPER_EXTENSION = app;
			};
			name = Release;
		};
/* End XCBuildConfiguration section */

/* Begin XCConfigurationList section */
		C946808417E8BF2800967556 /* Build configuration list for PBXProject "ch21p727pickACell" */ = {
			isa = XCConfigurationList;
			buildConfigurations = (
				C94680B917E8BF2900967556 /* Debug */,
				C94680BA17E8BF2900967556 /* Release */,
			);
			defaultConfigurationIsVisible = 0;
			defaultConfigurationName = Release;
		};
		C94680BB17E8BF2900967556 /* Build configuration list for PBXNativeTarget "ch21p727pickACell" */ = {
			isa = XCConfigurationList;
			buildConfigurations = (
				C94680BC17E8BF2900967556 /* Debug */,
				C94680BD17E8BF2900967556 /* Release */,
			);
			defaultConfigurationIsVisible = 0;
			defaultConfigurationName = Release;
		};
/* End XCConfigurationList section */
	};
	rootObject = C946808117E8BF2800967556 /* Project object */;
}
