// !$*UTF8*$!
{
	archiveVersion = 1;
	classes = {
	};
	objectVersion = 46;
	objects = {

/* Begin PBXBuildFile section */
		A4FB2CB113AFA2C5003DC322 /* UIKit.framework in Frameworks */ = {isa = PBXBuildFile; fileRef = A4FB2CB013AFA2C5003DC322 /* UIKit.framework */; };
		A4FB2CB313AFA2C5003DC322 /* Foundation.framework in Frameworks */ = {isa = PBXBuildFile; fileRef = A4FB2CB213AFA2C5003DC322 /* Foundation.framework */; };
		A4FB2CB513AFA2C5003DC322 /* CoreGraphics.framework in Frameworks */ = {isa = PBXBuildFile; fileRef = A4FB2CB413AFA2C5003DC322 /* CoreGraphics.framework */; };
		A4FB2CBB13AFA2C5003DC322 /* InfoPlist.strings in Resources */ = {isa = PBXBuildFile; fileRef = A4FB2CB913AFA2C5003DC322 /* InfoPlist.strings */; };
		A4FB2CBE13AFA2C5003DC322 /* main.m in Sources */ = {isa = PBXBuildFile; fileRef = A4FB2CBD13AFA2C5003DC322 /* main.m */; };
		A4FB2CC113AFA2C5003DC322 /* TextViewAndKeyboardAppDelegate.m in Sources */ = {isa = PBXBuildFile; fileRef = A4FB2CC013AFA2C5003DC322 /* TextViewAndKeyboardAppDelegate.m */; };
		A4FB2CC413AFA2C5003DC322 /* MainWindow.xib in Resources */ = {isa = PBXBuildFile; fileRef = A4FB2CC213AFA2C5003DC322 /* MainWindow.xib */; };
		A4FB2CC713AFA2C6003DC322 /* RootViewController.m in Sources */ = {isa = PBXBuildFile; fileRef = A4FB2CC613AFA2C6003DC322 /* RootViewController.m */; };
		A4FB2CCA13AFA2C6003DC322 /* RootView.xib in Resources */ = {isa = PBXBuildFile; fileRef = A4FB2CC813AFA2C6003DC322 /* RootView.xib */; };
/* End PBXBuildFile section */

/* Begin PBXFileReference section */
		A4FB2CAC13AFA2C5003DC322 /* p578textViewAndKeyboard.app */ = {isa = PBXFileReference; explicitFileType = wrapper.application; includeInIndex = 0; path = p578textViewAndKeyboard.app; sourceTree = BUILT_PRODUCTS_DIR; };
		A4FB2CB013AFA2C5003DC322 /* UIKit.framework */ = {isa = PBXFileReference; lastKnownFileType = wrapper.framework; name = UIKit.framework; path = System/Library/Frameworks/UIKit.framework; sourceTree = SDKROOT; };
		A4FB2CB213AFA2C5003DC322 /* Foundation.framework */ = {isa = PBXFileReference; lastKnownFileType = wrapper.framework; name = Foundation.framework; path = System/Library/Frameworks/Foundation.framework; sourceTree = SDKROOT; };
		A4FB2CB413AFA2C5003DC322 /* CoreGraphics.framework */ = {isa = PBXFileReference; lastKnownFileType = wrapper.framework; name = CoreGraphics.framework; path = System/Library/Frameworks/CoreGraphics.framework; sourceTree = SDKROOT; };
		A4FB2CB813AFA2C5003DC322 /* p578textViewAndKeyboard-Info.plist */ = {isa = PBXFileReference; lastKnownFileType = text.plist.xml; path = "p578textViewAndKeyboard-Info.plist"; sourceTree = "<group>"; };
		A4FB2CBA13AFA2C5003DC322 /* en */ = {isa = PBXFileReference; lastKnownFileType = text.plist.strings; name = en; path = en.lproj/InfoPlist.strings; sourceTree = "<group>"; };
		A4FB2CBC13AFA2C5003DC322 /* p578textViewAndKeyboard-Prefix.pch */ = {isa = PBXFileReference; lastKnownFileType = sourcecode.c.h; path = "p578textViewAndKeyboard-Prefix.pch"; sourceTree = "<group>"; };
		A4FB2CBD13AFA2C5003DC322 /* main.m */ = {isa = PBXFileReference; lastKnownFileType = sourcecode.c.objc; path = main.m; sourceTree = "<group>"; };
		A4FB2CBF13AFA2C5003DC322 /* TextViewAndKeyboardAppDelegate.h */ = {isa = PBXFileReference; path = TextViewAndKeyboardAppDelegate.h; sourceTree = "<group>"; };
		A4FB2CC013AFA2C5003DC322 /* TextViewAndKeyboardAppDelegate.m */ = {isa = PBXFileReference; lastKnownFileType = sourcecode.c.objc; path = TextViewAndKeyboardAppDelegate.m; sourceTree = "<group>"; };
		A4FB2CC313AFA2C5003DC322 /* en */ = {isa = PBXFileReference; lastKnownFileType = file.xib; name = en; path = en.lproj/MainWindow.xib; sourceTree = "<group>"; };
		A4FB2CC513AFA2C5003DC322 /* RootViewController.h */ = {isa = PBXFileReference; lastKnownFileType = sourcecode.c.h; path = RootViewController.h; sourceTree = "<group>"; };
		A4FB2CC613AFA2C6003DC322 /* RootViewController.m */ = {isa = PBXFileReference; lastKnownFileType = sourcecode.c.objc; path = RootViewController.m; sourceTree = "<group>"; };
		A4FB2CC913AFA2C6003DC322 /* en */ = {isa = PBXFileReference; lastKnownFileType = file.xib; name = en; path = en.lproj/RootView.xib; sourceTree = "<group>"; };
/* End PBXFileReference section */

/* Begin PBXFrameworksBuildPhase section */
		A4FB2CA913AFA2C5003DC322 /* Frameworks */ = {
			isa = PBXFrameworksBuildPhase;
			buildActionMask = 2147483647;
			files = (
				A4FB2CB113AFA2C5003DC322 /* UIKit.framework in Frameworks */,
				A4FB2CB313AFA2C5003DC322 /* Foundation.framework in Frameworks */,
				A4FB2CB513AFA2C5003DC322 /* CoreGraphics.framework in Frameworks */,
			);
			runOnlyForDeploymentPostprocessing = 0;
		};
/* End PBXFrameworksBuildPhase section */

/* Begin PBXGroup section */
		A4FB2CA113AFA2C4003DC322 = {
			isa = PBXGroup;
			children = (
				A4FB2CB613AFA2C5003DC322 /* p578textViewAndKeyboard */,
				A4FB2CAF13AFA2C5003DC322 /* Frameworks */,
				A4FB2CAD13AFA2C5003DC322 /* Products */,
			);
			sourceTree = "<group>";
		};
		A4FB2CAD13AFA2C5003DC322 /* Products */ = {
			isa = PBXGroup;
			children = (
				A4FB2CAC13AFA2C5003DC322 /* p578textViewAndKeyboard.app */,
			);
			name = Products;
			sourceTree = "<group>";
		};
		A4FB2CAF13AFA2C5003DC322 /* Frameworks */ = {
			isa = PBXGroup;
			children = (
				A4FB2CB013AFA2C5003DC322 /* UIKit.framework */,
				A4FB2CB213AFA2C5003DC322 /* Foundation.framework */,
				A4FB2CB413AFA2C5003DC322 /* CoreGraphics.framework */,
			);
			name = Frameworks;
			sourceTree = "<group>";
		};
		A4FB2CB613AFA2C5003DC322 /* p578textViewAndKeyboard */ = {
			isa = PBXGroup;
			children = (
				A4FB2CBF13AFA2C5003DC322 /* TextViewAndKeyboardAppDelegate.h */,
				A4FB2CC013AFA2C5003DC322 /* TextViewAndKeyboardAppDelegate.m */,
				A4FB2CC213AFA2C5003DC322 /* MainWindow.xib */,
				A4FB2CC513AFA2C5003DC322 /* RootViewController.h */,
				A4FB2CC613AFA2C6003DC322 /* RootViewController.m */,
				A4FB2CC813AFA2C6003DC322 /* RootView.xib */,
				A4FB2CB713AFA2C5003DC322 /* Supporting Files */,
			);
			path = p578textViewAndKeyboard;
			sourceTree = "<group>";
		};
		A4FB2CB713AFA2C5003DC322 /* Supporting Files */ = {
			isa = PBXGroup;
			children = (
				A4FB2CB813AFA2C5003DC322 /* p578textViewAndKeyboard-Info.plist */,
				A4FB2CB913AFA2C5003DC322 /* InfoPlist.strings */,
				A4FB2CBC13AFA2C5003DC322 /* p578textViewAndKeyboard-Prefix.pch */,
				A4FB2CBD13AFA2C5003DC322 /* main.m */,
			);
			name = "Supporting Files";
			sourceTree = "<group>";
		};
/* End PBXGroup section */

/* Begin PBXNativeTarget section */
		A4FB2CAB13AFA2C5003DC322 /* p578textViewAndKeyboard */ = {
			isa = PBXNativeTarget;
			buildConfigurationList = A4FB2CCD13AFA2C6003DC322 /* Build configuration list for PBXNativeTarget "p578textViewAndKeyboard" */;
			buildPhases = (
				A4FB2CA813AFA2C5003DC322 /* Sources */,
				A4FB2CA913AFA2C5003DC322 /* Frameworks */,
				A4FB2CAA13AFA2C5003DC322 /* Resources */,
			);
			buildRules = (
			);
			dependencies = (
			);
			name = p578textViewAndKeyboard;
			productName = p578textViewAndKeyboard;
			productReference = A4FB2CAC13AFA2C5003DC322 /* p578textViewAndKeyboard.app */;
			productType = "com.apple.product-type.application";
		};
/* End PBXNativeTarget section */

/* Begin PBXProject section */
		A4FB2CA313AFA2C4003DC322 /* Project object */ = {
			isa = PBXProject;
			buildConfigurationList = A4FB2CA613AFA2C4003DC322 /* Build configuration list for PBXProject "p578textViewAndKeyboard" */;
			compatibilityVersion = "Xcode 3.2";
			developmentRegion = English;
			hasScannedForEncodings = 0;
			knownRegions = (
				en,
			);
			mainGroup = A4FB2CA113AFA2C4003DC322;
			productRefGroup = A4FB2CAD13AFA2C5003DC322 /* Products */;
			projectDirPath = "";
			projectRoot = "";
			targets = (
				A4FB2CAB13AFA2C5003DC322 /* p578textViewAndKeyboard */,
			);
		};
/* End PBXProject section */

/* Begin PBXResourcesBuildPhase section */
		A4FB2CAA13AFA2C5003DC322 /* Resources */ = {
			isa = PBXResourcesBuildPhase;
			buildActionMask = 2147483647;
			files = (
				A4FB2CBB13AFA2C5003DC322 /* InfoPlist.strings in Resources */,
				A4FB2CC413AFA2C5003DC322 /* MainWindow.xib in Resources */,
				A4FB2CCA13AFA2C6003DC322 /* RootView.xib in Resources */,
			);
			runOnlyForDeploymentPostprocessing = 0;
		};
/* End PBXResourcesBuildPhase section */

/* Begin PBXSourcesBuildPhase section */
		A4FB2CA813AFA2C5003DC322 /* Sources */ = {
			isa = PBXSourcesBuildPhase;
			buildActionMask = 2147483647;
			files = (
				A4FB2CBE13AFA2C5003DC322 /* main.m in Sources */,
				A4FB2CC113AFA2C5003DC322 /* TextViewAndKeyboardAppDelegate.m in Sources */,
				A4FB2CC713AFA2C6003DC322 /* RootViewController.m in Sources */,
			);
			runOnlyForDeploymentPostprocessing = 0;
		};
/* End PBXSourcesBuildPhase section */

/* Begin PBXVariantGroup section */
		A4FB2CB913AFA2C5003DC322 /* InfoPlist.strings */ = {
			isa = PBXVariantGroup;
			children = (
				A4FB2CBA13AFA2C5003DC322 /* en */,
			);
			name = InfoPlist.strings;
			sourceTree = "<group>";
		};
		A4FB2CC213AFA2C5003DC322 /* MainWindow.xib */ = {
			isa = PBXVariantGroup;
			children = (
				A4FB2CC313AFA2C5003DC322 /* en */,
			);
			name = MainWindow.xib;
			sourceTree = "<group>";
		};
		A4FB2CC813AFA2C6003DC322 /* RootView.xib */ = {
			isa = PBXVariantGroup;
			children = (
				A4FB2CC913AFA2C6003DC322 /* en */,
			);
			name = RootView.xib;
			sourceTree = "<group>";
		};
/* End PBXVariantGroup section */

/* Begin XCBuildConfiguration section */
		A4FB2CCB13AFA2C6003DC322 /* Debug */ = {
			isa = XCBuildConfiguration;
			buildSettings = {
				ARCHS = "$(ARCHS_STANDARD_32_BIT)";
				"CODE_SIGN_IDENTITY[sdk=iphoneos*]" = "iPhone Developer";
				GCC_C_LANGUAGE_STANDARD = gnu99;
				GCC_OPTIMIZATION_LEVEL = 0;
				GCC_PREPROCESSOR_DEFINITIONS = DEBUG;
				GCC_SYMBOLS_PRIVATE_EXTERN = NO;
				GCC_VERSION = com.apple.compilers.llvmgcc42;
				GCC_WARN_ABOUT_RETURN_TYPE = YES;
				GCC_WARN_UNUSED_VARIABLE = YES;
				IPHONEOS_DEPLOYMENT_TARGET = 4.3;
				SDKROOT = iphoneos;
			};
			name = Debug;
		};
		A4FB2CCC13AFA2C6003DC322 /* Release */ = {
			isa = XCBuildConfiguration;
			buildSettings = {
				ARCHS = "$(ARCHS_STANDARD_32_BIT)";
				"CODE_SIGN_IDENTITY[sdk=iphoneos*]" = "iPhone Developer";
				GCC_C_LANGUAGE_STANDARD = gnu99;
				GCC_VERSION = com.apple.compilers.llvmgcc42;
				GCC_WARN_ABOUT_RETURN_TYPE = YES;
				GCC_WARN_UNUSED_VARIABLE = YES;
				IPHONEOS_DEPLOYMENT_TARGET = 4.3;
				OTHER_CFLAGS = "-DNS_BLOCK_ASSERTIONS=1";
				SDKROOT = iphoneos;
			};
			name = Release;
		};
		A4FB2CCE13AFA2C6003DC322 /* Debug */ = {
			isa = XCBuildConfiguration;
			buildSettings = {
				ALWAYS_SEARCH_USER_PATHS = NO;
				COPY_PHASE_STRIP = NO;
				GCC_DYNAMIC_NO_PIC = NO;
				GCC_PRECOMPILE_PREFIX_HEADER = YES;
				GCC_PREFIX_HEADER = "p578textViewAndKeyboard/p578textViewAndKeyboard-Prefix.pch";
				INFOPLIST_FILE = "p578textViewAndKeyboard/p578textViewAndKeyboard-Info.plist";
				PRODUCT_NAME = "$(TARGET_NAME)";
				WRAPPER_EXTENSION = app;
			};
			name = Debug;
		};
		A4FB2CCF13AFA2C6003DC322 /* Release */ = {
			isa = XCBuildConfiguration;
			buildSettings = {
				ALWAYS_SEARCH_USER_PATHS = NO;
				COPY_PHASE_STRIP = YES;
				GCC_PRECOMPILE_PREFIX_HEADER = YES;
				GCC_PREFIX_HEADER = "p578textViewAndKeyboard/p578textViewAndKeyboard-Prefix.pch";
				INFOPLIST_FILE = "p578textViewAndKeyboard/p578textViewAndKeyboard-Info.plist";
				PRODUCT_NAME = "$(TARGET_NAME)";
				VALIDATE_PRODUCT = YES;
				WRAPPER_EXTENSION = app;
			};
			name = Release;
		};
/* End XCBuildConfiguration section */

/* Begin XCConfigurationList section */
		A4FB2CA613AFA2C4003DC322 /* Build configuration list for PBXProject "p578textViewAndKeyboard" */ = {
			isa = XCConfigurationList;
			buildConfigurations = (
				A4FB2CCB13AFA2C6003DC322 /* Debug */,
				A4FB2CCC13AFA2C6003DC322 /* Release */,
			);
			defaultConfigurationIsVisible = 0;
			defaultConfigurationName = Release;
		};
		A4FB2CCD13AFA2C6003DC322 /* Build configuration list for PBXNativeTarget "p578textViewAndKeyboard" */ = {
			isa = XCConfigurationList;
			buildConfigurations = (
				A4FB2CCE13AFA2C6003DC322 /* Debug */,
				A4FB2CCF13AFA2C6003DC322 /* Release */,
			);
			defaultConfigurationIsVisible = 0;
		};
/* End XCConfigurationList section */
	};
	rootObject = A4FB2CA313AFA2C4003DC322 /* Project object */;
}
