// !$*UTF8*$!
{
	archiveVersion = 1;
	classes = {
	};
	objectVersion = 46;
	objects = {

/* Begin PBXBuildFile section */
		326E95261AF7C76A0074332F /* AppDelegate.swift in Sources */ = {isa = PBXBuildFile; fileRef = 326E95251AF7C76A0074332F /* AppDelegate.swift */; };
		326E95281AF7C76A0074332F /* ViewController.swift in Sources */ = {isa = PBXBuildFile; fileRef = 326E95271AF7C76A0074332F /* ViewController.swift */; };
		326E952B1AF7C76A0074332F /* Main.storyboard in Resources */ = {isa = PBXBuildFile; fileRef = 326E95291AF7C76A0074332F /* Main.storyboard */; };
		326E952D1AF7C76A0074332F /* Images.xcassets in Resources */ = {isa = PBXBuildFile; fileRef = 326E952C1AF7C76A0074332F /* Images.xcassets */; };
		326E95301AF7C76A0074332F /* LaunchScreen.xib in Resources */ = {isa = PBXBuildFile; fileRef = 326E952E1AF7C76A0074332F /* LaunchScreen.xib */; };
/* End PBXBuildFile section */

/* Begin PBXFileReference section */
		326E95201AF7C76A0074332F /* bk1ch04p177protocols.app */ = {isa = PBXFileReference; explicitFileType = wrapper.application; includeInIndex = 0; path = bk1ch04p177protocols.app; sourceTree = BUILT_PRODUCTS_DIR; };
		326E95241AF7C76A0074332F /* Info.plist */ = {isa = PBXFileReference; lastKnownFileType = text.plist.xml; path = Info.plist; sourceTree = "<group>"; };
		326E95251AF7C76A0074332F /* AppDelegate.swift */ = {isa = PBXFileReference; lastKnownFileType = sourcecode.swift; path = AppDelegate.swift; sourceTree = "<group>"; };
		326E95271AF7C76A0074332F /* ViewController.swift */ = {isa = PBXFileReference; lastKnownFileType = sourcecode.swift; path = ViewController.swift; sourceTree = "<group>"; };
		326E952A1AF7C76A0074332F /* Base */ = {isa = PBXFileReference; lastKnownFileType = file.storyboard; name = Base; path = Base.lproj/Main.storyboard; sourceTree = "<group>"; };
		326E952C1AF7C76A0074332F /* Images.xcassets */ = {isa = PBXFileReference; lastKnownFileType = folder.assetcatalog; path = Images.xcassets; sourceTree = "<group>"; };
		326E952F1AF7C76A0074332F /* Base */ = {isa = PBXFileReference; lastKnownFileType = file.xib; name = Base; path = Base.lproj/LaunchScreen.xib; sourceTree = "<group>"; };
/* End PBXFileReference section */

/* Begin PBXFrameworksBuildPhase section */
		326E951D1AF7C76A0074332F /* Frameworks */ = {
			isa = PBXFrameworksBuildPhase;
			buildActionMask = 2147483647;
			files = (
			);
			runOnlyForDeploymentPostprocessing = 0;
		};
/* End PBXFrameworksBuildPhase section */

/* Begin PBXGroup section */
		326E95171AF7C76A0074332F = {
			isa = PBXGroup;
			children = (
				326E95221AF7C76A0074332F /* bk1ch04p177protocols */,
				326E95211AF7C76A0074332F /* Products */,
			);
			sourceTree = "<group>";
		};
		326E95211AF7C76A0074332F /* Products */ = {
			isa = PBXGroup;
			children = (
				326E95201AF7C76A0074332F /* bk1ch04p177protocols.app */,
			);
			name = Products;
			sourceTree = "<group>";
		};
		326E95221AF7C76A0074332F /* bk1ch04p177protocols */ = {
			isa = PBXGroup;
			children = (
				326E95251AF7C76A0074332F /* AppDelegate.swift */,
				326E95271AF7C76A0074332F /* ViewController.swift */,
				326E95291AF7C76A0074332F /* Main.storyboard */,
				326E952C1AF7C76A0074332F /* Images.xcassets */,
				326E952E1AF7C76A0074332F /* LaunchScreen.xib */,
				326E95231AF7C76A0074332F /* Supporting Files */,
			);
			path = bk1ch04p177protocols;
			sourceTree = "<group>";
		};
		326E95231AF7C76A0074332F /* Supporting Files */ = {
			isa = PBXGroup;
			children = (
				326E95241AF7C76A0074332F /* Info.plist */,
			);
			name = "Supporting Files";
			sourceTree = "<group>";
		};
/* End PBXGroup section */

/* Begin PBXNativeTarget section */
		326E951F1AF7C76A0074332F /* bk1ch04p177protocols */ = {
			isa = PBXNativeTarget;
			buildConfigurationList = 326E953F1AF7C76A0074332F /* Build configuration list for PBXNativeTarget "bk1ch04p177protocols" */;
			buildPhases = (
				326E951C1AF7C76A0074332F /* Sources */,
				326E951D1AF7C76A0074332F /* Frameworks */,
				326E951E1AF7C76A0074332F /* Resources */,
			);
			buildRules = (
			);
			dependencies = (
			);
			name = bk1ch04p177protocols;
			productName = bk1ch04p177protocols;
			productReference = 326E95201AF7C76A0074332F /* bk1ch04p177protocols.app */;
			productType = "com.apple.product-type.application";
		};
/* End PBXNativeTarget section */

/* Begin PBXProject section */
		326E95181AF7C76A0074332F /* Project object */ = {
			isa = PBXProject;
			attributes = {
				LastUpgradeCheck = 0630;
				ORGANIZATIONNAME = "Matt Neuburg";
				TargetAttributes = {
					326E951F1AF7C76A0074332F = {
						CreatedOnToolsVersion = 6.3.1;
					};
				};
			};
			buildConfigurationList = 326E951B1AF7C76A0074332F /* Build configuration list for PBXProject "bk1ch04p177protocols" */;
			compatibilityVersion = "Xcode 3.2";
			developmentRegion = English;
			hasScannedForEncodings = 0;
			knownRegions = (
				en,
				Base,
			);
			mainGroup = 326E95171AF7C76A0074332F;
			productRefGroup = 326E95211AF7C76A0074332F /* Products */;
			projectDirPath = "";
			projectRoot = "";
			targets = (
				326E951F1AF7C76A0074332F /* bk1ch04p177protocols */,
			);
		};
/* End PBXProject section */

/* Begin PBXResourcesBuildPhase section */
		326E951E1AF7C76A0074332F /* Resources */ = {
			isa = PBXResourcesBuildPhase;
			buildActionMask = 2147483647;
			files = (
				326E952B1AF7C76A0074332F /* Main.storyboard in Resources */,
				326E95301AF7C76A0074332F /* LaunchScreen.xib in Resources */,
				326E952D1AF7C76A0074332F /* Images.xcassets in Resources */,
			);
			runOnlyForDeploymentPostprocessing = 0;
		};
/* End PBXResourcesBuildPhase section */

/* Begin PBXSourcesBuildPhase section */
		326E951C1AF7C76A0074332F /* Sources */ = {
			isa = PBXSourcesBuildPhase;
			buildActionMask = 2147483647;
			files = (
				326E95281AF7C76A0074332F /* ViewController.swift in Sources */,
				326E95261AF7C76A0074332F /* AppDelegate.swift in Sources */,
			);
			runOnlyForDeploymentPostprocessing = 0;
		};
/* End PBXSourcesBuildPhase section */

/* Begin PBXVariantGroup section */
		326E95291AF7C76A0074332F /* Main.storyboard */ = {
			isa = PBXVariantGroup;
			children = (
				326E952A1AF7C76A0074332F /* Base */,
			);
			name = Main.storyboard;
			sourceTree = "<group>";
		};
		326E952E1AF7C76A0074332F /* LaunchScreen.xib */ = {
			isa = PBXVariantGroup;
			children = (
				326E952F1AF7C76A0074332F /* Base */,
			);
			name = LaunchScreen.xib;
			sourceTree = "<group>";
		};
/* End PBXVariantGroup section */

/* Begin XCBuildConfiguration section */
		326E953D1AF7C76A0074332F /* Debug */ = {
			isa = XCBuildConfiguration;
			buildSettings = {
				ALWAYS_SEARCH_USER_PATHS = NO;
				CLANG_CXX_LANGUAGE_STANDARD = "gnu++0x";
				CLANG_CXX_LIBRARY = "libc++";
				CLANG_ENABLE_MODULES = YES;
				CLANG_ENABLE_OBJC_ARC = YES;
				CLANG_WARN_BOOL_CONVERSION = YES;
				CLANG_WARN_CONSTANT_CONVERSION = YES;
				CLANG_WARN_DIRECT_OBJC_ISA_USAGE = YES_ERROR;
				CLANG_WARN_EMPTY_BODY = YES;
				CLANG_WARN_ENUM_CONVERSION = YES;
				CLANG_WARN_INT_CONVERSION = YES;
				CLANG_WARN_OBJC_ROOT_CLASS = YES_ERROR;
				CLANG_WARN_UNREACHABLE_CODE = YES;
				CLANG_WARN__DUPLICATE_METHOD_MATCH = YES;
				"CODE_SIGN_IDENTITY[sdk=iphoneos*]" = "iPhone Developer";
				COPY_PHASE_STRIP = NO;
				DEBUG_INFORMATION_FORMAT = "dwarf-with-dsym";
				ENABLE_STRICT_OBJC_MSGSEND = YES;
				GCC_C_LANGUAGE_STANDARD = gnu99;
				GCC_DYNAMIC_NO_PIC = NO;
				GCC_NO_COMMON_BLOCKS = YES;
				GCC_OPTIMIZATION_LEVEL = 0;
				GCC_PREPROCESSOR_DEFINITIONS = (
					"DEBUG=1",
					"$(inherited)",
				);
				GCC_SYMBOLS_PRIVATE_EXTERN = NO;
				GCC_WARN_64_TO_32_BIT_CONVERSION = YES;
				GCC_WARN_ABOUT_RETURN_TYPE = YES_ERROR;
				GCC_WARN_UNDECLARED_SELECTOR = YES;
				GCC_WARN_UNINITIALIZED_AUTOS = YES_AGGRESSIVE;
				GCC_WARN_UNUSED_FUNCTION = YES;
				GCC_WARN_UNUSED_VARIABLE = YES;
				IPHONEOS_DEPLOYMENT_TARGET = 8.3;
				MTL_ENABLE_DEBUG_INFO = YES;
				ONLY_ACTIVE_ARCH = YES;
				SDKROOT = iphoneos;
				SWIFT_OPTIMIZATION_LEVEL = "-Onone";
			};
			name = Debug;
		};
		326E953E1AF7C76A0074332F /* Release */ = {
			isa = XCBuildConfiguration;
			buildSettings = {
				ALWAYS_SEARCH_USER_PATHS = NO;
				CLANG_CXX_LANGUAGE_STANDARD = "gnu++0x";
				CLANG_CXX_LIBRARY = "libc++";
				CLANG_ENABLE_MODULES = YES;
				CLANG_ENABLE_OBJC_ARC = YES;
				CLANG_WARN_BOOL_CONVERSION = YES;
				CLANG_WARN_CONSTANT_CONVERSION = YES;
				CLANG_WARN_DIRECT_OBJC_ISA_USAGE = YES_ERROR;
				CLANG_WARN_EMPTY_BODY = YES;
				CLANG_WARN_ENUM_CONVERSION = YES;
				CLANG_WARN_INT_CONVERSION = YES;
				CLANG_WARN_OBJC_ROOT_CLASS = YES_ERROR;
				CLANG_WARN_UNREACHABLE_CODE = YES;
				CLANG_WARN__DUPLICATE_METHOD_MATCH = YES;
				"CODE_SIGN_IDENTITY[sdk=iphoneos*]" = "iPhone Developer";
				COPY_PHASE_STRIP = NO;
				DEBUG_INFORMATION_FORMAT = "dwarf-with-dsym";
				ENABLE_NS_ASSERTIONS = NO;
				ENABLE_STRICT_OBJC_MSGSEND = YES;
				GCC_C_LANGUAGE_STANDARD = gnu99;
				GCC_NO_COMMON_BLOCKS = YES;
				GCC_WARN_64_TO_32_BIT_CONVERSION = YES;
				GCC_WARN_ABOUT_RETURN_TYPE = YES_ERROR;
				GCC_WARN_UNDECLARED_SELECTOR = YES;
				GCC_WARN_UNINITIALIZED_AUTOS = YES_AGGRESSIVE;
				GCC_WARN_UNUSED_FUNCTION = YES;
				GCC_WARN_UNUSED_VARIABLE = YES;
				IPHONEOS_DEPLOYMENT_TARGET = 8.3;
				MTL_ENABLE_DEBUG_INFO = NO;
				SDKROOT = iphoneos;
				VALIDATE_PRODUCT = YES;
			};
			name = Release;
		};
		326E95401AF7C76A0074332F /* Debug */ = {
			isa = XCBuildConfiguration;
			buildSettings = {
				ASSETCATALOG_COMPILER_APPICON_NAME = AppIcon;
				INFOPLIST_FILE = bk1ch04p177protocols/Info.plist;
				LD_RUNPATH_SEARCH_PATHS = "$(inherited) @executable_path/Frameworks";
				PRODUCT_NAME = "$(TARGET_NAME)";
			};
			name = Debug;
		};
		326E95411AF7C76A0074332F /* Release */ = {
			isa = XCBuildConfiguration;
			buildSettings = {
				ASSETCATALOG_COMPILER_APPICON_NAME = AppIcon;
				INFOPLIST_FILE = bk1ch04p177protocols/Info.plist;
				LD_RUNPATH_SEARCH_PATHS = "$(inherited) @executable_path/Frameworks";
				PRODUCT_NAME = "$(TARGET_NAME)";
			};
			name = Release;
		};
/* End XCBuildConfiguration section */

/* Begin XCConfigurationList section */
		326E951B1AF7C76A0074332F /* Build configuration list for PBXProject "bk1ch04p177protocols" */ = {
			isa = XCConfigurationList;
			buildConfigurations = (
				326E953D1AF7C76A0074332F /* Debug */,
				326E953E1AF7C76A0074332F /* Release */,
			);
			defaultConfigurationIsVisible = 0;
			defaultConfigurationName = Release;
		};
		326E953F1AF7C76A0074332F /* Build configuration list for PBXNativeTarget "bk1ch04p177protocols" */ = {
			isa = XCConfigurationList;
			buildConfigurations = (
				326E95401AF7C76A0074332F /* Debug */,
				326E95411AF7C76A0074332F /* Release */,
			);
			defaultConfigurationIsVisible = 0;
		};
/* End XCConfigurationList section */
	};
	rootObject = 326E95181AF7C76A0074332F /* Project object */;
}
