// !$*UTF8*$!
{
	archiveVersion = 1;
	classes = {
	};
	objectVersion = 46;
	objects = {

/* Begin PBXBuildFile section */
		326C8069197AE1C9003C0B1C /* MyNavigationController.swift in Sources */ = {isa = PBXBuildFile; fileRef = 326C8068197AE1C9003C0B1C /* MyNavigationController.swift */; };
		326C806B197AEDEB003C0B1C /* ViewController3.swift in Sources */ = {isa = PBXBuildFile; fileRef = 326C806A197AEDEB003C0B1C /* ViewController3.swift */; };
		326C806D197AF0D9003C0B1C /* ViewController2.swift in Sources */ = {isa = PBXBuildFile; fileRef = 326C806C197AF0D9003C0B1C /* ViewController2.swift */; };
		326C806F197AF3B2003C0B1C /* ViewController.swift in Sources */ = {isa = PBXBuildFile; fileRef = 326C806E197AF3B2003C0B1C /* ViewController.swift */; };
		C90829B917D2678800213704 /* Foundation.framework in Frameworks */ = {isa = PBXBuildFile; fileRef = C90829B817D2678800213704 /* Foundation.framework */; };
		C90829BB17D2678800213704 /* CoreGraphics.framework in Frameworks */ = {isa = PBXBuildFile; fileRef = C90829BA17D2678800213704 /* CoreGraphics.framework */; };
		C90829BD17D2678800213704 /* UIKit.framework in Frameworks */ = {isa = PBXBuildFile; fileRef = C90829BC17D2678800213704 /* UIKit.framework */; };
		C90829C317D2678800213704 /* InfoPlist.strings in Resources */ = {isa = PBXBuildFile; fileRef = C90829C117D2678800213704 /* InfoPlist.strings */; };
		C90829C517D2678800213704 /* main.m in Sources */ = {isa = PBXBuildFile; fileRef = C90829C417D2678800213704 /* main.m */; };
		C90829C917D2678800213704 /* AppDelegate.m in Sources */ = {isa = PBXBuildFile; fileRef = C90829C817D2678800213704 /* AppDelegate.m */; };
		C90829CC17D2678800213704 /* Main.storyboard in Resources */ = {isa = PBXBuildFile; fileRef = C90829CA17D2678800213704 /* Main.storyboard */; };
		C90829D117D2678800213704 /* Images.xcassets in Resources */ = {isa = PBXBuildFile; fileRef = C90829D017D2678800213704 /* Images.xcassets */; };
/* End PBXBuildFile section */

/* Begin PBXFileReference section */
		326C8067197AE1C9003C0B1C /* ch19p645unwind-Bridging-Header.h */ = {isa = PBXFileReference; lastKnownFileType = sourcecode.c.h; path = "ch19p645unwind-Bridging-Header.h"; sourceTree = "<group>"; };
		326C8068197AE1C9003C0B1C /* MyNavigationController.swift */ = {isa = PBXFileReference; fileEncoding = 4; lastKnownFileType = sourcecode.swift; path = MyNavigationController.swift; sourceTree = "<group>"; };
		326C806A197AEDEB003C0B1C /* ViewController3.swift */ = {isa = PBXFileReference; fileEncoding = 4; lastKnownFileType = sourcecode.swift; path = ViewController3.swift; sourceTree = "<group>"; };
		326C806C197AF0D9003C0B1C /* ViewController2.swift */ = {isa = PBXFileReference; fileEncoding = 4; lastKnownFileType = sourcecode.swift; path = ViewController2.swift; sourceTree = "<group>"; };
		326C806E197AF3B2003C0B1C /* ViewController.swift */ = {isa = PBXFileReference; fileEncoding = 4; lastKnownFileType = sourcecode.swift; path = ViewController.swift; sourceTree = "<group>"; };
		C90829B517D2678800213704 /* ch19p645unwindSimplified.app */ = {isa = PBXFileReference; explicitFileType = wrapper.application; includeInIndex = 0; path = ch19p645unwindSimplified.app; sourceTree = BUILT_PRODUCTS_DIR; };
		C90829B817D2678800213704 /* Foundation.framework */ = {isa = PBXFileReference; lastKnownFileType = wrapper.framework; name = Foundation.framework; path = System/Library/Frameworks/Foundation.framework; sourceTree = SDKROOT; };
		C90829BA17D2678800213704 /* CoreGraphics.framework */ = {isa = PBXFileReference; lastKnownFileType = wrapper.framework; name = CoreGraphics.framework; path = System/Library/Frameworks/CoreGraphics.framework; sourceTree = SDKROOT; };
		C90829BC17D2678800213704 /* UIKit.framework */ = {isa = PBXFileReference; lastKnownFileType = wrapper.framework; name = UIKit.framework; path = System/Library/Frameworks/UIKit.framework; sourceTree = SDKROOT; };
		C90829C017D2678800213704 /* ch19p645unwindSimplified-Info.plist */ = {isa = PBXFileReference; lastKnownFileType = text.plist.xml; path = "ch19p645unwindSimplified-Info.plist"; sourceTree = "<group>"; };
		C90829C217D2678800213704 /* en */ = {isa = PBXFileReference; lastKnownFileType = text.plist.strings; name = en; path = en.lproj/InfoPlist.strings; sourceTree = "<group>"; };
		C90829C417D2678800213704 /* main.m */ = {isa = PBXFileReference; lastKnownFileType = sourcecode.c.objc; path = main.m; sourceTree = "<group>"; };
		C90829C617D2678800213704 /* ch19p645unwindSimplified-Prefix.pch */ = {isa = PBXFileReference; lastKnownFileType = sourcecode.c.h; path = "ch19p645unwindSimplified-Prefix.pch"; sourceTree = "<group>"; };
		C90829C717D2678800213704 /* AppDelegate.h */ = {isa = PBXFileReference; lastKnownFileType = sourcecode.c.h; path = AppDelegate.h; sourceTree = "<group>"; };
		C90829C817D2678800213704 /* AppDelegate.m */ = {isa = PBXFileReference; lastKnownFileType = sourcecode.c.objc; path = AppDelegate.m; sourceTree = "<group>"; };
		C90829CB17D2678800213704 /* Base */ = {isa = PBXFileReference; lastKnownFileType = file.storyboard; name = Base; path = Base.lproj/Main.storyboard; sourceTree = "<group>"; };
		C90829D017D2678800213704 /* Images.xcassets */ = {isa = PBXFileReference; lastKnownFileType = folder.assetcatalog; path = Images.xcassets; sourceTree = "<group>"; };
		C90829D717D2678800213704 /* XCTest.framework */ = {isa = PBXFileReference; lastKnownFileType = wrapper.framework; name = XCTest.framework; path = Library/Frameworks/XCTest.framework; sourceTree = DEVELOPER_DIR; };
/* End PBXFileReference section */

/* Begin PBXFrameworksBuildPhase section */
		C90829B217D2678800213704 /* Frameworks */ = {
			isa = PBXFrameworksBuildPhase;
			buildActionMask = 2147483647;
			files = (
				C90829BB17D2678800213704 /* CoreGraphics.framework in Frameworks */,
				C90829BD17D2678800213704 /* UIKit.framework in Frameworks */,
				C90829B917D2678800213704 /* Foundation.framework in Frameworks */,
			);
			runOnlyForDeploymentPostprocessing = 0;
		};
/* End PBXFrameworksBuildPhase section */

/* Begin PBXGroup section */
		C90829AC17D2678800213704 = {
			isa = PBXGroup;
			children = (
				C90829BE17D2678800213704 /* ch19p645unwind */,
				C90829B717D2678800213704 /* Frameworks */,
				C90829B617D2678800213704 /* Products */,
			);
			sourceTree = "<group>";
		};
		C90829B617D2678800213704 /* Products */ = {
			isa = PBXGroup;
			children = (
				C90829B517D2678800213704 /* ch19p645unwindSimplified.app */,
			);
			name = Products;
			sourceTree = "<group>";
		};
		C90829B717D2678800213704 /* Frameworks */ = {
			isa = PBXGroup;
			children = (
				C90829B817D2678800213704 /* Foundation.framework */,
				C90829BA17D2678800213704 /* CoreGraphics.framework */,
				C90829BC17D2678800213704 /* UIKit.framework */,
				C90829D717D2678800213704 /* XCTest.framework */,
			);
			name = Frameworks;
			sourceTree = "<group>";
		};
		C90829BE17D2678800213704 /* ch19p645unwind */ = {
			isa = PBXGroup;
			children = (
				C90829C717D2678800213704 /* AppDelegate.h */,
				C90829C817D2678800213704 /* AppDelegate.m */,
				C90829CA17D2678800213704 /* Main.storyboard */,
				326C806E197AF3B2003C0B1C /* ViewController.swift */,
				326C806C197AF0D9003C0B1C /* ViewController2.swift */,
				326C806A197AEDEB003C0B1C /* ViewController3.swift */,
				326C8068197AE1C9003C0B1C /* MyNavigationController.swift */,
				C90829D017D2678800213704 /* Images.xcassets */,
				C90829BF17D2678800213704 /* Supporting Files */,
				326C8067197AE1C9003C0B1C /* ch19p645unwind-Bridging-Header.h */,
			);
			path = ch19p645unwind;
			sourceTree = "<group>";
		};
		C90829BF17D2678800213704 /* Supporting Files */ = {
			isa = PBXGroup;
			children = (
				C90829C017D2678800213704 /* ch19p645unwindSimplified-Info.plist */,
				C90829C117D2678800213704 /* InfoPlist.strings */,
				C90829C417D2678800213704 /* main.m */,
				C90829C617D2678800213704 /* ch19p645unwindSimplified-Prefix.pch */,
			);
			name = "Supporting Files";
			sourceTree = "<group>";
		};
/* End PBXGroup section */

/* Begin PBXNativeTarget section */
		C90829B417D2678800213704 /* ch19p645unwindSimplified */ = {
			isa = PBXNativeTarget;
			buildConfigurationList = C90829E717D2678800213704 /* Build configuration list for PBXNativeTarget "ch19p645unwindSimplified" */;
			buildPhases = (
				C90829B117D2678800213704 /* Sources */,
				C90829B217D2678800213704 /* Frameworks */,
				C90829B317D2678800213704 /* Resources */,
			);
			buildRules = (
			);
			dependencies = (
			);
			name = ch19p645unwindSimplified;
			productName = ch19p645unwind;
			productReference = C90829B517D2678800213704 /* ch19p645unwindSimplified.app */;
			productType = "com.apple.product-type.application";
		};
/* End PBXNativeTarget section */

/* Begin PBXProject section */
		C90829AD17D2678800213704 /* Project object */ = {
			isa = PBXProject;
			attributes = {
				LastUpgradeCheck = 0500;
				ORGANIZATIONNAME = "Matt Neuburg";
			};
			buildConfigurationList = C90829B017D2678800213704 /* Build configuration list for PBXProject "ch19p645unwindSimplified" */;
			compatibilityVersion = "Xcode 3.2";
			developmentRegion = English;
			hasScannedForEncodings = 0;
			knownRegions = (
				en,
				Base,
			);
			mainGroup = C90829AC17D2678800213704;
			productRefGroup = C90829B617D2678800213704 /* Products */;
			projectDirPath = "";
			projectRoot = "";
			targets = (
				C90829B417D2678800213704 /* ch19p645unwindSimplified */,
			);
		};
/* End PBXProject section */

/* Begin PBXResourcesBuildPhase section */
		C90829B317D2678800213704 /* Resources */ = {
			isa = PBXResourcesBuildPhase;
			buildActionMask = 2147483647;
			files = (
				C90829D117D2678800213704 /* Images.xcassets in Resources */,
				C90829C317D2678800213704 /* InfoPlist.strings in Resources */,
				C90829CC17D2678800213704 /* Main.storyboard in Resources */,
			);
			runOnlyForDeploymentPostprocessing = 0;
		};
/* End PBXResourcesBuildPhase section */

/* Begin PBXSourcesBuildPhase section */
		C90829B117D2678800213704 /* Sources */ = {
			isa = PBXSourcesBuildPhase;
			buildActionMask = 2147483647;
			files = (
				326C806D197AF0D9003C0B1C /* ViewController2.swift in Sources */,
				C90829C917D2678800213704 /* AppDelegate.m in Sources */,
				326C8069197AE1C9003C0B1C /* MyNavigationController.swift in Sources */,
				326C806F197AF3B2003C0B1C /* ViewController.swift in Sources */,
				C90829C517D2678800213704 /* main.m in Sources */,
				326C806B197AEDEB003C0B1C /* ViewController3.swift in Sources */,
			);
			runOnlyForDeploymentPostprocessing = 0;
		};
/* End PBXSourcesBuildPhase section */

/* Begin PBXVariantGroup section */
		C90829C117D2678800213704 /* InfoPlist.strings */ = {
			isa = PBXVariantGroup;
			children = (
				C90829C217D2678800213704 /* en */,
			);
			name = InfoPlist.strings;
			sourceTree = "<group>";
		};
		C90829CA17D2678800213704 /* Main.storyboard */ = {
			isa = PBXVariantGroup;
			children = (
				C90829CB17D2678800213704 /* Base */,
			);
			name = Main.storyboard;
			sourceTree = "<group>";
		};
/* End PBXVariantGroup section */

/* Begin XCBuildConfiguration section */
		C90829E517D2678800213704 /* Debug */ = {
			isa = XCBuildConfiguration;
			buildSettings = {
				ALWAYS_SEARCH_USER_PATHS = NO;
				CLANG_CXX_LANGUAGE_STANDARD = "gnu++0x";
				CLANG_CXX_LIBRARY = "libc++";
				CLANG_ENABLE_MODULES = YES;
				CLANG_ENABLE_OBJC_ARC = YES;
				CLANG_WARN_BOOL_CONVERSION = YES;
				CLANG_WARN_CONSTANT_CONVERSION = YES;
				CLANG_WARN_DIRECT_OBJC_ISA_USAGE = YES_ERROR;
				CLANG_WARN_EMPTY_BODY = YES;
				CLANG_WARN_ENUM_CONVERSION = YES;
				CLANG_WARN_INT_CONVERSION = YES;
				CLANG_WARN_OBJC_ROOT_CLASS = YES_ERROR;
				CLANG_WARN__DUPLICATE_METHOD_MATCH = YES;
				"CODE_SIGN_IDENTITY[sdk=iphoneos*]" = "iPhone Developer";
				COPY_PHASE_STRIP = NO;
				GCC_C_LANGUAGE_STANDARD = gnu99;
				GCC_DYNAMIC_NO_PIC = NO;
				GCC_OPTIMIZATION_LEVEL = 0;
				GCC_PREPROCESSOR_DEFINITIONS = (
					"DEBUG=1",
					"$(inherited)",
				);
				GCC_SYMBOLS_PRIVATE_EXTERN = NO;
				GCC_WARN_ABOUT_RETURN_TYPE = YES_ERROR;
				GCC_WARN_UNDECLARED_SELECTOR = YES;
				GCC_WARN_UNINITIALIZED_AUTOS = YES;
				GCC_WARN_UNUSED_FUNCTION = YES;
				GCC_WARN_UNUSED_VARIABLE = YES;
				IPHONEOS_DEPLOYMENT_TARGET = 7.0;
				ONLY_ACTIVE_ARCH = YES;
				SDKROOT = iphoneos;
			};
			name = Debug;
		};
		C90829E617D2678800213704 /* Release */ = {
			isa = XCBuildConfiguration;
			buildSettings = {
				ALWAYS_SEARCH_USER_PATHS = NO;
				CLANG_CXX_LANGUAGE_STANDARD = "gnu++0x";
				CLANG_CXX_LIBRARY = "libc++";
				CLANG_ENABLE_MODULES = YES;
				CLANG_ENABLE_OBJC_ARC = YES;
				CLANG_WARN_BOOL_CONVERSION = YES;
				CLANG_WARN_CONSTANT_CONVERSION = YES;
				CLANG_WARN_DIRECT_OBJC_ISA_USAGE = YES_ERROR;
				CLANG_WARN_EMPTY_BODY = YES;
				CLANG_WARN_ENUM_CONVERSION = YES;
				CLANG_WARN_INT_CONVERSION = YES;
				CLANG_WARN_OBJC_ROOT_CLASS = YES_ERROR;
				CLANG_WARN__DUPLICATE_METHOD_MATCH = YES;
				"CODE_SIGN_IDENTITY[sdk=iphoneos*]" = "iPhone Developer";
				COPY_PHASE_STRIP = YES;
				ENABLE_NS_ASSERTIONS = NO;
				GCC_C_LANGUAGE_STANDARD = gnu99;
				GCC_WARN_ABOUT_RETURN_TYPE = YES_ERROR;
				GCC_WARN_UNDECLARED_SELECTOR = YES;
				GCC_WARN_UNINITIALIZED_AUTOS = YES;
				GCC_WARN_UNUSED_FUNCTION = YES;
				GCC_WARN_UNUSED_VARIABLE = YES;
				IPHONEOS_DEPLOYMENT_TARGET = 7.0;
				SDKROOT = iphoneos;
				VALIDATE_PRODUCT = YES;
			};
			name = Release;
		};
		C90829E817D2678800213704 /* Debug */ = {
			isa = XCBuildConfiguration;
			buildSettings = {
				ASSETCATALOG_COMPILER_APPICON_NAME = AppIcon;
				ASSETCATALOG_COMPILER_LAUNCHIMAGE_NAME = LaunchImage;
				CLANG_ENABLE_MODULES = YES;
				GCC_PRECOMPILE_PREFIX_HEADER = YES;
				GCC_PREFIX_HEADER = "ch19p645unwind/ch19p645unwindSimplified-Prefix.pch";
				INFOPLIST_FILE = "ch19p645unwind/ch19p645unwindSimplified-Info.plist";
				LD_RUNPATH_SEARCH_PATHS = "$(inherited) @executable_path/Frameworks";
				ONLY_ACTIVE_ARCH = NO;
				PRODUCT_NAME = ch19p645unwindSimplified;
				SWIFT_OBJC_BRIDGING_HEADER = "ch19p645unwind/ch19p645unwind-Bridging-Header.h";
				SWIFT_OPTIMIZATION_LEVEL = "-Onone";
				WRAPPER_EXTENSION = app;
			};
			name = Debug;
		};
		C90829E917D2678800213704 /* Release */ = {
			isa = XCBuildConfiguration;
			buildSettings = {
				ASSETCATALOG_COMPILER_APPICON_NAME = AppIcon;
				ASSETCATALOG_COMPILER_LAUNCHIMAGE_NAME = LaunchImage;
				CLANG_ENABLE_MODULES = YES;
				GCC_PRECOMPILE_PREFIX_HEADER = YES;
				GCC_PREFIX_HEADER = "ch19p645unwind/ch19p645unwindSimplified-Prefix.pch";
				INFOPLIST_FILE = "ch19p645unwind/ch19p645unwindSimplified-Info.plist";
				LD_RUNPATH_SEARCH_PATHS = "$(inherited) @executable_path/Frameworks";
				ONLY_ACTIVE_ARCH = NO;
				PRODUCT_NAME = ch19p645unwindSimplified;
				SWIFT_OBJC_BRIDGING_HEADER = "ch19p645unwind/ch19p645unwind-Bridging-Header.h";
				WRAPPER_EXTENSION = app;
			};
			name = Release;
		};
/* End XCBuildConfiguration section */

/* Begin XCConfigurationList section */
		C90829B017D2678800213704 /* Build configuration list for PBXProject "ch19p645unwindSimplified" */ = {
			isa = XCConfigurationList;
			buildConfigurations = (
				C90829E517D2678800213704 /* Debug */,
				C90829E617D2678800213704 /* Release */,
			);
			defaultConfigurationIsVisible = 0;
			defaultConfigurationName = Release;
		};
		C90829E717D2678800213704 /* Build configuration list for PBXNativeTarget "ch19p645unwindSimplified" */ = {
			isa = XCConfigurationList;
			buildConfigurations = (
				C90829E817D2678800213704 /* Debug */,
				C90829E917D2678800213704 /* Release */,
			);
			defaultConfigurationIsVisible = 0;
			defaultConfigurationName = Release;
		};
/* End XCConfigurationList section */
	};
	rootObject = C90829AD17D2678800213704 /* Project object */;
}
