// !$*UTF8*$!
{
	archiveVersion = 1;
	classes = {
	};
	objectVersion = 46;
	objects = {

/* Begin PBXBuildFile section */
		A4C6C21E1487D7E0006901D5 /* UIKit.framework in Frameworks */ = {isa = PBXBuildFile; fileRef = A4C6C21D1487D7E0006901D5 /* UIKit.framework */; };
		A4C6C2201487D7E0006901D5 /* Foundation.framework in Frameworks */ = {isa = PBXBuildFile; fileRef = A4C6C21F1487D7E0006901D5 /* Foundation.framework */; };
		A4C6C2221487D7E0006901D5 /* CoreGraphics.framework in Frameworks */ = {isa = PBXBuildFile; fileRef = A4C6C2211487D7E0006901D5 /* CoreGraphics.framework */; };
		A4C6C2281487D7E0006901D5 /* InfoPlist.strings in Resources */ = {isa = PBXBuildFile; fileRef = A4C6C2261487D7E0006901D5 /* InfoPlist.strings */; };
		A4C6C22A1487D7E0006901D5 /* main.m in Sources */ = {isa = PBXBuildFile; fileRef = A4C6C2291487D7E0006901D5 /* main.m */; };
		A4C6C22E1487D7E0006901D5 /* AppDelegate.m in Sources */ = {isa = PBXBuildFile; fileRef = A4C6C22D1487D7E0006901D5 /* AppDelegate.m */; };
		A4C6C2311487D7E0006901D5 /* ViewController.m in Sources */ = {isa = PBXBuildFile; fileRef = A4C6C2301487D7E0006901D5 /* ViewController.m */; };
		A4C6C2341487D7E0006901D5 /* ViewController.xib in Resources */ = {isa = PBXBuildFile; fileRef = A4C6C2321487D7E0006901D5 /* ViewController.xib */; };
		A4C6C23C1487D804006901D5 /* MyView1.m in Sources */ = {isa = PBXBuildFile; fileRef = A4C6C23B1487D804006901D5 /* MyView1.m */; };
		A4C6C23F1487D91C006901D5 /* MyView2.m in Sources */ = {isa = PBXBuildFile; fileRef = A4C6C23E1487D91C006901D5 /* MyView2.m */; };
		A4C6C2421487E01E006901D5 /* MyView3.m in Sources */ = {isa = PBXBuildFile; fileRef = A4C6C2411487E01E006901D5 /* MyView3.m */; };
		A4C6C2451487E2CD006901D5 /* MyView4.m in Sources */ = {isa = PBXBuildFile; fileRef = A4C6C2441487E2CD006901D5 /* MyView4.m */; };
		A4C6C2481487E389006901D5 /* MyImageView1.m in Sources */ = {isa = PBXBuildFile; fileRef = A4C6C2471487E389006901D5 /* MyImageView1.m */; };
		A4C6C24B1487E430006901D5 /* MyImageView2.m in Sources */ = {isa = PBXBuildFile; fileRef = A4C6C24A1487E430006901D5 /* MyImageView2.m */; };
/* End PBXBuildFile section */

/* Begin PBXFileReference section */
		A4C6C2191487D7E0006901D5 /* p313sixBlueCircles.app */ = {isa = PBXFileReference; explicitFileType = wrapper.application; includeInIndex = 0; path = p313sixBlueCircles.app; sourceTree = BUILT_PRODUCTS_DIR; };
		A4C6C21D1487D7E0006901D5 /* UIKit.framework */ = {isa = PBXFileReference; lastKnownFileType = wrapper.framework; name = UIKit.framework; path = System/Library/Frameworks/UIKit.framework; sourceTree = SDKROOT; };
		A4C6C21F1487D7E0006901D5 /* Foundation.framework */ = {isa = PBXFileReference; lastKnownFileType = wrapper.framework; name = Foundation.framework; path = System/Library/Frameworks/Foundation.framework; sourceTree = SDKROOT; };
		A4C6C2211487D7E0006901D5 /* CoreGraphics.framework */ = {isa = PBXFileReference; lastKnownFileType = wrapper.framework; name = CoreGraphics.framework; path = System/Library/Frameworks/CoreGraphics.framework; sourceTree = SDKROOT; };
		A4C6C2251487D7E0006901D5 /* p313sixBlueCircles-Info.plist */ = {isa = PBXFileReference; lastKnownFileType = text.plist.xml; path = "p313sixBlueCircles-Info.plist"; sourceTree = "<group>"; };
		A4C6C2271487D7E0006901D5 /* en */ = {isa = PBXFileReference; lastKnownFileType = text.plist.strings; name = en; path = en.lproj/InfoPlist.strings; sourceTree = "<group>"; };
		A4C6C2291487D7E0006901D5 /* main.m */ = {isa = PBXFileReference; lastKnownFileType = sourcecode.c.objc; path = main.m; sourceTree = "<group>"; };
		A4C6C22B1487D7E0006901D5 /* p313sixBlueCircles-Prefix.pch */ = {isa = PBXFileReference; lastKnownFileType = sourcecode.c.h; path = "p313sixBlueCircles-Prefix.pch"; sourceTree = "<group>"; };
		A4C6C22C1487D7E0006901D5 /* AppDelegate.h */ = {isa = PBXFileReference; lastKnownFileType = sourcecode.c.h; path = AppDelegate.h; sourceTree = "<group>"; };
		A4C6C22D1487D7E0006901D5 /* AppDelegate.m */ = {isa = PBXFileReference; lastKnownFileType = sourcecode.c.objc; path = AppDelegate.m; sourceTree = "<group>"; };
		A4C6C22F1487D7E0006901D5 /* ViewController.h */ = {isa = PBXFileReference; lastKnownFileType = sourcecode.c.h; path = ViewController.h; sourceTree = "<group>"; };
		A4C6C2301487D7E0006901D5 /* ViewController.m */ = {isa = PBXFileReference; lastKnownFileType = sourcecode.c.objc; path = ViewController.m; sourceTree = "<group>"; };
		A4C6C2331487D7E0006901D5 /* en */ = {isa = PBXFileReference; lastKnownFileType = file.xib; name = en; path = en.lproj/ViewController.xib; sourceTree = "<group>"; };
		A4C6C23A1487D804006901D5 /* MyView1.h */ = {isa = PBXFileReference; fileEncoding = 4; lastKnownFileType = sourcecode.c.h; path = MyView1.h; sourceTree = "<group>"; };
		A4C6C23B1487D804006901D5 /* MyView1.m */ = {isa = PBXFileReference; fileEncoding = 4; lastKnownFileType = sourcecode.c.objc; path = MyView1.m; sourceTree = "<group>"; };
		A4C6C23D1487D91C006901D5 /* MyView2.h */ = {isa = PBXFileReference; fileEncoding = 4; lastKnownFileType = sourcecode.c.h; path = MyView2.h; sourceTree = "<group>"; };
		A4C6C23E1487D91C006901D5 /* MyView2.m */ = {isa = PBXFileReference; fileEncoding = 4; lastKnownFileType = sourcecode.c.objc; path = MyView2.m; sourceTree = "<group>"; };
		A4C6C2401487E01E006901D5 /* MyView3.h */ = {isa = PBXFileReference; fileEncoding = 4; lastKnownFileType = sourcecode.c.h; path = MyView3.h; sourceTree = "<group>"; };
		A4C6C2411487E01E006901D5 /* MyView3.m */ = {isa = PBXFileReference; fileEncoding = 4; lastKnownFileType = sourcecode.c.objc; path = MyView3.m; sourceTree = "<group>"; };
		A4C6C2431487E2CD006901D5 /* MyView4.h */ = {isa = PBXFileReference; fileEncoding = 4; lastKnownFileType = sourcecode.c.h; path = MyView4.h; sourceTree = "<group>"; };
		A4C6C2441487E2CD006901D5 /* MyView4.m */ = {isa = PBXFileReference; fileEncoding = 4; lastKnownFileType = sourcecode.c.objc; path = MyView4.m; sourceTree = "<group>"; };
		A4C6C2461487E389006901D5 /* MyImageView1.h */ = {isa = PBXFileReference; fileEncoding = 4; lastKnownFileType = sourcecode.c.h; path = MyImageView1.h; sourceTree = "<group>"; };
		A4C6C2471487E389006901D5 /* MyImageView1.m */ = {isa = PBXFileReference; fileEncoding = 4; lastKnownFileType = sourcecode.c.objc; path = MyImageView1.m; sourceTree = "<group>"; };
		A4C6C2491487E430006901D5 /* MyImageView2.h */ = {isa = PBXFileReference; fileEncoding = 4; lastKnownFileType = sourcecode.c.h; path = MyImageView2.h; sourceTree = "<group>"; };
		A4C6C24A1487E430006901D5 /* MyImageView2.m */ = {isa = PBXFileReference; fileEncoding = 4; lastKnownFileType = sourcecode.c.objc; path = MyImageView2.m; sourceTree = "<group>"; };
/* End PBXFileReference section */

/* Begin PBXFrameworksBuildPhase section */
		A4C6C2161487D7E0006901D5 /* Frameworks */ = {
			isa = PBXFrameworksBuildPhase;
			buildActionMask = 2147483647;
			files = (
				A4C6C21E1487D7E0006901D5 /* UIKit.framework in Frameworks */,
				A4C6C2201487D7E0006901D5 /* Foundation.framework in Frameworks */,
				A4C6C2221487D7E0006901D5 /* CoreGraphics.framework in Frameworks */,
			);
			runOnlyForDeploymentPostprocessing = 0;
		};
/* End PBXFrameworksBuildPhase section */

/* Begin PBXGroup section */
		A4C6C20E1487D7E0006901D5 = {
			isa = PBXGroup;
			children = (
				A4C6C2231487D7E0006901D5 /* p313fourBlueCircles */,
				A4C6C21C1487D7E0006901D5 /* Frameworks */,
				A4C6C21A1487D7E0006901D5 /* Products */,
			);
			sourceTree = "<group>";
		};
		A4C6C21A1487D7E0006901D5 /* Products */ = {
			isa = PBXGroup;
			children = (
				A4C6C2191487D7E0006901D5 /* p313sixBlueCircles.app */,
			);
			name = Products;
			sourceTree = "<group>";
		};
		A4C6C21C1487D7E0006901D5 /* Frameworks */ = {
			isa = PBXGroup;
			children = (
				A4C6C21D1487D7E0006901D5 /* UIKit.framework */,
				A4C6C21F1487D7E0006901D5 /* Foundation.framework */,
				A4C6C2211487D7E0006901D5 /* CoreGraphics.framework */,
			);
			name = Frameworks;
			sourceTree = "<group>";
		};
		A4C6C2231487D7E0006901D5 /* p313fourBlueCircles */ = {
			isa = PBXGroup;
			children = (
				A4C6C22C1487D7E0006901D5 /* AppDelegate.h */,
				A4C6C22D1487D7E0006901D5 /* AppDelegate.m */,
				A4C6C22F1487D7E0006901D5 /* ViewController.h */,
				A4C6C2301487D7E0006901D5 /* ViewController.m */,
				A4C6C2321487D7E0006901D5 /* ViewController.xib */,
				A4C6C23A1487D804006901D5 /* MyView1.h */,
				A4C6C23B1487D804006901D5 /* MyView1.m */,
				A4C6C23D1487D91C006901D5 /* MyView2.h */,
				A4C6C23E1487D91C006901D5 /* MyView2.m */,
				A4C6C2401487E01E006901D5 /* MyView3.h */,
				A4C6C2411487E01E006901D5 /* MyView3.m */,
				A4C6C2431487E2CD006901D5 /* MyView4.h */,
				A4C6C2441487E2CD006901D5 /* MyView4.m */,
				A4C6C2461487E389006901D5 /* MyImageView1.h */,
				A4C6C2471487E389006901D5 /* MyImageView1.m */,
				A4C6C2491487E430006901D5 /* MyImageView2.h */,
				A4C6C24A1487E430006901D5 /* MyImageView2.m */,
				A4C6C2241487D7E0006901D5 /* Supporting Files */,
			);
			path = p313fourBlueCircles;
			sourceTree = "<group>";
		};
		A4C6C2241487D7E0006901D5 /* Supporting Files */ = {
			isa = PBXGroup;
			children = (
				A4C6C2251487D7E0006901D5 /* p313sixBlueCircles-Info.plist */,
				A4C6C2261487D7E0006901D5 /* InfoPlist.strings */,
				A4C6C2291487D7E0006901D5 /* main.m */,
				A4C6C22B1487D7E0006901D5 /* p313sixBlueCircles-Prefix.pch */,
			);
			name = "Supporting Files";
			sourceTree = "<group>";
		};
/* End PBXGroup section */

/* Begin PBXNativeTarget section */
		A4C6C2181487D7E0006901D5 /* p313sixBlueCircles */ = {
			isa = PBXNativeTarget;
			buildConfigurationList = A4C6C2371487D7E0006901D5 /* Build configuration list for PBXNativeTarget "p313sixBlueCircles" */;
			buildPhases = (
				A4C6C2151487D7E0006901D5 /* Sources */,
				A4C6C2161487D7E0006901D5 /* Frameworks */,
				A4C6C2171487D7E0006901D5 /* Resources */,
			);
			buildRules = (
			);
			dependencies = (
			);
			name = p313sixBlueCircles;
			productName = p313fourBlueCircles;
			productReference = A4C6C2191487D7E0006901D5 /* p313sixBlueCircles.app */;
			productType = "com.apple.product-type.application";
		};
/* End PBXNativeTarget section */

/* Begin PBXProject section */
		A4C6C2101487D7E0006901D5 /* Project object */ = {
			isa = PBXProject;
			attributes = {
				LastUpgradeCheck = 0420;
			};
			buildConfigurationList = A4C6C2131487D7E0006901D5 /* Build configuration list for PBXProject "p313sixBlueCircles" */;
			compatibilityVersion = "Xcode 3.2";
			developmentRegion = English;
			hasScannedForEncodings = 0;
			knownRegions = (
				en,
			);
			mainGroup = A4C6C20E1487D7E0006901D5;
			productRefGroup = A4C6C21A1487D7E0006901D5 /* Products */;
			projectDirPath = "";
			projectRoot = "";
			targets = (
				A4C6C2181487D7E0006901D5 /* p313sixBlueCircles */,
			);
		};
/* End PBXProject section */

/* Begin PBXResourcesBuildPhase section */
		A4C6C2171487D7E0006901D5 /* Resources */ = {
			isa = PBXResourcesBuildPhase;
			buildActionMask = 2147483647;
			files = (
				A4C6C2281487D7E0006901D5 /* InfoPlist.strings in Resources */,
				A4C6C2341487D7E0006901D5 /* ViewController.xib in Resources */,
			);
			runOnlyForDeploymentPostprocessing = 0;
		};
/* End PBXResourcesBuildPhase section */

/* Begin PBXSourcesBuildPhase section */
		A4C6C2151487D7E0006901D5 /* Sources */ = {
			isa = PBXSourcesBuildPhase;
			buildActionMask = 2147483647;
			files = (
				A4C6C22A1487D7E0006901D5 /* main.m in Sources */,
				A4C6C22E1487D7E0006901D5 /* AppDelegate.m in Sources */,
				A4C6C2311487D7E0006901D5 /* ViewController.m in Sources */,
				A4C6C23C1487D804006901D5 /* MyView1.m in Sources */,
				A4C6C23F1487D91C006901D5 /* MyView2.m in Sources */,
				A4C6C2421487E01E006901D5 /* MyView3.m in Sources */,
				A4C6C2451487E2CD006901D5 /* MyView4.m in Sources */,
				A4C6C2481487E389006901D5 /* MyImageView1.m in Sources */,
				A4C6C24B1487E430006901D5 /* MyImageView2.m in Sources */,
			);
			runOnlyForDeploymentPostprocessing = 0;
		};
/* End PBXSourcesBuildPhase section */

/* Begin PBXVariantGroup section */
		A4C6C2261487D7E0006901D5 /* InfoPlist.strings */ = {
			isa = PBXVariantGroup;
			children = (
				A4C6C2271487D7E0006901D5 /* en */,
			);
			name = InfoPlist.strings;
			sourceTree = "<group>";
		};
		A4C6C2321487D7E0006901D5 /* ViewController.xib */ = {
			isa = PBXVariantGroup;
			children = (
				A4C6C2331487D7E0006901D5 /* en */,
			);
			name = ViewController.xib;
			sourceTree = "<group>";
		};
/* End PBXVariantGroup section */

/* Begin XCBuildConfiguration section */
		A4C6C2351487D7E0006901D5 /* Debug */ = {
			isa = XCBuildConfiguration;
			buildSettings = {
				ALWAYS_SEARCH_USER_PATHS = NO;
				ARCHS = "$(ARCHS_STANDARD_32_BIT)";
				CLANG_ENABLE_OBJC_ARC = YES;
				"CODE_SIGN_IDENTITY[sdk=iphoneos*]" = "iPhone Developer";
				COPY_PHASE_STRIP = NO;
				GCC_C_LANGUAGE_STANDARD = gnu99;
				GCC_DYNAMIC_NO_PIC = NO;
				GCC_OPTIMIZATION_LEVEL = 0;
				GCC_PREPROCESSOR_DEFINITIONS = (
					"DEBUG=1",
					"$(inherited)",
				);
				GCC_SYMBOLS_PRIVATE_EXTERN = NO;
				GCC_VERSION = com.apple.compilers.llvm.clang.1_0;
				GCC_WARN_ABOUT_MISSING_PROTOTYPES = YES;
				GCC_WARN_ABOUT_RETURN_TYPE = YES;
				GCC_WARN_UNUSED_VARIABLE = YES;
				IPHONEOS_DEPLOYMENT_TARGET = 5.0;
				SDKROOT = iphoneos;
			};
			name = Debug;
		};
		A4C6C2361487D7E0006901D5 /* Release */ = {
			isa = XCBuildConfiguration;
			buildSettings = {
				ALWAYS_SEARCH_USER_PATHS = NO;
				ARCHS = "$(ARCHS_STANDARD_32_BIT)";
				CLANG_ENABLE_OBJC_ARC = YES;
				"CODE_SIGN_IDENTITY[sdk=iphoneos*]" = "iPhone Developer";
				COPY_PHASE_STRIP = YES;
				GCC_C_LANGUAGE_STANDARD = gnu99;
				GCC_VERSION = com.apple.compilers.llvm.clang.1_0;
				GCC_WARN_ABOUT_MISSING_PROTOTYPES = YES;
				GCC_WARN_ABOUT_RETURN_TYPE = YES;
				GCC_WARN_UNUSED_VARIABLE = YES;
				IPHONEOS_DEPLOYMENT_TARGET = 5.0;
				OTHER_CFLAGS = "-DNS_BLOCK_ASSERTIONS=1";
				SDKROOT = iphoneos;
				VALIDATE_PRODUCT = YES;
			};
			name = Release;
		};
		A4C6C2381487D7E0006901D5 /* Debug */ = {
			isa = XCBuildConfiguration;
			buildSettings = {
				GCC_PRECOMPILE_PREFIX_HEADER = YES;
				GCC_PREFIX_HEADER = "p313fourBlueCircles/p313sixBlueCircles-Prefix.pch";
				INFOPLIST_FILE = "p313fourBlueCircles/p313sixBlueCircles-Info.plist";
				IPHONEOS_DEPLOYMENT_TARGET = 6.0;
				PRODUCT_NAME = p313sixBlueCircles;
				WRAPPER_EXTENSION = app;
			};
			name = Debug;
		};
		A4C6C2391487D7E0006901D5 /* Release */ = {
			isa = XCBuildConfiguration;
			buildSettings = {
				GCC_PRECOMPILE_PREFIX_HEADER = YES;
				GCC_PREFIX_HEADER = "p313fourBlueCircles/p313sixBlueCircles-Prefix.pch";
				INFOPLIST_FILE = "p313fourBlueCircles/p313sixBlueCircles-Info.plist";
				IPHONEOS_DEPLOYMENT_TARGET = 6.0;
				PRODUCT_NAME = p313sixBlueCircles;
				WRAPPER_EXTENSION = app;
			};
			name = Release;
		};
/* End XCBuildConfiguration section */

/* Begin XCConfigurationList section */
		A4C6C2131487D7E0006901D5 /* Build configuration list for PBXProject "p313sixBlueCircles" */ = {
			isa = XCConfigurationList;
			buildConfigurations = (
				A4C6C2351487D7E0006901D5 /* Debug */,
				A4C6C2361487D7E0006901D5 /* Release */,
			);
			defaultConfigurationIsVisible = 0;
			defaultConfigurationName = Release;
		};
		A4C6C2371487D7E0006901D5 /* Build configuration list for PBXNativeTarget "p313sixBlueCircles" */ = {
			isa = XCConfigurationList;
			buildConfigurations = (
				A4C6C2381487D7E0006901D5 /* Debug */,
				A4C6C2391487D7E0006901D5 /* Release */,
			);
			defaultConfigurationIsVisible = 0;
			defaultConfigurationName = Release;
		};
/* End XCConfigurationList section */
	};
	rootObject = A4C6C2101487D7E0006901D5 /* Project object */;
}
