// !$*UTF8*$!
{
	archiveVersion = 1;
	classes = {
	};
	objectVersion = 46;
	objects = {

/* Begin PBXBuildFile section */
		C9892338165D3B2E0072CD08 /* UIKit.framework in Frameworks */ = {isa = PBXBuildFile; fileRef = C9892337165D3B2E0072CD08 /* UIKit.framework */; };
		C989233A165D3B2E0072CD08 /* Foundation.framework in Frameworks */ = {isa = PBXBuildFile; fileRef = C9892339165D3B2E0072CD08 /* Foundation.framework */; };
		C989233C165D3B2E0072CD08 /* CoreGraphics.framework in Frameworks */ = {isa = PBXBuildFile; fileRef = C989233B165D3B2E0072CD08 /* CoreGraphics.framework */; };
		C9892342165D3B2E0072CD08 /* InfoPlist.strings in Resources */ = {isa = PBXBuildFile; fileRef = C9892340165D3B2E0072CD08 /* InfoPlist.strings */; };
		C9892344165D3B2E0072CD08 /* main.m in Sources */ = {isa = PBXBuildFile; fileRef = C9892343165D3B2E0072CD08 /* main.m */; };
		C9892348165D3B2E0072CD08 /* AppDelegate.m in Sources */ = {isa = PBXBuildFile; fileRef = C9892347165D3B2E0072CD08 /* AppDelegate.m */; };
		C989234A165D3B2E0072CD08 /* Default.png in Resources */ = {isa = PBXBuildFile; fileRef = C9892349165D3B2E0072CD08 /* Default.png */; };
		C989234C165D3B2E0072CD08 /* Default@2x.png in Resources */ = {isa = PBXBuildFile; fileRef = C989234B165D3B2E0072CD08 /* Default@2x.png */; };
		C989234E165D3B2E0072CD08 /* Default-568h@2x.png in Resources */ = {isa = PBXBuildFile; fileRef = C989234D165D3B2E0072CD08 /* Default-568h@2x.png */; };
		C9892351165D3B2E0072CD08 /* ViewController.m in Sources */ = {isa = PBXBuildFile; fileRef = C9892350165D3B2E0072CD08 /* ViewController.m */; };
		C9892354165D3B2F0072CD08 /* ViewController.xib in Resources */ = {isa = PBXBuildFile; fileRef = C9892352165D3B2F0072CD08 /* ViewController.xib */; };
		C989235E165D3C040072CD08 /* StringDrawingView.m in Sources */ = {isa = PBXBuildFile; fileRef = C989235D165D3C040072CD08 /* StringDrawingView.m */; };
/* End PBXBuildFile section */

/* Begin PBXFileReference section */
		C9892333165D3B2E0072CD08 /* ch23p671attributedString.app */ = {isa = PBXFileReference; explicitFileType = wrapper.application; includeInIndex = 0; path = ch23p671attributedString.app; sourceTree = BUILT_PRODUCTS_DIR; };
		C9892337165D3B2E0072CD08 /* UIKit.framework */ = {isa = PBXFileReference; lastKnownFileType = wrapper.framework; name = UIKit.framework; path = System/Library/Frameworks/UIKit.framework; sourceTree = SDKROOT; };
		C9892339165D3B2E0072CD08 /* Foundation.framework */ = {isa = PBXFileReference; lastKnownFileType = wrapper.framework; name = Foundation.framework; path = System/Library/Frameworks/Foundation.framework; sourceTree = SDKROOT; };
		C989233B165D3B2E0072CD08 /* CoreGraphics.framework */ = {isa = PBXFileReference; lastKnownFileType = wrapper.framework; name = CoreGraphics.framework; path = System/Library/Frameworks/CoreGraphics.framework; sourceTree = SDKROOT; };
		C989233F165D3B2E0072CD08 /* ch23p671attributedString-Info.plist */ = {isa = PBXFileReference; lastKnownFileType = text.plist.xml; path = "ch23p671attributedString-Info.plist"; sourceTree = "<group>"; };
		C9892341165D3B2E0072CD08 /* en */ = {isa = PBXFileReference; lastKnownFileType = text.plist.strings; name = en; path = en.lproj/InfoPlist.strings; sourceTree = "<group>"; };
		C9892343165D3B2E0072CD08 /* main.m */ = {isa = PBXFileReference; lastKnownFileType = sourcecode.c.objc; path = main.m; sourceTree = "<group>"; };
		C9892345165D3B2E0072CD08 /* ch23p671attributedString-Prefix.pch */ = {isa = PBXFileReference; lastKnownFileType = sourcecode.c.h; path = "ch23p671attributedString-Prefix.pch"; sourceTree = "<group>"; };
		C9892346165D3B2E0072CD08 /* AppDelegate.h */ = {isa = PBXFileReference; lastKnownFileType = sourcecode.c.h; path = AppDelegate.h; sourceTree = "<group>"; };
		C9892347165D3B2E0072CD08 /* AppDelegate.m */ = {isa = PBXFileReference; lastKnownFileType = sourcecode.c.objc; path = AppDelegate.m; sourceTree = "<group>"; };
		C9892349165D3B2E0072CD08 /* Default.png */ = {isa = PBXFileReference; lastKnownFileType = image.png; path = Default.png; sourceTree = "<group>"; };
		C989234B165D3B2E0072CD08 /* Default@2x.png */ = {isa = PBXFileReference; lastKnownFileType = image.png; path = "Default@2x.png"; sourceTree = "<group>"; };
		C989234D165D3B2E0072CD08 /* Default-568h@2x.png */ = {isa = PBXFileReference; lastKnownFileType = image.png; path = "Default-568h@2x.png"; sourceTree = "<group>"; };
		C989234F165D3B2E0072CD08 /* ViewController.h */ = {isa = PBXFileReference; lastKnownFileType = sourcecode.c.h; path = ViewController.h; sourceTree = "<group>"; };
		C9892350165D3B2E0072CD08 /* ViewController.m */ = {isa = PBXFileReference; lastKnownFileType = sourcecode.c.objc; path = ViewController.m; sourceTree = "<group>"; };
		C9892353165D3B2F0072CD08 /* en */ = {isa = PBXFileReference; lastKnownFileType = file.xib; name = en; path = en.lproj/ViewController.xib; sourceTree = "<group>"; };
		C989235C165D3C040072CD08 /* StringDrawingView.h */ = {isa = PBXFileReference; fileEncoding = 4; lastKnownFileType = sourcecode.c.h; path = StringDrawingView.h; sourceTree = "<group>"; };
		C989235D165D3C040072CD08 /* StringDrawingView.m */ = {isa = PBXFileReference; fileEncoding = 4; lastKnownFileType = sourcecode.c.objc; path = StringDrawingView.m; sourceTree = "<group>"; };
/* End PBXFileReference section */

/* Begin PBXFrameworksBuildPhase section */
		C9892330165D3B2E0072CD08 /* Frameworks */ = {
			isa = PBXFrameworksBuildPhase;
			buildActionMask = 2147483647;
			files = (
				C9892338165D3B2E0072CD08 /* UIKit.framework in Frameworks */,
				C989233A165D3B2E0072CD08 /* Foundation.framework in Frameworks */,
				C989233C165D3B2E0072CD08 /* CoreGraphics.framework in Frameworks */,
			);
			runOnlyForDeploymentPostprocessing = 0;
		};
/* End PBXFrameworksBuildPhase section */

/* Begin PBXGroup section */
		C9892328165D3B2E0072CD08 = {
			isa = PBXGroup;
			children = (
				C989233D165D3B2E0072CD08 /* ch23p671attributedString */,
				C9892336165D3B2E0072CD08 /* Frameworks */,
				C9892334165D3B2E0072CD08 /* Products */,
			);
			sourceTree = "<group>";
		};
		C9892334165D3B2E0072CD08 /* Products */ = {
			isa = PBXGroup;
			children = (
				C9892333165D3B2E0072CD08 /* ch23p671attributedString.app */,
			);
			name = Products;
			sourceTree = "<group>";
		};
		C9892336165D3B2E0072CD08 /* Frameworks */ = {
			isa = PBXGroup;
			children = (
				C9892337165D3B2E0072CD08 /* UIKit.framework */,
				C9892339165D3B2E0072CD08 /* Foundation.framework */,
				C989233B165D3B2E0072CD08 /* CoreGraphics.framework */,
			);
			name = Frameworks;
			sourceTree = "<group>";
		};
		C989233D165D3B2E0072CD08 /* ch23p671attributedString */ = {
			isa = PBXGroup;
			children = (
				C9892346165D3B2E0072CD08 /* AppDelegate.h */,
				C9892347165D3B2E0072CD08 /* AppDelegate.m */,
				C989234F165D3B2E0072CD08 /* ViewController.h */,
				C9892350165D3B2E0072CD08 /* ViewController.m */,
				C9892352165D3B2F0072CD08 /* ViewController.xib */,
				C989235C165D3C040072CD08 /* StringDrawingView.h */,
				C989235D165D3C040072CD08 /* StringDrawingView.m */,
				C989233E165D3B2E0072CD08 /* Supporting Files */,
			);
			path = ch23p671attributedString;
			sourceTree = "<group>";
		};
		C989233E165D3B2E0072CD08 /* Supporting Files */ = {
			isa = PBXGroup;
			children = (
				C989233F165D3B2E0072CD08 /* ch23p671attributedString-Info.plist */,
				C9892340165D3B2E0072CD08 /* InfoPlist.strings */,
				C9892343165D3B2E0072CD08 /* main.m */,
				C9892345165D3B2E0072CD08 /* ch23p671attributedString-Prefix.pch */,
				C9892349165D3B2E0072CD08 /* Default.png */,
				C989234B165D3B2E0072CD08 /* Default@2x.png */,
				C989234D165D3B2E0072CD08 /* Default-568h@2x.png */,
			);
			name = "Supporting Files";
			sourceTree = "<group>";
		};
/* End PBXGroup section */

/* Begin PBXNativeTarget section */
		C9892332165D3B2E0072CD08 /* ch23p671attributedString */ = {
			isa = PBXNativeTarget;
			buildConfigurationList = C9892357165D3B2F0072CD08 /* Build configuration list for PBXNativeTarget "ch23p671attributedString" */;
			buildPhases = (
				C989232F165D3B2E0072CD08 /* Sources */,
				C9892330165D3B2E0072CD08 /* Frameworks */,
				C9892331165D3B2E0072CD08 /* Resources */,
			);
			buildRules = (
			);
			dependencies = (
			);
			name = ch23p671attributedString;
			productName = ch23p671attributedString;
			productReference = C9892333165D3B2E0072CD08 /* ch23p671attributedString.app */;
			productType = "com.apple.product-type.application";
		};
/* End PBXNativeTarget section */

/* Begin PBXProject section */
		C989232A165D3B2E0072CD08 /* Project object */ = {
			isa = PBXProject;
			attributes = {
				LastUpgradeCheck = 0450;
				ORGANIZATIONNAME = "Matt Neuburg";
			};
			buildConfigurationList = C989232D165D3B2E0072CD08 /* Build configuration list for PBXProject "ch23p671attributedString" */;
			compatibilityVersion = "Xcode 3.2";
			developmentRegion = English;
			hasScannedForEncodings = 0;
			knownRegions = (
				en,
			);
			mainGroup = C9892328165D3B2E0072CD08;
			productRefGroup = C9892334165D3B2E0072CD08 /* Products */;
			projectDirPath = "";
			projectRoot = "";
			targets = (
				C9892332165D3B2E0072CD08 /* ch23p671attributedString */,
			);
		};
/* End PBXProject section */

/* Begin PBXResourcesBuildPhase section */
		C9892331165D3B2E0072CD08 /* Resources */ = {
			isa = PBXResourcesBuildPhase;
			buildActionMask = 2147483647;
			files = (
				C9892342165D3B2E0072CD08 /* InfoPlist.strings in Resources */,
				C989234A165D3B2E0072CD08 /* Default.png in Resources */,
				C989234C165D3B2E0072CD08 /* Default@2x.png in Resources */,
				C989234E165D3B2E0072CD08 /* Default-568h@2x.png in Resources */,
				C9892354165D3B2F0072CD08 /* ViewController.xib in Resources */,
			);
			runOnlyForDeploymentPostprocessing = 0;
		};
/* End PBXResourcesBuildPhase section */

/* Begin PBXSourcesBuildPhase section */
		C989232F165D3B2E0072CD08 /* Sources */ = {
			isa = PBXSourcesBuildPhase;
			buildActionMask = 2147483647;
			files = (
				C9892344165D3B2E0072CD08 /* main.m in Sources */,
				C9892348165D3B2E0072CD08 /* AppDelegate.m in Sources */,
				C9892351165D3B2E0072CD08 /* ViewController.m in Sources */,
				C989235E165D3C040072CD08 /* StringDrawingView.m in Sources */,
			);
			runOnlyForDeploymentPostprocessing = 0;
		};
/* End PBXSourcesBuildPhase section */

/* Begin PBXVariantGroup section */
		C9892340165D3B2E0072CD08 /* InfoPlist.strings */ = {
			isa = PBXVariantGroup;
			children = (
				C9892341165D3B2E0072CD08 /* en */,
			);
			name = InfoPlist.strings;
			sourceTree = "<group>";
		};
		C9892352165D3B2F0072CD08 /* ViewController.xib */ = {
			isa = PBXVariantGroup;
			children = (
				C9892353165D3B2F0072CD08 /* en */,
			);
			name = ViewController.xib;
			sourceTree = "<group>";
		};
/* End PBXVariantGroup section */

/* Begin XCBuildConfiguration section */
		C9892355165D3B2F0072CD08 /* Debug */ = {
			isa = XCBuildConfiguration;
			buildSettings = {
				ALWAYS_SEARCH_USER_PATHS = NO;
				CLANG_CXX_LANGUAGE_STANDARD = "gnu++0x";
				CLANG_CXX_LIBRARY = "libc++";
				CLANG_ENABLE_OBJC_ARC = YES;
				CLANG_WARN_EMPTY_BODY = YES;
				CLANG_WARN__DUPLICATE_METHOD_MATCH = YES;
				"CODE_SIGN_IDENTITY[sdk=iphoneos*]" = "iPhone Developer";
				COPY_PHASE_STRIP = NO;
				GCC_C_LANGUAGE_STANDARD = gnu99;
				GCC_DYNAMIC_NO_PIC = NO;
				GCC_OPTIMIZATION_LEVEL = 0;
				GCC_PREPROCESSOR_DEFINITIONS = (
					"DEBUG=1",
					"$(inherited)",
				);
				GCC_SYMBOLS_PRIVATE_EXTERN = NO;
				GCC_WARN_ABOUT_RETURN_TYPE = YES;
				GCC_WARN_UNINITIALIZED_AUTOS = YES;
				GCC_WARN_UNUSED_VARIABLE = YES;
				IPHONEOS_DEPLOYMENT_TARGET = 6.0;
				ONLY_ACTIVE_ARCH = YES;
				SDKROOT = iphoneos;
			};
			name = Debug;
		};
		C9892356165D3B2F0072CD08 /* Release */ = {
			isa = XCBuildConfiguration;
			buildSettings = {
				ALWAYS_SEARCH_USER_PATHS = NO;
				CLANG_CXX_LANGUAGE_STANDARD = "gnu++0x";
				CLANG_CXX_LIBRARY = "libc++";
				CLANG_ENABLE_OBJC_ARC = YES;
				CLANG_WARN_EMPTY_BODY = YES;
				CLANG_WARN__DUPLICATE_METHOD_MATCH = YES;
				"CODE_SIGN_IDENTITY[sdk=iphoneos*]" = "iPhone Developer";
				COPY_PHASE_STRIP = YES;
				GCC_C_LANGUAGE_STANDARD = gnu99;
				GCC_WARN_ABOUT_RETURN_TYPE = YES;
				GCC_WARN_UNINITIALIZED_AUTOS = YES;
				GCC_WARN_UNUSED_VARIABLE = YES;
				IPHONEOS_DEPLOYMENT_TARGET = 6.0;
				OTHER_CFLAGS = "-DNS_BLOCK_ASSERTIONS=1";
				SDKROOT = iphoneos;
				VALIDATE_PRODUCT = YES;
			};
			name = Release;
		};
		C9892358165D3B2F0072CD08 /* Debug */ = {
			isa = XCBuildConfiguration;
			buildSettings = {
				GCC_PRECOMPILE_PREFIX_HEADER = YES;
				GCC_PREFIX_HEADER = "ch23p671attributedString/ch23p671attributedString-Prefix.pch";
				INFOPLIST_FILE = "ch23p671attributedString/ch23p671attributedString-Info.plist";
				PRODUCT_NAME = "$(TARGET_NAME)";
				WRAPPER_EXTENSION = app;
			};
			name = Debug;
		};
		C9892359165D3B2F0072CD08 /* Release */ = {
			isa = XCBuildConfiguration;
			buildSettings = {
				GCC_PRECOMPILE_PREFIX_HEADER = YES;
				GCC_PREFIX_HEADER = "ch23p671attributedString/ch23p671attributedString-Prefix.pch";
				INFOPLIST_FILE = "ch23p671attributedString/ch23p671attributedString-Info.plist";
				PRODUCT_NAME = "$(TARGET_NAME)";
				WRAPPER_EXTENSION = app;
			};
			name = Release;
		};
/* End XCBuildConfiguration section */

/* Begin XCConfigurationList section */
		C989232D165D3B2E0072CD08 /* Build configuration list for PBXProject "ch23p671attributedString" */ = {
			isa = XCConfigurationList;
			buildConfigurations = (
				C9892355165D3B2F0072CD08 /* Debug */,
				C9892356165D3B2F0072CD08 /* Release */,
			);
			defaultConfigurationIsVisible = 0;
			defaultConfigurationName = Release;
		};
		C9892357165D3B2F0072CD08 /* Build configuration list for PBXNativeTarget "ch23p671attributedString" */ = {
			isa = XCConfigurationList;
			buildConfigurations = (
				C9892358165D3B2F0072CD08 /* Debug */,
				C9892359165D3B2F0072CD08 /* Release */,
			);
			defaultConfigurationIsVisible = 0;
		};
/* End XCConfigurationList section */
	};
	rootObject = C989232A165D3B2E0072CD08 /* Project object */;
}
