// !$*UTF8*$!
{
	archiveVersion = 1;
	classes = {
	};
	objectVersion = 46;
	objects = {

/* Begin PBXBuildFile section */
		A4D35474139FF16E00A3263E /* UIKit.framework in Frameworks */ = {isa = PBXBuildFile; fileRef = A4D35473139FF16E00A3263E /* UIKit.framework */; };
		A4D35476139FF16E00A3263E /* Foundation.framework in Frameworks */ = {isa = PBXBuildFile; fileRef = A4D35475139FF16E00A3263E /* Foundation.framework */; };
		A4D35478139FF16E00A3263E /* CoreGraphics.framework in Frameworks */ = {isa = PBXBuildFile; fileRef = A4D35477139FF16E00A3263E /* CoreGraphics.framework */; };
		A4D3547E139FF16E00A3263E /* InfoPlist.strings in Resources */ = {isa = PBXBuildFile; fileRef = A4D3547C139FF16E00A3263E /* InfoPlist.strings */; };
		A4D35481139FF16E00A3263E /* main.m in Sources */ = {isa = PBXBuildFile; fileRef = A4D35480139FF16E00A3263E /* main.m */; };
		A4D35484139FF16E00A3263E /* LaunchIntoRotationAppDelegate.m in Sources */ = {isa = PBXBuildFile; fileRef = A4D35483139FF16E00A3263E /* LaunchIntoRotationAppDelegate.m */; };
		A4D35487139FF16E00A3263E /* MainWindow.xib in Resources */ = {isa = PBXBuildFile; fileRef = A4D35485139FF16E00A3263E /* MainWindow.xib */; };
		A4D3548A139FF16E00A3263E /* RootViewController.m in Sources */ = {isa = PBXBuildFile; fileRef = A4D35489139FF16E00A3263E /* RootViewController.m */; };
		A4D3548D139FF16E00A3263E /* RootView.xib in Resources */ = {isa = PBXBuildFile; fileRef = A4D3548B139FF16E00A3263E /* RootView.xib */; };
/* End PBXBuildFile section */

/* Begin PBXFileReference section */
		A4D3546F139FF16E00A3263E /* p450launchIntoRotation.app */ = {isa = PBXFileReference; explicitFileType = wrapper.application; includeInIndex = 0; path = p450launchIntoRotation.app; sourceTree = BUILT_PRODUCTS_DIR; };
		A4D35473139FF16E00A3263E /* UIKit.framework */ = {isa = PBXFileReference; lastKnownFileType = wrapper.framework; name = UIKit.framework; path = System/Library/Frameworks/UIKit.framework; sourceTree = SDKROOT; };
		A4D35475139FF16E00A3263E /* Foundation.framework */ = {isa = PBXFileReference; lastKnownFileType = wrapper.framework; name = Foundation.framework; path = System/Library/Frameworks/Foundation.framework; sourceTree = SDKROOT; };
		A4D35477139FF16E00A3263E /* CoreGraphics.framework */ = {isa = PBXFileReference; lastKnownFileType = wrapper.framework; name = CoreGraphics.framework; path = System/Library/Frameworks/CoreGraphics.framework; sourceTree = SDKROOT; };
		A4D3547B139FF16E00A3263E /* p450launchIntoRotation-Info.plist */ = {isa = PBXFileReference; lastKnownFileType = text.plist.xml; path = "p450launchIntoRotation-Info.plist"; sourceTree = "<group>"; };
		A4D3547D139FF16E00A3263E /* en */ = {isa = PBXFileReference; lastKnownFileType = text.plist.strings; name = en; path = en.lproj/InfoPlist.strings; sourceTree = "<group>"; };
		A4D3547F139FF16E00A3263E /* p450launchIntoRotation-Prefix.pch */ = {isa = PBXFileReference; lastKnownFileType = sourcecode.c.h; path = "p450launchIntoRotation-Prefix.pch"; sourceTree = "<group>"; };
		A4D35480139FF16E00A3263E /* main.m */ = {isa = PBXFileReference; lastKnownFileType = sourcecode.c.objc; path = main.m; sourceTree = "<group>"; };
		A4D35482139FF16E00A3263E /* LaunchIntoRotationAppDelegate.h */ = {isa = PBXFileReference; lastKnownFileType = sourcecode.c.h; path = LaunchIntoRotationAppDelegate.h; sourceTree = "<group>"; };
		A4D35483139FF16E00A3263E /* LaunchIntoRotationAppDelegate.m */ = {isa = PBXFileReference; lastKnownFileType = sourcecode.c.objc; path = LaunchIntoRotationAppDelegate.m; sourceTree = "<group>"; };
		A4D35486139FF16E00A3263E /* en */ = {isa = PBXFileReference; lastKnownFileType = file.xib; name = en; path = en.lproj/MainWindow.xib; sourceTree = "<group>"; };
		A4D35488139FF16E00A3263E /* RootViewController.h */ = {isa = PBXFileReference; lastKnownFileType = sourcecode.c.h; path = RootViewController.h; sourceTree = "<group>"; };
		A4D35489139FF16E00A3263E /* RootViewController.m */ = {isa = PBXFileReference; lastKnownFileType = sourcecode.c.objc; path = RootViewController.m; sourceTree = "<group>"; };
		A4D3548C139FF16E00A3263E /* en */ = {isa = PBXFileReference; lastKnownFileType = file.xib; name = en; path = en.lproj/RootView.xib; sourceTree = "<group>"; };
/* End PBXFileReference section */

/* Begin PBXFrameworksBuildPhase section */
		A4D3546C139FF16E00A3263E /* Frameworks */ = {
			isa = PBXFrameworksBuildPhase;
			buildActionMask = 2147483647;
			files = (
				A4D35474139FF16E00A3263E /* UIKit.framework in Frameworks */,
				A4D35476139FF16E00A3263E /* Foundation.framework in Frameworks */,
				A4D35478139FF16E00A3263E /* CoreGraphics.framework in Frameworks */,
			);
			runOnlyForDeploymentPostprocessing = 0;
		};
/* End PBXFrameworksBuildPhase section */

/* Begin PBXGroup section */
		A4D35464139FF16E00A3263E = {
			isa = PBXGroup;
			children = (
				A4D35479139FF16E00A3263E /* p450launchIntoRotation */,
				A4D35472139FF16E00A3263E /* Frameworks */,
				A4D35470139FF16E00A3263E /* Products */,
			);
			sourceTree = "<group>";
		};
		A4D35470139FF16E00A3263E /* Products */ = {
			isa = PBXGroup;
			children = (
				A4D3546F139FF16E00A3263E /* p450launchIntoRotation.app */,
			);
			name = Products;
			sourceTree = "<group>";
		};
		A4D35472139FF16E00A3263E /* Frameworks */ = {
			isa = PBXGroup;
			children = (
				A4D35473139FF16E00A3263E /* UIKit.framework */,
				A4D35475139FF16E00A3263E /* Foundation.framework */,
				A4D35477139FF16E00A3263E /* CoreGraphics.framework */,
			);
			name = Frameworks;
			sourceTree = "<group>";
		};
		A4D35479139FF16E00A3263E /* p450launchIntoRotation */ = {
			isa = PBXGroup;
			children = (
				A4D35482139FF16E00A3263E /* LaunchIntoRotationAppDelegate.h */,
				A4D35483139FF16E00A3263E /* LaunchIntoRotationAppDelegate.m */,
				A4D35485139FF16E00A3263E /* MainWindow.xib */,
				A4D35488139FF16E00A3263E /* RootViewController.h */,
				A4D35489139FF16E00A3263E /* RootViewController.m */,
				A4D3548B139FF16E00A3263E /* RootView.xib */,
				A4D3547A139FF16E00A3263E /* Supporting Files */,
			);
			path = p450launchIntoRotation;
			sourceTree = "<group>";
		};
		A4D3547A139FF16E00A3263E /* Supporting Files */ = {
			isa = PBXGroup;
			children = (
				A4D3547B139FF16E00A3263E /* p450launchIntoRotation-Info.plist */,
				A4D3547C139FF16E00A3263E /* InfoPlist.strings */,
				A4D3547F139FF16E00A3263E /* p450launchIntoRotation-Prefix.pch */,
				A4D35480139FF16E00A3263E /* main.m */,
			);
			name = "Supporting Files";
			sourceTree = "<group>";
		};
/* End PBXGroup section */

/* Begin PBXNativeTarget section */
		A4D3546E139FF16E00A3263E /* p450launchIntoRotation */ = {
			isa = PBXNativeTarget;
			buildConfigurationList = A4D35490139FF16E00A3263E /* Build configuration list for PBXNativeTarget "p450launchIntoRotation" */;
			buildPhases = (
				A4D3546B139FF16E00A3263E /* Sources */,
				A4D3546C139FF16E00A3263E /* Frameworks */,
				A4D3546D139FF16E00A3263E /* Resources */,
			);
			buildRules = (
			);
			dependencies = (
			);
			name = p450launchIntoRotation;
			productName = p450launchIntoRotation;
			productReference = A4D3546F139FF16E00A3263E /* p450launchIntoRotation.app */;
			productType = "com.apple.product-type.application";
		};
/* End PBXNativeTarget section */

/* Begin PBXProject section */
		A4D35466139FF16E00A3263E /* Project object */ = {
			isa = PBXProject;
			buildConfigurationList = A4D35469139FF16E00A3263E /* Build configuration list for PBXProject "p450launchIntoRotation" */;
			compatibilityVersion = "Xcode 3.2";
			developmentRegion = English;
			hasScannedForEncodings = 0;
			knownRegions = (
				en,
			);
			mainGroup = A4D35464139FF16E00A3263E;
			productRefGroup = A4D35470139FF16E00A3263E /* Products */;
			projectDirPath = "";
			projectRoot = "";
			targets = (
				A4D3546E139FF16E00A3263E /* p450launchIntoRotation */,
			);
		};
/* End PBXProject section */

/* Begin PBXResourcesBuildPhase section */
		A4D3546D139FF16E00A3263E /* Resources */ = {
			isa = PBXResourcesBuildPhase;
			buildActionMask = 2147483647;
			files = (
				A4D3547E139FF16E00A3263E /* InfoPlist.strings in Resources */,
				A4D35487139FF16E00A3263E /* MainWindow.xib in Resources */,
				A4D3548D139FF16E00A3263E /* RootView.xib in Resources */,
			);
			runOnlyForDeploymentPostprocessing = 0;
		};
/* End PBXResourcesBuildPhase section */

/* Begin PBXSourcesBuildPhase section */
		A4D3546B139FF16E00A3263E /* Sources */ = {
			isa = PBXSourcesBuildPhase;
			buildActionMask = 2147483647;
			files = (
				A4D35481139FF16E00A3263E /* main.m in Sources */,
				A4D35484139FF16E00A3263E /* LaunchIntoRotationAppDelegate.m in Sources */,
				A4D3548A139FF16E00A3263E /* RootViewController.m in Sources */,
			);
			runOnlyForDeploymentPostprocessing = 0;
		};
/* End PBXSourcesBuildPhase section */

/* Begin PBXVariantGroup section */
		A4D3547C139FF16E00A3263E /* InfoPlist.strings */ = {
			isa = PBXVariantGroup;
			children = (
				A4D3547D139FF16E00A3263E /* en */,
			);
			name = InfoPlist.strings;
			sourceTree = "<group>";
		};
		A4D35485139FF16E00A3263E /* MainWindow.xib */ = {
			isa = PBXVariantGroup;
			children = (
				A4D35486139FF16E00A3263E /* en */,
			);
			name = MainWindow.xib;
			sourceTree = "<group>";
		};
		A4D3548B139FF16E00A3263E /* RootView.xib */ = {
			isa = PBXVariantGroup;
			children = (
				A4D3548C139FF16E00A3263E /* en */,
			);
			name = RootView.xib;
			sourceTree = "<group>";
		};
/* End PBXVariantGroup section */

/* Begin XCBuildConfiguration section */
		A4D3548E139FF16E00A3263E /* Debug */ = {
			isa = XCBuildConfiguration;
			buildSettings = {
				ARCHS = "$(ARCHS_STANDARD_32_BIT)";
				"CODE_SIGN_IDENTITY[sdk=iphoneos*]" = "iPhone Developer";
				GCC_C_LANGUAGE_STANDARD = gnu99;
				GCC_OPTIMIZATION_LEVEL = 0;
				GCC_PREPROCESSOR_DEFINITIONS = DEBUG;
				GCC_SYMBOLS_PRIVATE_EXTERN = NO;
				GCC_VERSION = com.apple.compilers.llvmgcc42;
				GCC_WARN_ABOUT_RETURN_TYPE = YES;
				GCC_WARN_UNUSED_VARIABLE = YES;
				IPHONEOS_DEPLOYMENT_TARGET = 4.3;
				SDKROOT = iphoneos;
			};
			name = Debug;
		};
		A4D3548F139FF16E00A3263E /* Release */ = {
			isa = XCBuildConfiguration;
			buildSettings = {
				ARCHS = "$(ARCHS_STANDARD_32_BIT)";
				"CODE_SIGN_IDENTITY[sdk=iphoneos*]" = "iPhone Developer";
				GCC_C_LANGUAGE_STANDARD = gnu99;
				GCC_VERSION = com.apple.compilers.llvmgcc42;
				GCC_WARN_ABOUT_RETURN_TYPE = YES;
				GCC_WARN_UNUSED_VARIABLE = YES;
				IPHONEOS_DEPLOYMENT_TARGET = 4.3;
				OTHER_CFLAGS = "-DNS_BLOCK_ASSERTIONS=1";
				SDKROOT = iphoneos;
			};
			name = Release;
		};
		A4D35491139FF16E00A3263E /* Debug */ = {
			isa = XCBuildConfiguration;
			buildSettings = {
				ALWAYS_SEARCH_USER_PATHS = NO;
				COPY_PHASE_STRIP = NO;
				GCC_DYNAMIC_NO_PIC = NO;
				GCC_PRECOMPILE_PREFIX_HEADER = YES;
				GCC_PREFIX_HEADER = "p450launchIntoRotation/p450launchIntoRotation-Prefix.pch";
				INFOPLIST_FILE = "p450launchIntoRotation/p450launchIntoRotation-Info.plist";
				PRODUCT_NAME = "$(TARGET_NAME)";
				WRAPPER_EXTENSION = app;
			};
			name = Debug;
		};
		A4D35492139FF16E00A3263E /* Release */ = {
			isa = XCBuildConfiguration;
			buildSettings = {
				ALWAYS_SEARCH_USER_PATHS = NO;
				COPY_PHASE_STRIP = YES;
				GCC_PRECOMPILE_PREFIX_HEADER = YES;
				GCC_PREFIX_HEADER = "p450launchIntoRotation/p450launchIntoRotation-Prefix.pch";
				INFOPLIST_FILE = "p450launchIntoRotation/p450launchIntoRotation-Info.plist";
				PRODUCT_NAME = "$(TARGET_NAME)";
				VALIDATE_PRODUCT = YES;
				WRAPPER_EXTENSION = app;
			};
			name = Release;
		};
/* End XCBuildConfiguration section */

/* Begin XCConfigurationList section */
		A4D35469139FF16E00A3263E /* Build configuration list for PBXProject "p450launchIntoRotation" */ = {
			isa = XCConfigurationList;
			buildConfigurations = (
				A4D3548E139FF16E00A3263E /* Debug */,
				A4D3548F139FF16E00A3263E /* Release */,
			);
			defaultConfigurationIsVisible = 0;
			defaultConfigurationName = Release;
		};
		A4D35490139FF16E00A3263E /* Build configuration list for PBXNativeTarget "p450launchIntoRotation" */ = {
			isa = XCConfigurationList;
			buildConfigurations = (
				A4D35491139FF16E00A3263E /* Debug */,
				A4D35492139FF16E00A3263E /* Release */,
			);
			defaultConfigurationIsVisible = 0;
			defaultConfigurationName = Release;
		};
/* End XCConfigurationList section */
	};
	rootObject = A4D35466139FF16E00A3263E /* Project object */;
}
